{
  "version": 4,
  "terraform_version": "1.10.4",
  "serial": 68,
  "lineage": "166180e3-100f-2a90-28b2-c829dd609ee7",
  "outputs": {
    "databricks_workspace_id": {
      "value": 2497390458405991,
      "type": "number"
    },
    "databricks_workspace_url": {
      "value": "https://dbc-089abdef-633c.cloud.databricks.com",
      "type": "string"
    }
  },
  "resources": [
    {
      "mode": "data",
      "type": "aws_caller_identity",
      "name": "current",
      "provider": "provider[\"registry.terraform.io/hashicorp/aws\"]",
      "instances": [
        {
          "schema_version": 0,
          "attributes": {
            "account_id": "332745928618",
            "arn": "arn:aws:iam::332745928618:user/siddharth_demo",
            "id": "332745928618",
            "user_id": "AIDAU26JT56VE6XMPGHKA"
          },
          "sensitive_attributes": []
        }
      ]
    },
    {
      "mode": "data",
      "type": "databricks_node_type",
      "name": "smallest",
      "provider": "provider[\"registry.terraform.io/databricks/databricks\"].workspace",
      "instances": [
        {
          "schema_version": 0,
          "attributes": {
            "category": null,
            "fleet": null,
            "gb_per_core": null,
            "graviton": null,
            "id": "m5d.large",
            "is_io_cache_enabled": null,
            "local_disk": true,
            "local_disk_min_size": null,
            "min_cores": null,
            "min_gpus": null,
            "min_memory_gb": null,
            "photon_driver_capable": null,
            "photon_worker_capable": null,
            "support_port_forwarding": null
          },
          "sensitive_attributes": []
        }
      ]
    },
    {
      "mode": "data",
      "type": "databricks_service_principal",
      "name": "admin_service_principal",
      "provider": "provider[\"registry.terraform.io/databricks/databricks\"].mws",
      "instances": [
        {
          "schema_version": 0,
          "attributes": {
            "acl_principal_id": "servicePrincipals/44d20205-036a-4608-81c5-0f29c988e536",
            "active": true,
            "application_id": "44d20205-036a-4608-81c5-0f29c988e536",
            "display_name": "nahartf",
            "external_id": null,
            "home": "/Users/44d20205-036a-4608-81c5-0f29c988e536",
            "id": "2553576007327629",
            "repos": "/Repos/44d20205-036a-4608-81c5-0f29c988e536",
            "sp_id": "2553576007327629"
          },
          "sensitive_attributes": []
        }
      ]
    },
    {
      "mode": "data",
      "type": "databricks_spark_version",
      "name": "latest_version",
      "provider": "provider[\"registry.terraform.io/databricks/databricks\"].workspace",
      "instances": [
        {
          "schema_version": 0,
          "attributes": {
            "beta": false,
            "genomics": false,
            "gpu": false,
            "graviton": false,
            "id": "15.4.x-scala2.12",
            "latest": true,
            "long_term_support": true,
            "ml": false,
            "photon": false,
            "scala": "2.12",
            "spark_version": null
          },
          "sensitive_attributes": []
        }
      ]
    },
    {
      "mode": "managed",
      "type": "databricks_catalog",
      "name": "demo_catalog",
      "provider": "provider[\"registry.terraform.io/databricks/databricks\"].workspace",
      "instances": [
        {
          "schema_version": 0,
          "attributes": {
            "comment": "This catalog is managed by terraform",
            "connection_name": null,
            "enable_predictive_optimization": "INHERIT",
            "force_destroy": true,
            "id": "sandbox_demo_catalog",
            "isolation_mode": "OPEN",
            "metastore_id": "f1082e40-35fc-4ebd-9a3e-b621d6cb5896",
            "name": "sandbox_demo_catalog",
            "options": null,
            "owner": "44d20205-036a-4608-81c5-0f29c988e536",
            "properties": {
              "purpose": "Demoing catalog creation and management using Terraform"
            },
            "provider_name": null,
            "share_name": null,
            "storage_root": null
          },
          "sensitive_attributes": [],
          "private": "bnVsbA==",
          "dependencies": [
            "data.aws_caller_identity.current",
            "data.databricks_service_principal.admin_service_principal",
            "databricks_group.admin_group",
            "databricks_group.users",
            "databricks_group_member.my_service_principal",
            "databricks_mws_permission_assignment.add_admin_group",
            "module.aws_base.aws_iam_role.cross_account_role",
            "module.aws_base.aws_iam_role_policy.this",
            "module.aws_base.aws_s3_bucket.root_storage_bucket",
            "module.aws_base.aws_s3_bucket_policy.root_bucket_policy",
            "module.aws_base.aws_s3_bucket_public_access_block.root_storage_bucket",
            "module.aws_base.aws_s3_bucket_server_side_encryption_configuration.root_storage_bucket",
            "module.aws_base.aws_s3_bucket_versioning.versioning_example",
            "module.aws_base.data.aws_availability_zones.available",
            "module.aws_base.data.aws_iam_policy_document.this",
            "module.aws_base.data.databricks_aws_assume_role_policy.this",
            "module.aws_base.data.databricks_aws_bucket_policy.this",
            "module.aws_base.data.databricks_aws_crossaccount_policy.this",
            "module.aws_base.module.vpc.aws_cloudwatch_log_group.flow_log",
            "module.aws_base.module.vpc.aws_customer_gateway.this",
            "module.aws_base.module.vpc.aws_db_subnet_group.database",
            "module.aws_base.module.vpc.aws_default_network_acl.this",
            "module.aws_base.module.vpc.aws_default_route_table.default",
            "module.aws_base.module.vpc.aws_default_security_group.this",
            "module.aws_base.module.vpc.aws_default_vpc.this",
            "module.aws_base.module.vpc.aws_egress_only_internet_gateway.this",
            "module.aws_base.module.vpc.aws_eip.nat",
            "module.aws_base.module.vpc.aws_elasticache_subnet_group.elasticache",
            "module.aws_base.module.vpc.aws_flow_log.this",
            "module.aws_base.module.vpc.aws_iam_policy.vpc_flow_log_cloudwatch",
            "module.aws_base.module.vpc.aws_iam_role.vpc_flow_log_cloudwatch",
            "module.aws_base.module.vpc.aws_iam_role_policy_attachment.vpc_flow_log_cloudwatch",
            "module.aws_base.module.vpc.aws_internet_gateway.this",
            "module.aws_base.module.vpc.aws_nat_gateway.this",
            "module.aws_base.module.vpc.aws_network_acl.database",
            "module.aws_base.module.vpc.aws_network_acl.elasticache",
            "module.aws_base.module.vpc.aws_network_acl.intra",
            "module.aws_base.module.vpc.aws_network_acl.outpost",
            "module.aws_base.module.vpc.aws_network_acl.private",
            "module.aws_base.module.vpc.aws_network_acl.public",
            "module.aws_base.module.vpc.aws_network_acl.redshift",
            "module.aws_base.module.vpc.aws_network_acl_rule.database_inbound",
            "module.aws_base.module.vpc.aws_network_acl_rule.database_outbound",
            "module.aws_base.module.vpc.aws_network_acl_rule.elasticache_inbound",
            "module.aws_base.module.vpc.aws_network_acl_rule.elasticache_outbound",
            "module.aws_base.module.vpc.aws_network_acl_rule.intra_inbound",
            "module.aws_base.module.vpc.aws_network_acl_rule.intra_outbound",
            "module.aws_base.module.vpc.aws_network_acl_rule.outpost_inbound",
            "module.aws_base.module.vpc.aws_network_acl_rule.outpost_outbound",
            "module.aws_base.module.vpc.aws_network_acl_rule.private_inbound",
            "module.aws_base.module.vpc.aws_network_acl_rule.private_outbound",
            "module.aws_base.module.vpc.aws_network_acl_rule.public_inbound",
            "module.aws_base.module.vpc.aws_network_acl_rule.public_outbound",
            "module.aws_base.module.vpc.aws_network_acl_rule.redshift_inbound",
            "module.aws_base.module.vpc.aws_network_acl_rule.redshift_outbound",
            "module.aws_base.module.vpc.aws_redshift_subnet_group.redshift",
            "module.aws_base.module.vpc.aws_route.database_dns64_nat_gateway",
            "module.aws_base.module.vpc.aws_route.database_internet_gateway",
            "module.aws_base.module.vpc.aws_route.database_ipv6_egress",
            "module.aws_base.module.vpc.aws_route.database_nat_gateway",
            "module.aws_base.module.vpc.aws_route.private_dns64_nat_gateway",
            "module.aws_base.module.vpc.aws_route.private_ipv6_egress",
            "module.aws_base.module.vpc.aws_route.private_nat_gateway",
            "module.aws_base.module.vpc.aws_route.public_internet_gateway",
            "module.aws_base.module.vpc.aws_route.public_internet_gateway_ipv6",
            "module.aws_base.module.vpc.aws_route_table.database",
            "module.aws_base.module.vpc.aws_route_table.elasticache",
            "module.aws_base.module.vpc.aws_route_table.intra",
            "module.aws_base.module.vpc.aws_route_table.private",
            "module.aws_base.module.vpc.aws_route_table.public",
            "module.aws_base.module.vpc.aws_route_table.redshift",
            "module.aws_base.module.vpc.aws_route_table_association.database",
            "module.aws_base.module.vpc.aws_route_table_association.elasticache",
            "module.aws_base.module.vpc.aws_route_table_association.intra",
            "module.aws_base.module.vpc.aws_route_table_association.outpost",
            "module.aws_base.module.vpc.aws_route_table_association.private",
            "module.aws_base.module.vpc.aws_route_table_association.public",
            "module.aws_base.module.vpc.aws_route_table_association.redshift",
            "module.aws_base.module.vpc.aws_route_table_association.redshift_public",
            "module.aws_base.module.vpc.aws_subnet.database",
            "module.aws_base.module.vpc.aws_subnet.elasticache",
            "module.aws_base.module.vpc.aws_subnet.intra",
            "module.aws_base.module.vpc.aws_subnet.outpost",
            "module.aws_base.module.vpc.aws_subnet.private",
            "module.aws_base.module.vpc.aws_subnet.public",
            "module.aws_base.module.vpc.aws_subnet.redshift",
            "module.aws_base.module.vpc.aws_vpc.this",
            "module.aws_base.module.vpc.aws_vpc_dhcp_options.this",
            "module.aws_base.module.vpc.aws_vpc_dhcp_options_association.this",
            "module.aws_base.module.vpc.aws_vpc_ipv4_cidr_block_association.this",
            "module.aws_base.module.vpc.aws_vpn_gateway.this",
            "module.aws_base.module.vpc.aws_vpn_gateway_attachment.this",
            "module.aws_base.module.vpc.aws_vpn_gateway_route_propagation.intra",
            "module.aws_base.module.vpc.aws_vpn_gateway_route_propagation.private",
            "module.aws_base.module.vpc.aws_vpn_gateway_route_propagation.public",
            "module.aws_base.module.vpc.data.aws_iam_policy_document.flow_log_cloudwatch_assume_role",
            "module.aws_base.module.vpc.data.aws_iam_policy_document.vpc_flow_log_cloudwatch",
            "module.aws_base.module.vpc_endpoints.aws_security_group.this",
            "module.aws_base.module.vpc_endpoints.aws_security_group_rule.this",
            "module.aws_base.module.vpc_endpoints.aws_vpc_endpoint.this",
            "module.aws_base.module.vpc_endpoints.data.aws_vpc_endpoint_service.this",
            "module.databricks_workspace.databricks_mws_credentials.this",
            "module.databricks_workspace.databricks_mws_networks.this",
            "module.databricks_workspace.databricks_mws_storage_configurations.this",
            "module.databricks_workspace.databricks_mws_workspaces.this",
            "module.unity_catalog.aws_iam_policy.sample_data",
            "module.unity_catalog.aws_iam_policy.unity_metastore",
            "module.unity_catalog.aws_iam_role.metastore_data_access",
            "module.unity_catalog.aws_s3_bucket.metastore",
            "module.unity_catalog.aws_s3_bucket_public_access_block.metastore",
            "module.unity_catalog.aws_s3_bucket_server_side_encryption_configuration.root_storage_bucket",
            "module.unity_catalog.aws_s3_bucket_versioning.versioning_example",
            "module.unity_catalog.data.aws_iam_policy_document.passrole_for_uc",
            "module.unity_catalog.databricks_metastore.this",
            "module.unity_catalog.databricks_metastore_assignment.default_metastore",
            "module.unity_catalog.databricks_metastore_data_access.this",
            "module.unity_catalog.time_sleep.wait_role_creation",
            "random_string.naming",
            "time_sleep.wait_for_permission_apis"
          ]
        }
      ]
    },
    {
      "mode": "managed",
      "type": "databricks_cluster",
      "name": "unity_catalog_cluster",
      "provider": "provider[\"registry.terraform.io/databricks/databricks\"].workspace",
      "instances": [
        {
          "schema_version": 4,
          "attributes": {
            "apply_policy_default_values": true,
            "autoscale": [
              {
                "max_workers": 1,
                "min_workers": 1
              }
            ],
            "autotermination_minutes": 30,
            "aws_attributes": [
              {
                "availability": "SPOT_WITH_FALLBACK",
                "ebs_volume_count": 0,
                "ebs_volume_iops": 0,
                "ebs_volume_size": 0,
                "ebs_volume_throughput": 0,
                "ebs_volume_type": "",
                "first_on_demand": 0,
                "instance_profile_arn": "",
                "spot_bid_price_percent": 100,
                "zone_id": "ca-central-1b"
              }
            ],
            "azure_attributes": [],
            "cluster_id": "0412-175045-3kpvtb4r",
            "cluster_log_conf": [],
            "cluster_mount_info": [],
            "cluster_name": "Demo Cluster",
            "custom_tags": {
              "ClusterScope": "Initial Demo"
            },
            "data_security_mode": "USER_ISOLATION",
            "default_tags": {
              "ClusterId": "0412-175045-3kpvtb4r",
              "ClusterName": "Demo Cluster",
              "Creator": "44d20205-036a-4608-81c5-0f29c988e536",
              "Vendor": "Databricks"
            },
            "docker_image": [],
            "driver_instance_pool_id": null,
            "driver_node_type_id": "m5d.large",
            "enable_elastic_disk": false,
            "enable_local_disk_encryption": false,
            "gcp_attributes": [],
            "id": "0412-175045-3kpvtb4r",
            "idempotency_token": null,
            "init_scripts": [],
            "instance_pool_id": null,
            "is_pinned": false,
            "is_single_node": false,
            "kind": null,
            "library": [],
            "no_wait": null,
            "node_type_id": "m5d.large",
            "num_workers": 0,
            "policy_id": null,
            "runtime_engine": null,
            "single_user_name": null,
            "spark_conf": null,
            "spark_env_vars": null,
            "spark_version": "15.4.x-scala2.12",
            "ssh_public_keys": null,
            "state": "RUNNING",
            "timeouts": null,
            "url": "https://dbc-089abdef-633c.cloud.databricks.com/#setting/clusters/0412-175045-3kpvtb4r/configuration",
            "use_ml_runtime": false,
            "workload_type": []
          },
          "sensitive_attributes": [],
          "private": "eyJlMmJmYjczMC1lY2FhLTExZTYtOGY4OC0zNDM2M2JjN2M0YzAiOnsiY3JlYXRlIjoxODAwMDAwMDAwMDAwLCJkZWxldGUiOjE4MDAwMDAwMDAwMDAsInVwZGF0ZSI6MTgwMDAwMDAwMDAwMH0sInNjaGVtYV92ZXJzaW9uIjoiNCJ9",
          "dependencies": [
            "data.aws_caller_identity.current",
            "data.databricks_node_type.smallest",
            "data.databricks_spark_version.latest_version",
            "module.aws_base.aws_iam_role.cross_account_role",
            "module.aws_base.aws_iam_role_policy.this",
            "module.aws_base.aws_s3_bucket.root_storage_bucket",
            "module.aws_base.aws_s3_bucket_policy.root_bucket_policy",
            "module.aws_base.aws_s3_bucket_public_access_block.root_storage_bucket",
            "module.aws_base.aws_s3_bucket_server_side_encryption_configuration.root_storage_bucket",
            "module.aws_base.aws_s3_bucket_versioning.versioning_example",
            "module.aws_base.data.aws_availability_zones.available",
            "module.aws_base.data.aws_iam_policy_document.this",
            "module.aws_base.data.databricks_aws_assume_role_policy.this",
            "module.aws_base.data.databricks_aws_bucket_policy.this",
            "module.aws_base.data.databricks_aws_crossaccount_policy.this",
            "module.aws_base.module.vpc.aws_cloudwatch_log_group.flow_log",
            "module.aws_base.module.vpc.aws_customer_gateway.this",
            "module.aws_base.module.vpc.aws_db_subnet_group.database",
            "module.aws_base.module.vpc.aws_default_network_acl.this",
            "module.aws_base.module.vpc.aws_default_route_table.default",
            "module.aws_base.module.vpc.aws_default_security_group.this",
            "module.aws_base.module.vpc.aws_default_vpc.this",
            "module.aws_base.module.vpc.aws_egress_only_internet_gateway.this",
            "module.aws_base.module.vpc.aws_eip.nat",
            "module.aws_base.module.vpc.aws_elasticache_subnet_group.elasticache",
            "module.aws_base.module.vpc.aws_flow_log.this",
            "module.aws_base.module.vpc.aws_iam_policy.vpc_flow_log_cloudwatch",
            "module.aws_base.module.vpc.aws_iam_role.vpc_flow_log_cloudwatch",
            "module.aws_base.module.vpc.aws_iam_role_policy_attachment.vpc_flow_log_cloudwatch",
            "module.aws_base.module.vpc.aws_internet_gateway.this",
            "module.aws_base.module.vpc.aws_nat_gateway.this",
            "module.aws_base.module.vpc.aws_network_acl.database",
            "module.aws_base.module.vpc.aws_network_acl.elasticache",
            "module.aws_base.module.vpc.aws_network_acl.intra",
            "module.aws_base.module.vpc.aws_network_acl.outpost",
            "module.aws_base.module.vpc.aws_network_acl.private",
            "module.aws_base.module.vpc.aws_network_acl.public",
            "module.aws_base.module.vpc.aws_network_acl.redshift",
            "module.aws_base.module.vpc.aws_network_acl_rule.database_inbound",
            "module.aws_base.module.vpc.aws_network_acl_rule.database_outbound",
            "module.aws_base.module.vpc.aws_network_acl_rule.elasticache_inbound",
            "module.aws_base.module.vpc.aws_network_acl_rule.elasticache_outbound",
            "module.aws_base.module.vpc.aws_network_acl_rule.intra_inbound",
            "module.aws_base.module.vpc.aws_network_acl_rule.intra_outbound",
            "module.aws_base.module.vpc.aws_network_acl_rule.outpost_inbound",
            "module.aws_base.module.vpc.aws_network_acl_rule.outpost_outbound",
            "module.aws_base.module.vpc.aws_network_acl_rule.private_inbound",
            "module.aws_base.module.vpc.aws_network_acl_rule.private_outbound",
            "module.aws_base.module.vpc.aws_network_acl_rule.public_inbound",
            "module.aws_base.module.vpc.aws_network_acl_rule.public_outbound",
            "module.aws_base.module.vpc.aws_network_acl_rule.redshift_inbound",
            "module.aws_base.module.vpc.aws_network_acl_rule.redshift_outbound",
            "module.aws_base.module.vpc.aws_redshift_subnet_group.redshift",
            "module.aws_base.module.vpc.aws_route.database_dns64_nat_gateway",
            "module.aws_base.module.vpc.aws_route.database_internet_gateway",
            "module.aws_base.module.vpc.aws_route.database_ipv6_egress",
            "module.aws_base.module.vpc.aws_route.database_nat_gateway",
            "module.aws_base.module.vpc.aws_route.private_dns64_nat_gateway",
            "module.aws_base.module.vpc.aws_route.private_ipv6_egress",
            "module.aws_base.module.vpc.aws_route.private_nat_gateway",
            "module.aws_base.module.vpc.aws_route.public_internet_gateway",
            "module.aws_base.module.vpc.aws_route.public_internet_gateway_ipv6",
            "module.aws_base.module.vpc.aws_route_table.database",
            "module.aws_base.module.vpc.aws_route_table.elasticache",
            "module.aws_base.module.vpc.aws_route_table.intra",
            "module.aws_base.module.vpc.aws_route_table.private",
            "module.aws_base.module.vpc.aws_route_table.public",
            "module.aws_base.module.vpc.aws_route_table.redshift",
            "module.aws_base.module.vpc.aws_route_table_association.database",
            "module.aws_base.module.vpc.aws_route_table_association.elasticache",
            "module.aws_base.module.vpc.aws_route_table_association.intra",
            "module.aws_base.module.vpc.aws_route_table_association.outpost",
            "module.aws_base.module.vpc.aws_route_table_association.private",
            "module.aws_base.module.vpc.aws_route_table_association.public",
            "module.aws_base.module.vpc.aws_route_table_association.redshift",
            "module.aws_base.module.vpc.aws_route_table_association.redshift_public",
            "module.aws_base.module.vpc.aws_subnet.database",
            "module.aws_base.module.vpc.aws_subnet.elasticache",
            "module.aws_base.module.vpc.aws_subnet.intra",
            "module.aws_base.module.vpc.aws_subnet.outpost",
            "module.aws_base.module.vpc.aws_subnet.private",
            "module.aws_base.module.vpc.aws_subnet.public",
            "module.aws_base.module.vpc.aws_subnet.redshift",
            "module.aws_base.module.vpc.aws_vpc.this",
            "module.aws_base.module.vpc.aws_vpc_dhcp_options.this",
            "module.aws_base.module.vpc.aws_vpc_dhcp_options_association.this",
            "module.aws_base.module.vpc.aws_vpc_ipv4_cidr_block_association.this",
            "module.aws_base.module.vpc.aws_vpn_gateway.this",
            "module.aws_base.module.vpc.aws_vpn_gateway_attachment.this",
            "module.aws_base.module.vpc.aws_vpn_gateway_route_propagation.intra",
            "module.aws_base.module.vpc.aws_vpn_gateway_route_propagation.private",
            "module.aws_base.module.vpc.aws_vpn_gateway_route_propagation.public",
            "module.aws_base.module.vpc.data.aws_iam_policy_document.flow_log_cloudwatch_assume_role",
            "module.aws_base.module.vpc.data.aws_iam_policy_document.vpc_flow_log_cloudwatch",
            "module.aws_base.module.vpc_endpoints.aws_security_group.this",
            "module.aws_base.module.vpc_endpoints.aws_security_group_rule.this",
            "module.aws_base.module.vpc_endpoints.aws_vpc_endpoint.this",
            "module.aws_base.module.vpc_endpoints.data.aws_vpc_endpoint_service.this",
            "module.databricks_workspace.databricks_mws_credentials.this",
            "module.databricks_workspace.databricks_mws_networks.this",
            "module.databricks_workspace.databricks_mws_storage_configurations.this",
            "module.databricks_workspace.databricks_mws_workspaces.this",
            "random_string.naming"
          ]
        }
      ]
    },
    {
      "mode": "managed",
      "type": "databricks_grants",
      "name": "unity_catalog_grants",
      "provider": "provider[\"registry.terraform.io/databricks/databricks\"].workspace",
      "instances": [
        {
          "schema_version": 0,
          "attributes": {
            "catalog": "sandbox_demo_catalog",
            "credential": null,
            "external_location": null,
            "foreign_connection": null,
            "function": null,
            "grant": [
              {
                "principal": "demo-e7jks7-workspace-users",
                "privileges": [
                  "CREATE_SCHEMA",
                  "CREATE_TABLE",
                  "USE_CATALOG",
                  "USE_SCHEMA"
                ]
              }
            ],
            "id": "catalog/sandbox_demo_catalog",
            "metastore": null,
            "model": null,
            "pipeline": null,
            "recipient": null,
            "schema": null,
            "share": null,
            "storage_credential": null,
            "table": null,
            "volume": null
          },
          "sensitive_attributes": [],
          "private": "bnVsbA==",
          "dependencies": [
            "data.aws_caller_identity.current",
            "data.databricks_service_principal.admin_service_principal",
            "databricks_catalog.demo_catalog",
            "databricks_group.admin_group",
            "databricks_group.users",
            "databricks_group_member.my_service_principal",
            "databricks_mws_permission_assignment.add_admin_group",
            "module.aws_base.aws_iam_role.cross_account_role",
            "module.aws_base.aws_iam_role_policy.this",
            "module.aws_base.aws_s3_bucket.root_storage_bucket",
            "module.aws_base.aws_s3_bucket_policy.root_bucket_policy",
            "module.aws_base.aws_s3_bucket_public_access_block.root_storage_bucket",
            "module.aws_base.aws_s3_bucket_server_side_encryption_configuration.root_storage_bucket",
            "module.aws_base.aws_s3_bucket_versioning.versioning_example",
            "module.aws_base.data.aws_availability_zones.available",
            "module.aws_base.data.aws_iam_policy_document.this",
            "module.aws_base.data.databricks_aws_assume_role_policy.this",
            "module.aws_base.data.databricks_aws_bucket_policy.this",
            "module.aws_base.data.databricks_aws_crossaccount_policy.this",
            "module.aws_base.module.vpc.aws_cloudwatch_log_group.flow_log",
            "module.aws_base.module.vpc.aws_customer_gateway.this",
            "module.aws_base.module.vpc.aws_db_subnet_group.database",
            "module.aws_base.module.vpc.aws_default_network_acl.this",
            "module.aws_base.module.vpc.aws_default_route_table.default",
            "module.aws_base.module.vpc.aws_default_security_group.this",
            "module.aws_base.module.vpc.aws_default_vpc.this",
            "module.aws_base.module.vpc.aws_egress_only_internet_gateway.this",
            "module.aws_base.module.vpc.aws_eip.nat",
            "module.aws_base.module.vpc.aws_elasticache_subnet_group.elasticache",
            "module.aws_base.module.vpc.aws_flow_log.this",
            "module.aws_base.module.vpc.aws_iam_policy.vpc_flow_log_cloudwatch",
            "module.aws_base.module.vpc.aws_iam_role.vpc_flow_log_cloudwatch",
            "module.aws_base.module.vpc.aws_iam_role_policy_attachment.vpc_flow_log_cloudwatch",
            "module.aws_base.module.vpc.aws_internet_gateway.this",
            "module.aws_base.module.vpc.aws_nat_gateway.this",
            "module.aws_base.module.vpc.aws_network_acl.database",
            "module.aws_base.module.vpc.aws_network_acl.elasticache",
            "module.aws_base.module.vpc.aws_network_acl.intra",
            "module.aws_base.module.vpc.aws_network_acl.outpost",
            "module.aws_base.module.vpc.aws_network_acl.private",
            "module.aws_base.module.vpc.aws_network_acl.public",
            "module.aws_base.module.vpc.aws_network_acl.redshift",
            "module.aws_base.module.vpc.aws_network_acl_rule.database_inbound",
            "module.aws_base.module.vpc.aws_network_acl_rule.database_outbound",
            "module.aws_base.module.vpc.aws_network_acl_rule.elasticache_inbound",
            "module.aws_base.module.vpc.aws_network_acl_rule.elasticache_outbound",
            "module.aws_base.module.vpc.aws_network_acl_rule.intra_inbound",
            "module.aws_base.module.vpc.aws_network_acl_rule.intra_outbound",
            "module.aws_base.module.vpc.aws_network_acl_rule.outpost_inbound",
            "module.aws_base.module.vpc.aws_network_acl_rule.outpost_outbound",
            "module.aws_base.module.vpc.aws_network_acl_rule.private_inbound",
            "module.aws_base.module.vpc.aws_network_acl_rule.private_outbound",
            "module.aws_base.module.vpc.aws_network_acl_rule.public_inbound",
            "module.aws_base.module.vpc.aws_network_acl_rule.public_outbound",
            "module.aws_base.module.vpc.aws_network_acl_rule.redshift_inbound",
            "module.aws_base.module.vpc.aws_network_acl_rule.redshift_outbound",
            "module.aws_base.module.vpc.aws_redshift_subnet_group.redshift",
            "module.aws_base.module.vpc.aws_route.database_dns64_nat_gateway",
            "module.aws_base.module.vpc.aws_route.database_internet_gateway",
            "module.aws_base.module.vpc.aws_route.database_ipv6_egress",
            "module.aws_base.module.vpc.aws_route.database_nat_gateway",
            "module.aws_base.module.vpc.aws_route.private_dns64_nat_gateway",
            "module.aws_base.module.vpc.aws_route.private_ipv6_egress",
            "module.aws_base.module.vpc.aws_route.private_nat_gateway",
            "module.aws_base.module.vpc.aws_route.public_internet_gateway",
            "module.aws_base.module.vpc.aws_route.public_internet_gateway_ipv6",
            "module.aws_base.module.vpc.aws_route_table.database",
            "module.aws_base.module.vpc.aws_route_table.elasticache",
            "module.aws_base.module.vpc.aws_route_table.intra",
            "module.aws_base.module.vpc.aws_route_table.private",
            "module.aws_base.module.vpc.aws_route_table.public",
            "module.aws_base.module.vpc.aws_route_table.redshift",
            "module.aws_base.module.vpc.aws_route_table_association.database",
            "module.aws_base.module.vpc.aws_route_table_association.elasticache",
            "module.aws_base.module.vpc.aws_route_table_association.intra",
            "module.aws_base.module.vpc.aws_route_table_association.outpost",
            "module.aws_base.module.vpc.aws_route_table_association.private",
            "module.aws_base.module.vpc.aws_route_table_association.public",
            "module.aws_base.module.vpc.aws_route_table_association.redshift",
            "module.aws_base.module.vpc.aws_route_table_association.redshift_public",
            "module.aws_base.module.vpc.aws_subnet.database",
            "module.aws_base.module.vpc.aws_subnet.elasticache",
            "module.aws_base.module.vpc.aws_subnet.intra",
            "module.aws_base.module.vpc.aws_subnet.outpost",
            "module.aws_base.module.vpc.aws_subnet.private",
            "module.aws_base.module.vpc.aws_subnet.public",
            "module.aws_base.module.vpc.aws_subnet.redshift",
            "module.aws_base.module.vpc.aws_vpc.this",
            "module.aws_base.module.vpc.aws_vpc_dhcp_options.this",
            "module.aws_base.module.vpc.aws_vpc_dhcp_options_association.this",
            "module.aws_base.module.vpc.aws_vpc_ipv4_cidr_block_association.this",
            "module.aws_base.module.vpc.aws_vpn_gateway.this",
            "module.aws_base.module.vpc.aws_vpn_gateway_attachment.this",
            "module.aws_base.module.vpc.aws_vpn_gateway_route_propagation.intra",
            "module.aws_base.module.vpc.aws_vpn_gateway_route_propagation.private",
            "module.aws_base.module.vpc.aws_vpn_gateway_route_propagation.public",
            "module.aws_base.module.vpc.data.aws_iam_policy_document.flow_log_cloudwatch_assume_role",
            "module.aws_base.module.vpc.data.aws_iam_policy_document.vpc_flow_log_cloudwatch",
            "module.aws_base.module.vpc_endpoints.aws_security_group.this",
            "module.aws_base.module.vpc_endpoints.aws_security_group_rule.this",
            "module.aws_base.module.vpc_endpoints.aws_vpc_endpoint.this",
            "module.aws_base.module.vpc_endpoints.data.aws_vpc_endpoint_service.this",
            "module.databricks_workspace.databricks_mws_credentials.this",
            "module.databricks_workspace.databricks_mws_networks.this",
            "module.databricks_workspace.databricks_mws_storage_configurations.this",
            "module.databricks_workspace.databricks_mws_workspaces.this",
            "module.unity_catalog.aws_iam_policy.sample_data",
            "module.unity_catalog.aws_iam_policy.unity_metastore",
            "module.unity_catalog.aws_iam_role.metastore_data_access",
            "module.unity_catalog.aws_s3_bucket.metastore",
            "module.unity_catalog.aws_s3_bucket_public_access_block.metastore",
            "module.unity_catalog.aws_s3_bucket_server_side_encryption_configuration.root_storage_bucket",
            "module.unity_catalog.aws_s3_bucket_versioning.versioning_example",
            "module.unity_catalog.data.aws_iam_policy_document.passrole_for_uc",
            "module.unity_catalog.databricks_metastore.this",
            "module.unity_catalog.databricks_metastore_assignment.default_metastore",
            "module.unity_catalog.databricks_metastore_data_access.this",
            "module.unity_catalog.time_sleep.wait_role_creation",
            "random_string.naming",
            "time_sleep.wait_for_permission_apis"
          ]
        }
      ]
    },
    {
      "mode": "managed",
      "type": "databricks_group",
      "name": "admin_group",
      "provider": "provider[\"registry.terraform.io/databricks/databricks\"].mws",
      "instances": [
        {
          "schema_version": 0,
          "attributes": {
            "acl_principal_id": "groups/demo-e7jks7-unity-admin-group",
            "allow_cluster_create": false,
            "allow_instance_pool_create": false,
            "databricks_sql_access": false,
            "display_name": "demo-e7jks7-unity-admin-group",
            "external_id": "",
            "force": null,
            "id": "815499201969765",
            "url": "https://accounts.cloud.databricks.com/users/groups/815499201969765/information",
            "workspace_access": false
          },
          "sensitive_attributes": [],
          "private": "bnVsbA==",
          "dependencies": [
            "random_string.naming"
          ]
        }
      ]
    },
    {
      "mode": "managed",
      "type": "databricks_group",
      "name": "users",
      "provider": "provider[\"registry.terraform.io/databricks/databricks\"].mws",
      "instances": [
        {
          "schema_version": 0,
          "attributes": {
            "acl_principal_id": "groups/demo-e7jks7-workspace-users",
            "allow_cluster_create": false,
            "allow_instance_pool_create": false,
            "databricks_sql_access": false,
            "display_name": "demo-e7jks7-workspace-users",
            "external_id": "",
            "force": null,
            "id": "767074880533811",
            "url": "https://accounts.cloud.databricks.com/users/groups/767074880533811/information",
            "workspace_access": false
          },
          "sensitive_attributes": [],
          "private": "bnVsbA==",
          "dependencies": [
            "databricks_group.admin_group",
            "random_string.naming"
          ]
        }
      ]
    },
    {
      "mode": "managed",
      "type": "databricks_group_member",
      "name": "admin_group_member",
      "provider": "provider[\"registry.terraform.io/databricks/databricks\"].mws",
      "instances": [
        {
          "index_key": "siddharth.nahar@databricks.com",
          "schema_version": 0,
          "attributes": {
            "group_id": "815499201969765",
            "id": "815499201969765|2127230259492038",
            "member_id": "2127230259492038"
          },
          "sensitive_attributes": [],
          "private": "bnVsbA==",
          "dependencies": [
            "databricks_group.admin_group",
            "databricks_user.unity_users",
            "random_string.naming"
          ]
        }
      ]
    },
    {
      "mode": "managed",
      "type": "databricks_group_member",
      "name": "my_service_principal",
      "provider": "provider[\"registry.terraform.io/databricks/databricks\"].mws",
      "instances": [
        {
          "schema_version": 0,
          "attributes": {
            "group_id": "815499201969765",
            "id": "815499201969765|2553576007327629",
            "member_id": "2553576007327629"
          },
          "sensitive_attributes": [],
          "private": "bnVsbA==",
          "dependencies": [
            "data.databricks_service_principal.admin_service_principal",
            "databricks_group.admin_group",
            "random_string.naming"
          ]
        }
      ]
    },
    {
      "mode": "managed",
      "type": "databricks_group_member",
      "name": "users_group_members",
      "provider": "provider[\"registry.terraform.io/databricks/databricks\"].mws",
      "instances": [
        {
          "index_key": "siddharth.nahar@databricks.com",
          "schema_version": 0,
          "attributes": {
            "group_id": "767074880533811",
            "id": "767074880533811|2127230259492038",
            "member_id": "2127230259492038"
          },
          "sensitive_attributes": [],
          "private": "bnVsbA==",
          "dependencies": [
            "databricks_group.admin_group",
            "databricks_group.users",
            "databricks_user.unity_users",
            "random_string.naming"
          ]
        },
        {
          "index_key": "sonali.guleria@databricks.com",
          "schema_version": 0,
          "attributes": {
            "group_id": "767074880533811",
            "id": "767074880533811|6917990027672625",
            "member_id": "6917990027672625"
          },
          "sensitive_attributes": [],
          "private": "bnVsbA==",
          "dependencies": [
            "databricks_group.admin_group",
            "databricks_group.users",
            "databricks_user.unity_users",
            "random_string.naming"
          ]
        }
      ]
    },
    {
      "mode": "managed",
      "type": "databricks_mws_permission_assignment",
      "name": "add_admin_group",
      "provider": "provider[\"registry.terraform.io/databricks/databricks\"].mws",
      "instances": [
        {
          "schema_version": 0,
          "attributes": {
            "id": "2497390458405991|815499201969765",
            "permissions": [
              "ADMIN"
            ],
            "principal_id": 815499201969765,
            "workspace_id": 2497390458405991
          },
          "sensitive_attributes": [],
          "private": "bnVsbA==",
          "dependencies": [
            "data.aws_caller_identity.current",
            "databricks_group.admin_group",
            "module.aws_base.aws_iam_role.cross_account_role",
            "module.aws_base.aws_iam_role_policy.this",
            "module.aws_base.aws_s3_bucket.root_storage_bucket",
            "module.aws_base.aws_s3_bucket_policy.root_bucket_policy",
            "module.aws_base.aws_s3_bucket_public_access_block.root_storage_bucket",
            "module.aws_base.aws_s3_bucket_server_side_encryption_configuration.root_storage_bucket",
            "module.aws_base.aws_s3_bucket_versioning.versioning_example",
            "module.aws_base.data.aws_availability_zones.available",
            "module.aws_base.data.aws_iam_policy_document.this",
            "module.aws_base.data.databricks_aws_assume_role_policy.this",
            "module.aws_base.data.databricks_aws_bucket_policy.this",
            "module.aws_base.data.databricks_aws_crossaccount_policy.this",
            "module.aws_base.module.vpc.aws_cloudwatch_log_group.flow_log",
            "module.aws_base.module.vpc.aws_customer_gateway.this",
            "module.aws_base.module.vpc.aws_db_subnet_group.database",
            "module.aws_base.module.vpc.aws_default_network_acl.this",
            "module.aws_base.module.vpc.aws_default_route_table.default",
            "module.aws_base.module.vpc.aws_default_security_group.this",
            "module.aws_base.module.vpc.aws_default_vpc.this",
            "module.aws_base.module.vpc.aws_egress_only_internet_gateway.this",
            "module.aws_base.module.vpc.aws_eip.nat",
            "module.aws_base.module.vpc.aws_elasticache_subnet_group.elasticache",
            "module.aws_base.module.vpc.aws_flow_log.this",
            "module.aws_base.module.vpc.aws_iam_policy.vpc_flow_log_cloudwatch",
            "module.aws_base.module.vpc.aws_iam_role.vpc_flow_log_cloudwatch",
            "module.aws_base.module.vpc.aws_iam_role_policy_attachment.vpc_flow_log_cloudwatch",
            "module.aws_base.module.vpc.aws_internet_gateway.this",
            "module.aws_base.module.vpc.aws_nat_gateway.this",
            "module.aws_base.module.vpc.aws_network_acl.database",
            "module.aws_base.module.vpc.aws_network_acl.elasticache",
            "module.aws_base.module.vpc.aws_network_acl.intra",
            "module.aws_base.module.vpc.aws_network_acl.outpost",
            "module.aws_base.module.vpc.aws_network_acl.private",
            "module.aws_base.module.vpc.aws_network_acl.public",
            "module.aws_base.module.vpc.aws_network_acl.redshift",
            "module.aws_base.module.vpc.aws_network_acl_rule.database_inbound",
            "module.aws_base.module.vpc.aws_network_acl_rule.database_outbound",
            "module.aws_base.module.vpc.aws_network_acl_rule.elasticache_inbound",
            "module.aws_base.module.vpc.aws_network_acl_rule.elasticache_outbound",
            "module.aws_base.module.vpc.aws_network_acl_rule.intra_inbound",
            "module.aws_base.module.vpc.aws_network_acl_rule.intra_outbound",
            "module.aws_base.module.vpc.aws_network_acl_rule.outpost_inbound",
            "module.aws_base.module.vpc.aws_network_acl_rule.outpost_outbound",
            "module.aws_base.module.vpc.aws_network_acl_rule.private_inbound",
            "module.aws_base.module.vpc.aws_network_acl_rule.private_outbound",
            "module.aws_base.module.vpc.aws_network_acl_rule.public_inbound",
            "module.aws_base.module.vpc.aws_network_acl_rule.public_outbound",
            "module.aws_base.module.vpc.aws_network_acl_rule.redshift_inbound",
            "module.aws_base.module.vpc.aws_network_acl_rule.redshift_outbound",
            "module.aws_base.module.vpc.aws_redshift_subnet_group.redshift",
            "module.aws_base.module.vpc.aws_route.database_dns64_nat_gateway",
            "module.aws_base.module.vpc.aws_route.database_internet_gateway",
            "module.aws_base.module.vpc.aws_route.database_ipv6_egress",
            "module.aws_base.module.vpc.aws_route.database_nat_gateway",
            "module.aws_base.module.vpc.aws_route.private_dns64_nat_gateway",
            "module.aws_base.module.vpc.aws_route.private_ipv6_egress",
            "module.aws_base.module.vpc.aws_route.private_nat_gateway",
            "module.aws_base.module.vpc.aws_route.public_internet_gateway",
            "module.aws_base.module.vpc.aws_route.public_internet_gateway_ipv6",
            "module.aws_base.module.vpc.aws_route_table.database",
            "module.aws_base.module.vpc.aws_route_table.elasticache",
            "module.aws_base.module.vpc.aws_route_table.intra",
            "module.aws_base.module.vpc.aws_route_table.private",
            "module.aws_base.module.vpc.aws_route_table.public",
            "module.aws_base.module.vpc.aws_route_table.redshift",
            "module.aws_base.module.vpc.aws_route_table_association.database",
            "module.aws_base.module.vpc.aws_route_table_association.elasticache",
            "module.aws_base.module.vpc.aws_route_table_association.intra",
            "module.aws_base.module.vpc.aws_route_table_association.outpost",
            "module.aws_base.module.vpc.aws_route_table_association.private",
            "module.aws_base.module.vpc.aws_route_table_association.public",
            "module.aws_base.module.vpc.aws_route_table_association.redshift",
            "module.aws_base.module.vpc.aws_route_table_association.redshift_public",
            "module.aws_base.module.vpc.aws_subnet.database",
            "module.aws_base.module.vpc.aws_subnet.elasticache",
            "module.aws_base.module.vpc.aws_subnet.intra",
            "module.aws_base.module.vpc.aws_subnet.outpost",
            "module.aws_base.module.vpc.aws_subnet.private",
            "module.aws_base.module.vpc.aws_subnet.public",
            "module.aws_base.module.vpc.aws_subnet.redshift",
            "module.aws_base.module.vpc.aws_vpc.this",
            "module.aws_base.module.vpc.aws_vpc_dhcp_options.this",
            "module.aws_base.module.vpc.aws_vpc_dhcp_options_association.this",
            "module.aws_base.module.vpc.aws_vpc_ipv4_cidr_block_association.this",
            "module.aws_base.module.vpc.aws_vpn_gateway.this",
            "module.aws_base.module.vpc.aws_vpn_gateway_attachment.this",
            "module.aws_base.module.vpc.aws_vpn_gateway_route_propagation.intra",
            "module.aws_base.module.vpc.aws_vpn_gateway_route_propagation.private",
            "module.aws_base.module.vpc.aws_vpn_gateway_route_propagation.public",
            "module.aws_base.module.vpc.data.aws_iam_policy_document.flow_log_cloudwatch_assume_role",
            "module.aws_base.module.vpc.data.aws_iam_policy_document.vpc_flow_log_cloudwatch",
            "module.aws_base.module.vpc_endpoints.aws_security_group.this",
            "module.aws_base.module.vpc_endpoints.aws_security_group_rule.this",
            "module.aws_base.module.vpc_endpoints.aws_vpc_endpoint.this",
            "module.aws_base.module.vpc_endpoints.data.aws_vpc_endpoint_service.this",
            "module.databricks_workspace.databricks_mws_credentials.this",
            "module.databricks_workspace.databricks_mws_networks.this",
            "module.databricks_workspace.databricks_mws_storage_configurations.this",
            "module.databricks_workspace.databricks_mws_workspaces.this",
            "module.unity_catalog.aws_iam_policy.sample_data",
            "module.unity_catalog.aws_iam_policy.unity_metastore",
            "module.unity_catalog.aws_iam_role.metastore_data_access",
            "module.unity_catalog.aws_s3_bucket.metastore",
            "module.unity_catalog.aws_s3_bucket_public_access_block.metastore",
            "module.unity_catalog.aws_s3_bucket_server_side_encryption_configuration.root_storage_bucket",
            "module.unity_catalog.aws_s3_bucket_versioning.versioning_example",
            "module.unity_catalog.data.aws_iam_policy_document.passrole_for_uc",
            "module.unity_catalog.databricks_metastore.this",
            "module.unity_catalog.databricks_metastore_assignment.default_metastore",
            "module.unity_catalog.databricks_metastore_data_access.this",
            "module.unity_catalog.time_sleep.wait_role_creation",
            "random_string.naming",
            "time_sleep.wait_for_permission_apis"
          ]
        }
      ]
    },
    {
      "mode": "managed",
      "type": "databricks_mws_permission_assignment",
      "name": "add_user_group",
      "provider": "provider[\"registry.terraform.io/databricks/databricks\"].mws",
      "instances": [
        {
          "schema_version": 0,
          "attributes": {
            "id": "2497390458405991|767074880533811",
            "permissions": [
              "USER"
            ],
            "principal_id": 767074880533811,
            "workspace_id": 2497390458405991
          },
          "sensitive_attributes": [],
          "private": "bnVsbA==",
          "dependencies": [
            "data.aws_caller_identity.current",
            "databricks_group.admin_group",
            "databricks_group.users",
            "module.aws_base.aws_iam_role.cross_account_role",
            "module.aws_base.aws_iam_role_policy.this",
            "module.aws_base.aws_s3_bucket.root_storage_bucket",
            "module.aws_base.aws_s3_bucket_policy.root_bucket_policy",
            "module.aws_base.aws_s3_bucket_public_access_block.root_storage_bucket",
            "module.aws_base.aws_s3_bucket_server_side_encryption_configuration.root_storage_bucket",
            "module.aws_base.aws_s3_bucket_versioning.versioning_example",
            "module.aws_base.data.aws_availability_zones.available",
            "module.aws_base.data.aws_iam_policy_document.this",
            "module.aws_base.data.databricks_aws_assume_role_policy.this",
            "module.aws_base.data.databricks_aws_bucket_policy.this",
            "module.aws_base.data.databricks_aws_crossaccount_policy.this",
            "module.aws_base.module.vpc.aws_cloudwatch_log_group.flow_log",
            "module.aws_base.module.vpc.aws_customer_gateway.this",
            "module.aws_base.module.vpc.aws_db_subnet_group.database",
            "module.aws_base.module.vpc.aws_default_network_acl.this",
            "module.aws_base.module.vpc.aws_default_route_table.default",
            "module.aws_base.module.vpc.aws_default_security_group.this",
            "module.aws_base.module.vpc.aws_default_vpc.this",
            "module.aws_base.module.vpc.aws_egress_only_internet_gateway.this",
            "module.aws_base.module.vpc.aws_eip.nat",
            "module.aws_base.module.vpc.aws_elasticache_subnet_group.elasticache",
            "module.aws_base.module.vpc.aws_flow_log.this",
            "module.aws_base.module.vpc.aws_iam_policy.vpc_flow_log_cloudwatch",
            "module.aws_base.module.vpc.aws_iam_role.vpc_flow_log_cloudwatch",
            "module.aws_base.module.vpc.aws_iam_role_policy_attachment.vpc_flow_log_cloudwatch",
            "module.aws_base.module.vpc.aws_internet_gateway.this",
            "module.aws_base.module.vpc.aws_nat_gateway.this",
            "module.aws_base.module.vpc.aws_network_acl.database",
            "module.aws_base.module.vpc.aws_network_acl.elasticache",
            "module.aws_base.module.vpc.aws_network_acl.intra",
            "module.aws_base.module.vpc.aws_network_acl.outpost",
            "module.aws_base.module.vpc.aws_network_acl.private",
            "module.aws_base.module.vpc.aws_network_acl.public",
            "module.aws_base.module.vpc.aws_network_acl.redshift",
            "module.aws_base.module.vpc.aws_network_acl_rule.database_inbound",
            "module.aws_base.module.vpc.aws_network_acl_rule.database_outbound",
            "module.aws_base.module.vpc.aws_network_acl_rule.elasticache_inbound",
            "module.aws_base.module.vpc.aws_network_acl_rule.elasticache_outbound",
            "module.aws_base.module.vpc.aws_network_acl_rule.intra_inbound",
            "module.aws_base.module.vpc.aws_network_acl_rule.intra_outbound",
            "module.aws_base.module.vpc.aws_network_acl_rule.outpost_inbound",
            "module.aws_base.module.vpc.aws_network_acl_rule.outpost_outbound",
            "module.aws_base.module.vpc.aws_network_acl_rule.private_inbound",
            "module.aws_base.module.vpc.aws_network_acl_rule.private_outbound",
            "module.aws_base.module.vpc.aws_network_acl_rule.public_inbound",
            "module.aws_base.module.vpc.aws_network_acl_rule.public_outbound",
            "module.aws_base.module.vpc.aws_network_acl_rule.redshift_inbound",
            "module.aws_base.module.vpc.aws_network_acl_rule.redshift_outbound",
            "module.aws_base.module.vpc.aws_redshift_subnet_group.redshift",
            "module.aws_base.module.vpc.aws_route.database_dns64_nat_gateway",
            "module.aws_base.module.vpc.aws_route.database_internet_gateway",
            "module.aws_base.module.vpc.aws_route.database_ipv6_egress",
            "module.aws_base.module.vpc.aws_route.database_nat_gateway",
            "module.aws_base.module.vpc.aws_route.private_dns64_nat_gateway",
            "module.aws_base.module.vpc.aws_route.private_ipv6_egress",
            "module.aws_base.module.vpc.aws_route.private_nat_gateway",
            "module.aws_base.module.vpc.aws_route.public_internet_gateway",
            "module.aws_base.module.vpc.aws_route.public_internet_gateway_ipv6",
            "module.aws_base.module.vpc.aws_route_table.database",
            "module.aws_base.module.vpc.aws_route_table.elasticache",
            "module.aws_base.module.vpc.aws_route_table.intra",
            "module.aws_base.module.vpc.aws_route_table.private",
            "module.aws_base.module.vpc.aws_route_table.public",
            "module.aws_base.module.vpc.aws_route_table.redshift",
            "module.aws_base.module.vpc.aws_route_table_association.database",
            "module.aws_base.module.vpc.aws_route_table_association.elasticache",
            "module.aws_base.module.vpc.aws_route_table_association.intra",
            "module.aws_base.module.vpc.aws_route_table_association.outpost",
            "module.aws_base.module.vpc.aws_route_table_association.private",
            "module.aws_base.module.vpc.aws_route_table_association.public",
            "module.aws_base.module.vpc.aws_route_table_association.redshift",
            "module.aws_base.module.vpc.aws_route_table_association.redshift_public",
            "module.aws_base.module.vpc.aws_subnet.database",
            "module.aws_base.module.vpc.aws_subnet.elasticache",
            "module.aws_base.module.vpc.aws_subnet.intra",
            "module.aws_base.module.vpc.aws_subnet.outpost",
            "module.aws_base.module.vpc.aws_subnet.private",
            "module.aws_base.module.vpc.aws_subnet.public",
            "module.aws_base.module.vpc.aws_subnet.redshift",
            "module.aws_base.module.vpc.aws_vpc.this",
            "module.aws_base.module.vpc.aws_vpc_dhcp_options.this",
            "module.aws_base.module.vpc.aws_vpc_dhcp_options_association.this",
            "module.aws_base.module.vpc.aws_vpc_ipv4_cidr_block_association.this",
            "module.aws_base.module.vpc.aws_vpn_gateway.this",
            "module.aws_base.module.vpc.aws_vpn_gateway_attachment.this",
            "module.aws_base.module.vpc.aws_vpn_gateway_route_propagation.intra",
            "module.aws_base.module.vpc.aws_vpn_gateway_route_propagation.private",
            "module.aws_base.module.vpc.aws_vpn_gateway_route_propagation.public",
            "module.aws_base.module.vpc.data.aws_iam_policy_document.flow_log_cloudwatch_assume_role",
            "module.aws_base.module.vpc.data.aws_iam_policy_document.vpc_flow_log_cloudwatch",
            "module.aws_base.module.vpc_endpoints.aws_security_group.this",
            "module.aws_base.module.vpc_endpoints.aws_security_group_rule.this",
            "module.aws_base.module.vpc_endpoints.aws_vpc_endpoint.this",
            "module.aws_base.module.vpc_endpoints.data.aws_vpc_endpoint_service.this",
            "module.databricks_workspace.databricks_mws_credentials.this",
            "module.databricks_workspace.databricks_mws_networks.this",
            "module.databricks_workspace.databricks_mws_storage_configurations.this",
            "module.databricks_workspace.databricks_mws_workspaces.this",
            "module.unity_catalog.aws_iam_policy.sample_data",
            "module.unity_catalog.aws_iam_policy.unity_metastore",
            "module.unity_catalog.aws_iam_role.metastore_data_access",
            "module.unity_catalog.aws_s3_bucket.metastore",
            "module.unity_catalog.aws_s3_bucket_public_access_block.metastore",
            "module.unity_catalog.aws_s3_bucket_server_side_encryption_configuration.root_storage_bucket",
            "module.unity_catalog.aws_s3_bucket_versioning.versioning_example",
            "module.unity_catalog.data.aws_iam_policy_document.passrole_for_uc",
            "module.unity_catalog.databricks_metastore.this",
            "module.unity_catalog.databricks_metastore_assignment.default_metastore",
            "module.unity_catalog.databricks_metastore_data_access.this",
            "module.unity_catalog.time_sleep.wait_role_creation",
            "random_string.naming",
            "time_sleep.wait_for_permission_apis"
          ]
        }
      ]
    },
    {
      "mode": "managed",
      "type": "databricks_user",
      "name": "unity_users",
      "provider": "provider[\"registry.terraform.io/databricks/databricks\"].mws",
      "instances": [
        {
          "index_key": "siddharth.nahar@databricks.com",
          "schema_version": 0,
          "attributes": {
            "acl_principal_id": "users/siddharth.nahar@databricks.com",
            "active": true,
            "allow_cluster_create": false,
            "allow_instance_pool_create": false,
            "databricks_sql_access": false,
            "disable_as_user_deletion": null,
            "display_name": "",
            "external_id": "",
            "force": true,
            "force_delete_home_dir": null,
            "force_delete_repos": null,
            "home": "/Users/siddharth.nahar@databricks.com",
            "id": "2127230259492038",
            "repos": "/Repos/siddharth.nahar@databricks.com",
            "user_name": "siddharth.nahar@databricks.com",
            "workspace_access": false
          },
          "sensitive_attributes": [],
          "private": "bnVsbA=="
        },
        {
          "index_key": "sonali.guleria@databricks.com",
          "schema_version": 0,
          "attributes": {
            "acl_principal_id": "users/sonali.guleria@databricks.com",
            "active": true,
            "allow_cluster_create": false,
            "allow_instance_pool_create": false,
            "databricks_sql_access": false,
            "disable_as_user_deletion": null,
            "display_name": "",
            "external_id": "",
            "force": true,
            "force_delete_home_dir": null,
            "force_delete_repos": null,
            "home": "/Users/sonali.guleria@databricks.com",
            "id": "6917990027672625",
            "repos": "/Repos/sonali.guleria@databricks.com",
            "user_name": "sonali.guleria@databricks.com",
            "workspace_access": false
          },
          "sensitive_attributes": [],
          "private": "bnVsbA=="
        }
      ]
    },
    {
      "mode": "managed",
      "type": "random_string",
      "name": "naming",
      "provider": "provider[\"registry.terraform.io/hashicorp/random\"]",
      "instances": [
        {
          "schema_version": 2,
          "attributes": {
            "id": "e7jks7",
            "keepers": null,
            "length": 6,
            "lower": true,
            "min_lower": 0,
            "min_numeric": 0,
            "min_special": 0,
            "min_upper": 0,
            "number": true,
            "numeric": true,
            "override_special": "",
            "result": "e7jks7",
            "special": false,
            "upper": false
          },
          "sensitive_attributes": [],
          "create_before_destroy": true
        }
      ]
    },
    {
      "mode": "managed",
      "type": "time_sleep",
      "name": "wait_for_permission_apis",
      "provider": "provider[\"registry.terraform.io/hashicorp/time\"]",
      "instances": [
        {
          "schema_version": 0,
          "attributes": {
            "create_duration": "20s",
            "destroy_duration": null,
            "id": "2025-04-12T17:25:54Z",
            "triggers": null
          },
          "sensitive_attributes": [],
          "dependencies": [
            "data.aws_caller_identity.current",
            "databricks_group.admin_group",
            "module.aws_base.aws_iam_role.cross_account_role",
            "module.aws_base.aws_iam_role_policy.this",
            "module.aws_base.aws_s3_bucket.root_storage_bucket",
            "module.aws_base.aws_s3_bucket_policy.root_bucket_policy",
            "module.aws_base.aws_s3_bucket_public_access_block.root_storage_bucket",
            "module.aws_base.aws_s3_bucket_server_side_encryption_configuration.root_storage_bucket",
            "module.aws_base.aws_s3_bucket_versioning.versioning_example",
            "module.aws_base.data.aws_availability_zones.available",
            "module.aws_base.data.aws_iam_policy_document.this",
            "module.aws_base.data.databricks_aws_assume_role_policy.this",
            "module.aws_base.data.databricks_aws_bucket_policy.this",
            "module.aws_base.data.databricks_aws_crossaccount_policy.this",
            "module.aws_base.module.vpc.aws_cloudwatch_log_group.flow_log",
            "module.aws_base.module.vpc.aws_customer_gateway.this",
            "module.aws_base.module.vpc.aws_db_subnet_group.database",
            "module.aws_base.module.vpc.aws_default_network_acl.this",
            "module.aws_base.module.vpc.aws_default_route_table.default",
            "module.aws_base.module.vpc.aws_default_security_group.this",
            "module.aws_base.module.vpc.aws_default_vpc.this",
            "module.aws_base.module.vpc.aws_egress_only_internet_gateway.this",
            "module.aws_base.module.vpc.aws_eip.nat",
            "module.aws_base.module.vpc.aws_elasticache_subnet_group.elasticache",
            "module.aws_base.module.vpc.aws_flow_log.this",
            "module.aws_base.module.vpc.aws_iam_policy.vpc_flow_log_cloudwatch",
            "module.aws_base.module.vpc.aws_iam_role.vpc_flow_log_cloudwatch",
            "module.aws_base.module.vpc.aws_iam_role_policy_attachment.vpc_flow_log_cloudwatch",
            "module.aws_base.module.vpc.aws_internet_gateway.this",
            "module.aws_base.module.vpc.aws_nat_gateway.this",
            "module.aws_base.module.vpc.aws_network_acl.database",
            "module.aws_base.module.vpc.aws_network_acl.elasticache",
            "module.aws_base.module.vpc.aws_network_acl.intra",
            "module.aws_base.module.vpc.aws_network_acl.outpost",
            "module.aws_base.module.vpc.aws_network_acl.private",
            "module.aws_base.module.vpc.aws_network_acl.public",
            "module.aws_base.module.vpc.aws_network_acl.redshift",
            "module.aws_base.module.vpc.aws_network_acl_rule.database_inbound",
            "module.aws_base.module.vpc.aws_network_acl_rule.database_outbound",
            "module.aws_base.module.vpc.aws_network_acl_rule.elasticache_inbound",
            "module.aws_base.module.vpc.aws_network_acl_rule.elasticache_outbound",
            "module.aws_base.module.vpc.aws_network_acl_rule.intra_inbound",
            "module.aws_base.module.vpc.aws_network_acl_rule.intra_outbound",
            "module.aws_base.module.vpc.aws_network_acl_rule.outpost_inbound",
            "module.aws_base.module.vpc.aws_network_acl_rule.outpost_outbound",
            "module.aws_base.module.vpc.aws_network_acl_rule.private_inbound",
            "module.aws_base.module.vpc.aws_network_acl_rule.private_outbound",
            "module.aws_base.module.vpc.aws_network_acl_rule.public_inbound",
            "module.aws_base.module.vpc.aws_network_acl_rule.public_outbound",
            "module.aws_base.module.vpc.aws_network_acl_rule.redshift_inbound",
            "module.aws_base.module.vpc.aws_network_acl_rule.redshift_outbound",
            "module.aws_base.module.vpc.aws_redshift_subnet_group.redshift",
            "module.aws_base.module.vpc.aws_route.database_dns64_nat_gateway",
            "module.aws_base.module.vpc.aws_route.database_internet_gateway",
            "module.aws_base.module.vpc.aws_route.database_ipv6_egress",
            "module.aws_base.module.vpc.aws_route.database_nat_gateway",
            "module.aws_base.module.vpc.aws_route.private_dns64_nat_gateway",
            "module.aws_base.module.vpc.aws_route.private_ipv6_egress",
            "module.aws_base.module.vpc.aws_route.private_nat_gateway",
            "module.aws_base.module.vpc.aws_route.public_internet_gateway",
            "module.aws_base.module.vpc.aws_route.public_internet_gateway_ipv6",
            "module.aws_base.module.vpc.aws_route_table.database",
            "module.aws_base.module.vpc.aws_route_table.elasticache",
            "module.aws_base.module.vpc.aws_route_table.intra",
            "module.aws_base.module.vpc.aws_route_table.private",
            "module.aws_base.module.vpc.aws_route_table.public",
            "module.aws_base.module.vpc.aws_route_table.redshift",
            "module.aws_base.module.vpc.aws_route_table_association.database",
            "module.aws_base.module.vpc.aws_route_table_association.elasticache",
            "module.aws_base.module.vpc.aws_route_table_association.intra",
            "module.aws_base.module.vpc.aws_route_table_association.outpost",
            "module.aws_base.module.vpc.aws_route_table_association.private",
            "module.aws_base.module.vpc.aws_route_table_association.public",
            "module.aws_base.module.vpc.aws_route_table_association.redshift",
            "module.aws_base.module.vpc.aws_route_table_association.redshift_public",
            "module.aws_base.module.vpc.aws_subnet.database",
            "module.aws_base.module.vpc.aws_subnet.elasticache",
            "module.aws_base.module.vpc.aws_subnet.intra",
            "module.aws_base.module.vpc.aws_subnet.outpost",
            "module.aws_base.module.vpc.aws_subnet.private",
            "module.aws_base.module.vpc.aws_subnet.public",
            "module.aws_base.module.vpc.aws_subnet.redshift",
            "module.aws_base.module.vpc.aws_vpc.this",
            "module.aws_base.module.vpc.aws_vpc_dhcp_options.this",
            "module.aws_base.module.vpc.aws_vpc_dhcp_options_association.this",
            "module.aws_base.module.vpc.aws_vpc_ipv4_cidr_block_association.this",
            "module.aws_base.module.vpc.aws_vpn_gateway.this",
            "module.aws_base.module.vpc.aws_vpn_gateway_attachment.this",
            "module.aws_base.module.vpc.aws_vpn_gateway_route_propagation.intra",
            "module.aws_base.module.vpc.aws_vpn_gateway_route_propagation.private",
            "module.aws_base.module.vpc.aws_vpn_gateway_route_propagation.public",
            "module.aws_base.module.vpc.data.aws_iam_policy_document.flow_log_cloudwatch_assume_role",
            "module.aws_base.module.vpc.data.aws_iam_policy_document.vpc_flow_log_cloudwatch",
            "module.aws_base.module.vpc_endpoints.aws_security_group.this",
            "module.aws_base.module.vpc_endpoints.aws_security_group_rule.this",
            "module.aws_base.module.vpc_endpoints.aws_vpc_endpoint.this",
            "module.aws_base.module.vpc_endpoints.data.aws_vpc_endpoint_service.this",
            "module.databricks_workspace.databricks_mws_credentials.this",
            "module.databricks_workspace.databricks_mws_networks.this",
            "module.databricks_workspace.databricks_mws_storage_configurations.this",
            "module.databricks_workspace.databricks_mws_workspaces.this",
            "module.unity_catalog.aws_iam_policy.sample_data",
            "module.unity_catalog.aws_iam_policy.unity_metastore",
            "module.unity_catalog.aws_iam_role.metastore_data_access",
            "module.unity_catalog.aws_s3_bucket.metastore",
            "module.unity_catalog.aws_s3_bucket_public_access_block.metastore",
            "module.unity_catalog.aws_s3_bucket_server_side_encryption_configuration.root_storage_bucket",
            "module.unity_catalog.aws_s3_bucket_versioning.versioning_example",
            "module.unity_catalog.data.aws_iam_policy_document.passrole_for_uc",
            "module.unity_catalog.databricks_metastore.this",
            "module.unity_catalog.databricks_metastore_assignment.default_metastore",
            "module.unity_catalog.databricks_metastore_data_access.this",
            "module.unity_catalog.time_sleep.wait_role_creation",
            "random_string.naming"
          ]
        }
      ]
    },
    {
      "module": "module.aws_base",
      "mode": "data",
      "type": "aws_availability_zones",
      "name": "available",
      "provider": "provider[\"registry.terraform.io/hashicorp/aws\"]",
      "instances": [
        {
          "schema_version": 0,
          "attributes": {
            "all_availability_zones": null,
            "exclude_names": null,
            "exclude_zone_ids": null,
            "filter": null,
            "group_names": [
              "ca-central-1-zg-1"
            ],
            "id": "ca-central-1",
            "names": [
              "ca-central-1a",
              "ca-central-1b",
              "ca-central-1d"
            ],
            "state": null,
            "timeouts": null,
            "zone_ids": [
              "cac1-az1",
              "cac1-az2",
              "cac1-az4"
            ]
          },
          "sensitive_attributes": []
        }
      ]
    },
    {
      "module": "module.aws_base",
      "mode": "data",
      "type": "aws_iam_policy_document",
      "name": "this",
      "provider": "provider[\"registry.terraform.io/hashicorp/aws\"]",
      "instances": [
        {
          "schema_version": 0,
          "attributes": {
            "id": "688894938",
            "json": "{\n  \"Version\": \"2012-10-17\",\n  \"Statement\": [\n    {\n      \"Effect\": \"Allow\",\n      \"Action\": [\n        \"ec2:AssignPrivateIpAddresses\",\n        \"ec2:CancelSpotInstanceRequests\",\n        \"ec2:DescribeAvailabilityZones\",\n        \"ec2:DescribeIamInstanceProfileAssociations\",\n        \"ec2:DescribeInstanceStatus\",\n        \"ec2:DescribeInstances\",\n        \"ec2:DescribeInternetGateways\",\n        \"ec2:DescribeNatGateways\",\n        \"ec2:DescribeNetworkAcls\",\n        \"ec2:DescribePrefixLists\",\n        \"ec2:DescribeReservedInstancesOfferings\",\n        \"ec2:DescribeRouteTables\",\n        \"ec2:DescribeSecurityGroups\",\n        \"ec2:DescribeSpotInstanceRequests\",\n        \"ec2:DescribeSpotPriceHistory\",\n        \"ec2:DescribeSubnets\",\n        \"ec2:DescribeVolumes\",\n        \"ec2:DescribeVpcAttribute\",\n        \"ec2:DescribeVpcs\",\n        \"ec2:CreateTags\",\n        \"ec2:DeleteTags\",\n        \"ec2:GetSpotPlacementScores\",\n        \"ec2:RequestSpotInstances\",\n        \"ec2:DescribeFleetHistory\",\n        \"ec2:ModifyFleet\",\n        \"ec2:DeleteFleets\",\n        \"ec2:DescribeFleetInstances\",\n        \"ec2:DescribeFleets\",\n        \"ec2:CreateFleet\",\n        \"ec2:DeleteLaunchTemplate\",\n        \"ec2:GetLaunchTemplateData\",\n        \"ec2:CreateLaunchTemplate\",\n        \"ec2:DescribeLaunchTemplates\",\n        \"ec2:DescribeLaunchTemplateVersions\",\n        \"ec2:ModifyLaunchTemplate\",\n        \"ec2:DeleteLaunchTemplateVersions\",\n        \"ec2:CreateLaunchTemplateVersion\",\n        \"ec2:AssociateIamInstanceProfile\",\n        \"ec2:AttachVolume\",\n        \"ec2:AuthorizeSecurityGroupEgress\",\n        \"ec2:AuthorizeSecurityGroupIngress\",\n        \"ec2:CreateVolume\",\n        \"ec2:DeleteVolume\",\n        \"ec2:DetachVolume\",\n        \"ec2:DisassociateIamInstanceProfile\",\n        \"ec2:ReplaceIamInstanceProfileAssociation\",\n        \"ec2:RevokeSecurityGroupEgress\",\n        \"ec2:RevokeSecurityGroupIngress\",\n        \"ec2:RunInstances\",\n        \"ec2:TerminateInstances\",\n        \"ec2:AttachInternetGateway\",\n        \"ec2:AllocateAddress\",\n        \"ec2:AssociateDhcpOptions\",\n        \"ec2:AssociateRouteTable\",\n        \"ec2:CreateDhcpOptions\",\n        \"ec2:CreateInternetGateway\",\n        \"ec2:CreateNatGateway\",\n        \"ec2:CreateRoute\",\n        \"ec2:CreateRouteTable\",\n        \"ec2:CreateSecurityGroup\",\n        \"ec2:CreateSubnet\",\n        \"ec2:CreateVpc\",\n        \"ec2:CreateVpcEndpoint\",\n        \"ec2:DeleteDhcpOptions\",\n        \"ec2:DeleteInternetGateway\",\n        \"ec2:DeleteNatGateway\",\n        \"ec2:DeleteRoute\",\n        \"ec2:DeleteRouteTable\",\n        \"ec2:DeleteSecurityGroup\",\n        \"ec2:DeleteSubnet\",\n        \"ec2:DeleteVpc\",\n        \"ec2:DeleteVpcEndpoints\",\n        \"ec2:DetachInternetGateway\",\n        \"ec2:DisassociateRouteTable\",\n        \"ec2:ModifyVpcAttribute\",\n        \"ec2:ReleaseAddress\"\n      ],\n      \"Resource\": \"*\"\n    },\n    {\n      \"Effect\": \"Allow\",\n      \"Action\": [\n        \"iam:CreateServiceLinkedRole\",\n        \"iam:PutRolePolicy\"\n      ],\n      \"Resource\": \"arn:aws:iam::*:role/aws-service-role/spot.amazonaws.com/AWSServiceRoleForEC2Spot\",\n      \"Condition\": {\n        \"StringLike\": {\n          \"iam:AWSServiceName\": \"spot.amazonaws.com\"\n        }\n      }\n    },\n    {\n      \"Sid\": \"allowPassCrossServiceRole\",\n      \"Effect\": \"Allow\",\n      \"Action\": \"iam:PassRole\",\n      \"Resource\": \"arn:aws:iam::332745928618:role/demo-e7jks7-aws-services-role\"\n    }\n  ]\n}",
            "minified_json": "{\"Version\":\"2012-10-17\",\"Statement\":[{\"Effect\":\"Allow\",\"Action\":[\"ec2:AssignPrivateIpAddresses\",\"ec2:CancelSpotInstanceRequests\",\"ec2:DescribeAvailabilityZones\",\"ec2:DescribeIamInstanceProfileAssociations\",\"ec2:DescribeInstanceStatus\",\"ec2:DescribeInstances\",\"ec2:DescribeInternetGateways\",\"ec2:DescribeNatGateways\",\"ec2:DescribeNetworkAcls\",\"ec2:DescribePrefixLists\",\"ec2:DescribeReservedInstancesOfferings\",\"ec2:DescribeRouteTables\",\"ec2:DescribeSecurityGroups\",\"ec2:DescribeSpotInstanceRequests\",\"ec2:DescribeSpotPriceHistory\",\"ec2:DescribeSubnets\",\"ec2:DescribeVolumes\",\"ec2:DescribeVpcAttribute\",\"ec2:DescribeVpcs\",\"ec2:CreateTags\",\"ec2:DeleteTags\",\"ec2:GetSpotPlacementScores\",\"ec2:RequestSpotInstances\",\"ec2:DescribeFleetHistory\",\"ec2:ModifyFleet\",\"ec2:DeleteFleets\",\"ec2:DescribeFleetInstances\",\"ec2:DescribeFleets\",\"ec2:CreateFleet\",\"ec2:DeleteLaunchTemplate\",\"ec2:GetLaunchTemplateData\",\"ec2:CreateLaunchTemplate\",\"ec2:DescribeLaunchTemplates\",\"ec2:DescribeLaunchTemplateVersions\",\"ec2:ModifyLaunchTemplate\",\"ec2:DeleteLaunchTemplateVersions\",\"ec2:CreateLaunchTemplateVersion\",\"ec2:AssociateIamInstanceProfile\",\"ec2:AttachVolume\",\"ec2:AuthorizeSecurityGroupEgress\",\"ec2:AuthorizeSecurityGroupIngress\",\"ec2:CreateVolume\",\"ec2:DeleteVolume\",\"ec2:DetachVolume\",\"ec2:DisassociateIamInstanceProfile\",\"ec2:ReplaceIamInstanceProfileAssociation\",\"ec2:RevokeSecurityGroupEgress\",\"ec2:RevokeSecurityGroupIngress\",\"ec2:RunInstances\",\"ec2:TerminateInstances\",\"ec2:AttachInternetGateway\",\"ec2:AllocateAddress\",\"ec2:AssociateDhcpOptions\",\"ec2:AssociateRouteTable\",\"ec2:CreateDhcpOptions\",\"ec2:CreateInternetGateway\",\"ec2:CreateNatGateway\",\"ec2:CreateRoute\",\"ec2:CreateRouteTable\",\"ec2:CreateSecurityGroup\",\"ec2:CreateSubnet\",\"ec2:CreateVpc\",\"ec2:CreateVpcEndpoint\",\"ec2:DeleteDhcpOptions\",\"ec2:DeleteInternetGateway\",\"ec2:DeleteNatGateway\",\"ec2:DeleteRoute\",\"ec2:DeleteRouteTable\",\"ec2:DeleteSecurityGroup\",\"ec2:DeleteSubnet\",\"ec2:DeleteVpc\",\"ec2:DeleteVpcEndpoints\",\"ec2:DetachInternetGateway\",\"ec2:DisassociateRouteTable\",\"ec2:ModifyVpcAttribute\",\"ec2:ReleaseAddress\"],\"Resource\":\"*\"},{\"Effect\":\"Allow\",\"Action\":[\"iam:CreateServiceLinkedRole\",\"iam:PutRolePolicy\"],\"Resource\":\"arn:aws:iam::*:role/aws-service-role/spot.amazonaws.com/AWSServiceRoleForEC2Spot\",\"Condition\":{\"StringLike\":{\"iam:AWSServiceName\":\"spot.amazonaws.com\"}}},{\"Sid\":\"allowPassCrossServiceRole\",\"Effect\":\"Allow\",\"Action\":\"iam:PassRole\",\"Resource\":\"arn:aws:iam::332745928618:role/demo-e7jks7-aws-services-role\"}]}",
            "override_json": null,
            "override_policy_documents": null,
            "policy_id": null,
            "source_json": null,
            "source_policy_documents": [
              "{\n  \"Version\": \"2012-10-17\",\n  \"Statement\": [\n    {\n      \"Effect\": \"Allow\",\n      \"Action\": [\n        \"ec2:AssignPrivateIpAddresses\",\n        \"ec2:CancelSpotInstanceRequests\",\n        \"ec2:DescribeAvailabilityZones\",\n        \"ec2:DescribeIamInstanceProfileAssociations\",\n        \"ec2:DescribeInstanceStatus\",\n        \"ec2:DescribeInstances\",\n        \"ec2:DescribeInternetGateways\",\n        \"ec2:DescribeNatGateways\",\n        \"ec2:DescribeNetworkAcls\",\n        \"ec2:DescribePrefixLists\",\n        \"ec2:DescribeReservedInstancesOfferings\",\n        \"ec2:DescribeRouteTables\",\n        \"ec2:DescribeSecurityGroups\",\n        \"ec2:DescribeSpotInstanceRequests\",\n        \"ec2:DescribeSpotPriceHistory\",\n        \"ec2:DescribeSubnets\",\n        \"ec2:DescribeVolumes\",\n        \"ec2:DescribeVpcAttribute\",\n        \"ec2:DescribeVpcs\",\n        \"ec2:CreateTags\",\n        \"ec2:DeleteTags\",\n        \"ec2:GetSpotPlacementScores\",\n        \"ec2:RequestSpotInstances\",\n        \"ec2:DescribeFleetHistory\",\n        \"ec2:ModifyFleet\",\n        \"ec2:DeleteFleets\",\n        \"ec2:DescribeFleetInstances\",\n        \"ec2:DescribeFleets\",\n        \"ec2:CreateFleet\",\n        \"ec2:DeleteLaunchTemplate\",\n        \"ec2:GetLaunchTemplateData\",\n        \"ec2:CreateLaunchTemplate\",\n        \"ec2:DescribeLaunchTemplates\",\n        \"ec2:DescribeLaunchTemplateVersions\",\n        \"ec2:ModifyLaunchTemplate\",\n        \"ec2:DeleteLaunchTemplateVersions\",\n        \"ec2:CreateLaunchTemplateVersion\",\n        \"ec2:AssociateIamInstanceProfile\",\n        \"ec2:AttachVolume\",\n        \"ec2:AuthorizeSecurityGroupEgress\",\n        \"ec2:AuthorizeSecurityGroupIngress\",\n        \"ec2:CreateVolume\",\n        \"ec2:DeleteVolume\",\n        \"ec2:DetachVolume\",\n        \"ec2:DisassociateIamInstanceProfile\",\n        \"ec2:ReplaceIamInstanceProfileAssociation\",\n        \"ec2:RevokeSecurityGroupEgress\",\n        \"ec2:RevokeSecurityGroupIngress\",\n        \"ec2:RunInstances\",\n        \"ec2:TerminateInstances\",\n        \"ec2:AttachInternetGateway\",\n        \"ec2:AllocateAddress\",\n        \"ec2:AssociateDhcpOptions\",\n        \"ec2:AssociateRouteTable\",\n        \"ec2:CreateDhcpOptions\",\n        \"ec2:CreateInternetGateway\",\n        \"ec2:CreateNatGateway\",\n        \"ec2:CreateRoute\",\n        \"ec2:CreateRouteTable\",\n        \"ec2:CreateSecurityGroup\",\n        \"ec2:CreateSubnet\",\n        \"ec2:CreateVpc\",\n        \"ec2:CreateVpcEndpoint\",\n        \"ec2:DeleteDhcpOptions\",\n        \"ec2:DeleteInternetGateway\",\n        \"ec2:DeleteNatGateway\",\n        \"ec2:DeleteRoute\",\n        \"ec2:DeleteRouteTable\",\n        \"ec2:DeleteSecurityGroup\",\n        \"ec2:DeleteSubnet\",\n        \"ec2:DeleteVpc\",\n        \"ec2:DeleteVpcEndpoints\",\n        \"ec2:DetachInternetGateway\",\n        \"ec2:DisassociateRouteTable\",\n        \"ec2:ModifyVpcAttribute\",\n        \"ec2:ReleaseAddress\"\n      ],\n      \"Resource\": \"*\"\n    },\n    {\n      \"Effect\": \"Allow\",\n      \"Action\": [\n        \"iam:CreateServiceLinkedRole\",\n        \"iam:PutRolePolicy\"\n      ],\n      \"Resource\": \"arn:aws:iam::*:role/aws-service-role/spot.amazonaws.com/AWSServiceRoleForEC2Spot\",\n      \"Condition\": {\n        \"StringLike\": {\n          \"iam:AWSServiceName\": \"spot.amazonaws.com\"\n        }\n      }\n    }\n  ]\n}"
            ],
            "statement": [
              {
                "actions": [
                  "iam:PassRole"
                ],
                "condition": [],
                "effect": "Allow",
                "not_actions": [],
                "not_principals": [],
                "not_resources": [],
                "principals": [],
                "resources": [
                  "arn:aws:iam::332745928618:role/demo-e7jks7-aws-services-role"
                ],
                "sid": "allowPassCrossServiceRole"
              }
            ],
            "version": "2012-10-17"
          },
          "sensitive_attributes": []
        }
      ]
    },
    {
      "module": "module.aws_base",
      "mode": "data",
      "type": "databricks_aws_assume_role_policy",
      "name": "this",
      "provider": "provider[\"registry.terraform.io/databricks/databricks\"].mws",
      "instances": [
        {
          "schema_version": 0,
          "attributes": {
            "aws_partition": "aws",
            "databricks_account_id": null,
            "external_id": "0d26daa6-5e44-4c97-a497-ef015f91254a",
            "for_log_delivery": false,
            "id": "0d26daa6-5e44-4c97-a497-ef015f91254a",
            "json": "{\n  \"Version\": \"2012-10-17\",\n  \"Statement\": [\n    {\n      \"Effect\": \"Allow\",\n      \"Action\": \"sts:AssumeRole\",\n      \"Principal\": {\n        \"AWS\": \"arn:aws:iam::414351767826:root\"\n      },\n      \"Condition\": {\n        \"StringEquals\": {\n          \"sts:ExternalId\": \"0d26daa6-5e44-4c97-a497-ef015f91254a\"\n        }\n      }\n    }\n  ]\n}"
          },
          "sensitive_attributes": []
        }
      ]
    },
    {
      "module": "module.aws_base",
      "mode": "data",
      "type": "databricks_aws_bucket_policy",
      "name": "this",
      "provider": "provider[\"registry.terraform.io/databricks/databricks\"]",
      "instances": [
        {
          "schema_version": 0,
          "attributes": {
            "aws_partition": "aws",
            "bucket": "demo-e7jks7-rootbucket",
            "databricks_account_id": null,
            "databricks_e2_account_id": null,
            "full_access_role": null,
            "id": "demo-e7jks7-rootbucket",
            "json": "{\n  \"Version\": \"2012-10-17\",\n  \"Statement\": [\n    {\n      \"Effect\": \"Allow\",\n      \"Action\": [\n        \"s3:GetObject\",\n        \"s3:GetObjectVersion\",\n        \"s3:PutObject\",\n        \"s3:DeleteObject\",\n        \"s3:ListBucket\",\n        \"s3:GetBucketLocation\"\n      ],\n      \"Resource\": [\n        \"arn:aws:s3:::demo-e7jks7-rootbucket/*\",\n        \"arn:aws:s3:::demo-e7jks7-rootbucket\"\n      ],\n      \"Principal\": {\n        \"AWS\": \"arn:aws:iam::414351767826:root\"\n      }\n    }\n  ]\n}"
          },
          "sensitive_attributes": []
        }
      ]
    },
    {
      "module": "module.aws_base",
      "mode": "data",
      "type": "databricks_aws_crossaccount_policy",
      "name": "this",
      "provider": "provider[\"registry.terraform.io/databricks/databricks\"].mws",
      "instances": [
        {
          "schema_version": 0,
          "attributes": {
            "aws_account_id": null,
            "aws_partition": "aws",
            "id": "_",
            "json": "{\n  \"Version\": \"2012-10-17\",\n  \"Statement\": [\n    {\n      \"Effect\": \"Allow\",\n      \"Action\": [\n        \"ec2:AssignPrivateIpAddresses\",\n        \"ec2:CancelSpotInstanceRequests\",\n        \"ec2:DescribeAvailabilityZones\",\n        \"ec2:DescribeIamInstanceProfileAssociations\",\n        \"ec2:DescribeInstanceStatus\",\n        \"ec2:DescribeInstances\",\n        \"ec2:DescribeInternetGateways\",\n        \"ec2:DescribeNatGateways\",\n        \"ec2:DescribeNetworkAcls\",\n        \"ec2:DescribePrefixLists\",\n        \"ec2:DescribeReservedInstancesOfferings\",\n        \"ec2:DescribeRouteTables\",\n        \"ec2:DescribeSecurityGroups\",\n        \"ec2:DescribeSpotInstanceRequests\",\n        \"ec2:DescribeSpotPriceHistory\",\n        \"ec2:DescribeSubnets\",\n        \"ec2:DescribeVolumes\",\n        \"ec2:DescribeVpcAttribute\",\n        \"ec2:DescribeVpcs\",\n        \"ec2:CreateTags\",\n        \"ec2:DeleteTags\",\n        \"ec2:GetSpotPlacementScores\",\n        \"ec2:RequestSpotInstances\",\n        \"ec2:DescribeFleetHistory\",\n        \"ec2:ModifyFleet\",\n        \"ec2:DeleteFleets\",\n        \"ec2:DescribeFleetInstances\",\n        \"ec2:DescribeFleets\",\n        \"ec2:CreateFleet\",\n        \"ec2:DeleteLaunchTemplate\",\n        \"ec2:GetLaunchTemplateData\",\n        \"ec2:CreateLaunchTemplate\",\n        \"ec2:DescribeLaunchTemplates\",\n        \"ec2:DescribeLaunchTemplateVersions\",\n        \"ec2:ModifyLaunchTemplate\",\n        \"ec2:DeleteLaunchTemplateVersions\",\n        \"ec2:CreateLaunchTemplateVersion\",\n        \"ec2:AssociateIamInstanceProfile\",\n        \"ec2:AttachVolume\",\n        \"ec2:AuthorizeSecurityGroupEgress\",\n        \"ec2:AuthorizeSecurityGroupIngress\",\n        \"ec2:CreateVolume\",\n        \"ec2:DeleteVolume\",\n        \"ec2:DetachVolume\",\n        \"ec2:DisassociateIamInstanceProfile\",\n        \"ec2:ReplaceIamInstanceProfileAssociation\",\n        \"ec2:RevokeSecurityGroupEgress\",\n        \"ec2:RevokeSecurityGroupIngress\",\n        \"ec2:RunInstances\",\n        \"ec2:TerminateInstances\",\n        \"ec2:AttachInternetGateway\",\n        \"ec2:AllocateAddress\",\n        \"ec2:AssociateDhcpOptions\",\n        \"ec2:AssociateRouteTable\",\n        \"ec2:CreateDhcpOptions\",\n        \"ec2:CreateInternetGateway\",\n        \"ec2:CreateNatGateway\",\n        \"ec2:CreateRoute\",\n        \"ec2:CreateRouteTable\",\n        \"ec2:CreateSecurityGroup\",\n        \"ec2:CreateSubnet\",\n        \"ec2:CreateVpc\",\n        \"ec2:CreateVpcEndpoint\",\n        \"ec2:DeleteDhcpOptions\",\n        \"ec2:DeleteInternetGateway\",\n        \"ec2:DeleteNatGateway\",\n        \"ec2:DeleteRoute\",\n        \"ec2:DeleteRouteTable\",\n        \"ec2:DeleteSecurityGroup\",\n        \"ec2:DeleteSubnet\",\n        \"ec2:DeleteVpc\",\n        \"ec2:DeleteVpcEndpoints\",\n        \"ec2:DetachInternetGateway\",\n        \"ec2:DisassociateRouteTable\",\n        \"ec2:ModifyVpcAttribute\",\n        \"ec2:ReleaseAddress\"\n      ],\n      \"Resource\": \"*\"\n    },\n    {\n      \"Effect\": \"Allow\",\n      \"Action\": [\n        \"iam:CreateServiceLinkedRole\",\n        \"iam:PutRolePolicy\"\n      ],\n      \"Resource\": \"arn:aws:iam::*:role/aws-service-role/spot.amazonaws.com/AWSServiceRoleForEC2Spot\",\n      \"Condition\": {\n        \"StringLike\": {\n          \"iam:AWSServiceName\": \"spot.amazonaws.com\"\n        }\n      }\n    }\n  ]\n}",
            "pass_roles": null,
            "policy_type": "managed",
            "region": null,
            "security_group_id": null,
            "vpc_id": null
          },
          "sensitive_attributes": []
        }
      ]
    },
    {
      "module": "module.aws_base",
      "mode": "managed",
      "type": "aws_iam_role",
      "name": "cross_account_role",
      "provider": "provider[\"registry.terraform.io/hashicorp/aws\"]",
      "instances": [
        {
          "schema_version": 0,
          "attributes": {
            "arn": "arn:aws:iam::332745928618:role/demo-e7jks7-crossaccount",
            "assume_role_policy": "{\"Statement\":[{\"Action\":\"sts:AssumeRole\",\"Condition\":{\"StringEquals\":{\"sts:ExternalId\":\"0d26daa6-5e44-4c97-a497-ef015f91254a\"}},\"Effect\":\"Allow\",\"Principal\":{\"AWS\":\"arn:aws:iam::414351767826:root\"}}],\"Version\":\"2012-10-17\"}",
            "create_date": "2025-04-12T17:23:29Z",
            "description": "",
            "force_detach_policies": false,
            "id": "demo-e7jks7-crossaccount",
            "inline_policy": [
              {
                "name": "demo-e7jks7-policy",
                "policy": "{\"Version\":\"2012-10-17\",\"Statement\":[{\"Action\":[\"ec2:AssignPrivateIpAddresses\",\"ec2:CancelSpotInstanceRequests\",\"ec2:DescribeAvailabilityZones\",\"ec2:DescribeIamInstanceProfileAssociations\",\"ec2:DescribeInstanceStatus\",\"ec2:DescribeInstances\",\"ec2:DescribeInternetGateways\",\"ec2:DescribeNatGateways\",\"ec2:DescribeNetworkAcls\",\"ec2:DescribePrefixLists\",\"ec2:DescribeReservedInstancesOfferings\",\"ec2:DescribeRouteTables\",\"ec2:DescribeSecurityGroups\",\"ec2:DescribeSpotInstanceRequests\",\"ec2:DescribeSpotPriceHistory\",\"ec2:DescribeSubnets\",\"ec2:DescribeVolumes\",\"ec2:DescribeVpcAttribute\",\"ec2:DescribeVpcs\",\"ec2:CreateTags\",\"ec2:DeleteTags\",\"ec2:GetSpotPlacementScores\",\"ec2:RequestSpotInstances\",\"ec2:DescribeFleetHistory\",\"ec2:ModifyFleet\",\"ec2:DeleteFleets\",\"ec2:DescribeFleetInstances\",\"ec2:DescribeFleets\",\"ec2:CreateFleet\",\"ec2:DeleteLaunchTemplate\",\"ec2:GetLaunchTemplateData\",\"ec2:CreateLaunchTemplate\",\"ec2:DescribeLaunchTemplates\",\"ec2:DescribeLaunchTemplateVersions\",\"ec2:ModifyLaunchTemplate\",\"ec2:DeleteLaunchTemplateVersions\",\"ec2:CreateLaunchTemplateVersion\",\"ec2:AssociateIamInstanceProfile\",\"ec2:AttachVolume\",\"ec2:AuthorizeSecurityGroupEgress\",\"ec2:AuthorizeSecurityGroupIngress\",\"ec2:CreateVolume\",\"ec2:DeleteVolume\",\"ec2:DetachVolume\",\"ec2:DisassociateIamInstanceProfile\",\"ec2:ReplaceIamInstanceProfileAssociation\",\"ec2:RevokeSecurityGroupEgress\",\"ec2:RevokeSecurityGroupIngress\",\"ec2:RunInstances\",\"ec2:TerminateInstances\",\"ec2:AttachInternetGateway\",\"ec2:AllocateAddress\",\"ec2:AssociateDhcpOptions\",\"ec2:AssociateRouteTable\",\"ec2:CreateDhcpOptions\",\"ec2:CreateInternetGateway\",\"ec2:CreateNatGateway\",\"ec2:CreateRoute\",\"ec2:CreateRouteTable\",\"ec2:CreateSecurityGroup\",\"ec2:CreateSubnet\",\"ec2:CreateVpc\",\"ec2:CreateVpcEndpoint\",\"ec2:DeleteDhcpOptions\",\"ec2:DeleteInternetGateway\",\"ec2:DeleteNatGateway\",\"ec2:DeleteRoute\",\"ec2:DeleteRouteTable\",\"ec2:DeleteSecurityGroup\",\"ec2:DeleteSubnet\",\"ec2:DeleteVpc\",\"ec2:DeleteVpcEndpoints\",\"ec2:DetachInternetGateway\",\"ec2:DisassociateRouteTable\",\"ec2:ModifyVpcAttribute\",\"ec2:ReleaseAddress\"],\"Effect\":\"Allow\",\"Resource\":\"*\"},{\"Action\":[\"iam:CreateServiceLinkedRole\",\"iam:PutRolePolicy\"],\"Condition\":{\"StringLike\":{\"iam:AWSServiceName\":\"spot.amazonaws.com\"}},\"Effect\":\"Allow\",\"Resource\":\"arn:aws:iam::*:role/aws-service-role/spot.amazonaws.com/AWSServiceRoleForEC2Spot\"},{\"Action\":\"iam:PassRole\",\"Effect\":\"Allow\",\"Resource\":\"arn:aws:iam::332745928618:role/demo-e7jks7-aws-services-role\",\"Sid\":\"allowPassCrossServiceRole\"}]}"
              }
            ],
            "managed_policy_arns": [],
            "max_session_duration": 3600,
            "name": "demo-e7jks7-crossaccount",
            "name_prefix": "",
            "path": "/",
            "permissions_boundary": "",
            "tags": {
              "Environment": "Demo-with-terraform",
              "Owner": "siddharth.nahar",
              "ownerEmail": "siddharth.nahar@databricks.com"
            },
            "tags_all": {
              "Environment": "Demo-with-terraform",
              "Owner": "siddharth.nahar",
              "ownerEmail": "siddharth.nahar@databricks.com"
            },
            "unique_id": "AROAU26JT56VJFX72VAUL"
          },
          "sensitive_attributes": [],
          "private": "bnVsbA==",
          "dependencies": [
            "module.aws_base.data.databricks_aws_assume_role_policy.this",
            "random_string.naming"
          ]
        }
      ]
    },
    {
      "module": "module.aws_base",
      "mode": "managed",
      "type": "aws_iam_role_policy",
      "name": "this",
      "provider": "provider[\"registry.terraform.io/hashicorp/aws\"]",
      "instances": [
        {
          "schema_version": 0,
          "attributes": {
            "id": "demo-e7jks7-crossaccount:demo-e7jks7-policy",
            "name": "demo-e7jks7-policy",
            "name_prefix": "",
            "policy": "{\"Version\":\"2012-10-17\",\"Statement\":[{\"Action\":[\"ec2:AssignPrivateIpAddresses\",\"ec2:CancelSpotInstanceRequests\",\"ec2:DescribeAvailabilityZones\",\"ec2:DescribeIamInstanceProfileAssociations\",\"ec2:DescribeInstanceStatus\",\"ec2:DescribeInstances\",\"ec2:DescribeInternetGateways\",\"ec2:DescribeNatGateways\",\"ec2:DescribeNetworkAcls\",\"ec2:DescribePrefixLists\",\"ec2:DescribeReservedInstancesOfferings\",\"ec2:DescribeRouteTables\",\"ec2:DescribeSecurityGroups\",\"ec2:DescribeSpotInstanceRequests\",\"ec2:DescribeSpotPriceHistory\",\"ec2:DescribeSubnets\",\"ec2:DescribeVolumes\",\"ec2:DescribeVpcAttribute\",\"ec2:DescribeVpcs\",\"ec2:CreateTags\",\"ec2:DeleteTags\",\"ec2:GetSpotPlacementScores\",\"ec2:RequestSpotInstances\",\"ec2:DescribeFleetHistory\",\"ec2:ModifyFleet\",\"ec2:DeleteFleets\",\"ec2:DescribeFleetInstances\",\"ec2:DescribeFleets\",\"ec2:CreateFleet\",\"ec2:DeleteLaunchTemplate\",\"ec2:GetLaunchTemplateData\",\"ec2:CreateLaunchTemplate\",\"ec2:DescribeLaunchTemplates\",\"ec2:DescribeLaunchTemplateVersions\",\"ec2:ModifyLaunchTemplate\",\"ec2:DeleteLaunchTemplateVersions\",\"ec2:CreateLaunchTemplateVersion\",\"ec2:AssociateIamInstanceProfile\",\"ec2:AttachVolume\",\"ec2:AuthorizeSecurityGroupEgress\",\"ec2:AuthorizeSecurityGroupIngress\",\"ec2:CreateVolume\",\"ec2:DeleteVolume\",\"ec2:DetachVolume\",\"ec2:DisassociateIamInstanceProfile\",\"ec2:ReplaceIamInstanceProfileAssociation\",\"ec2:RevokeSecurityGroupEgress\",\"ec2:RevokeSecurityGroupIngress\",\"ec2:RunInstances\",\"ec2:TerminateInstances\",\"ec2:AttachInternetGateway\",\"ec2:AllocateAddress\",\"ec2:AssociateDhcpOptions\",\"ec2:AssociateRouteTable\",\"ec2:CreateDhcpOptions\",\"ec2:CreateInternetGateway\",\"ec2:CreateNatGateway\",\"ec2:CreateRoute\",\"ec2:CreateRouteTable\",\"ec2:CreateSecurityGroup\",\"ec2:CreateSubnet\",\"ec2:CreateVpc\",\"ec2:CreateVpcEndpoint\",\"ec2:DeleteDhcpOptions\",\"ec2:DeleteInternetGateway\",\"ec2:DeleteNatGateway\",\"ec2:DeleteRoute\",\"ec2:DeleteRouteTable\",\"ec2:DeleteSecurityGroup\",\"ec2:DeleteSubnet\",\"ec2:DeleteVpc\",\"ec2:DeleteVpcEndpoints\",\"ec2:DetachInternetGateway\",\"ec2:DisassociateRouteTable\",\"ec2:ModifyVpcAttribute\",\"ec2:ReleaseAddress\"],\"Effect\":\"Allow\",\"Resource\":\"*\"},{\"Action\":[\"iam:CreateServiceLinkedRole\",\"iam:PutRolePolicy\"],\"Condition\":{\"StringLike\":{\"iam:AWSServiceName\":\"spot.amazonaws.com\"}},\"Effect\":\"Allow\",\"Resource\":\"arn:aws:iam::*:role/aws-service-role/spot.amazonaws.com/AWSServiceRoleForEC2Spot\"},{\"Action\":\"iam:PassRole\",\"Effect\":\"Allow\",\"Resource\":\"arn:aws:iam::332745928618:role/demo-e7jks7-aws-services-role\",\"Sid\":\"allowPassCrossServiceRole\"}]}",
            "role": "demo-e7jks7-crossaccount"
          },
          "sensitive_attributes": [],
          "private": "bnVsbA==",
          "dependencies": [
            "data.aws_caller_identity.current",
            "module.aws_base.aws_iam_role.cross_account_role",
            "module.aws_base.data.aws_iam_policy_document.this",
            "module.aws_base.data.databricks_aws_assume_role_policy.this",
            "module.aws_base.data.databricks_aws_crossaccount_policy.this",
            "random_string.naming"
          ]
        }
      ]
    },
    {
      "module": "module.aws_base",
      "mode": "managed",
      "type": "aws_s3_bucket",
      "name": "root_storage_bucket",
      "provider": "provider[\"registry.terraform.io/hashicorp/aws\"]",
      "instances": [
        {
          "schema_version": 0,
          "attributes": {
            "acceleration_status": "",
            "acl": null,
            "arn": "arn:aws:s3:::demo-e7jks7-rootbucket",
            "bucket": "demo-e7jks7-rootbucket",
            "bucket_domain_name": "demo-e7jks7-rootbucket.s3.amazonaws.com",
            "bucket_prefix": "",
            "bucket_regional_domain_name": "demo-e7jks7-rootbucket.s3.ca-central-1.amazonaws.com",
            "cors_rule": [],
            "force_destroy": true,
            "grant": [
              {
                "id": "87ade1302b7a96a302ccaeeb7408eed7475127cc33ab912464285fc3ce8a40e6",
                "permissions": [
                  "FULL_CONTROL"
                ],
                "type": "CanonicalUser",
                "uri": ""
              }
            ],
            "hosted_zone_id": "Z1QDHH18159H29",
            "id": "demo-e7jks7-rootbucket",
            "lifecycle_rule": [],
            "logging": [],
            "object_lock_configuration": [],
            "object_lock_enabled": false,
            "policy": "{\"Statement\":[{\"Action\":[\"s3:GetObject\",\"s3:GetObjectVersion\",\"s3:PutObject\",\"s3:DeleteObject\",\"s3:ListBucket\",\"s3:GetBucketLocation\"],\"Effect\":\"Allow\",\"Principal\":{\"AWS\":\"arn:aws:iam::414351767826:root\"},\"Resource\":[\"arn:aws:s3:::demo-e7jks7-rootbucket/*\",\"arn:aws:s3:::demo-e7jks7-rootbucket\"]}],\"Version\":\"2012-10-17\"}",
            "region": "ca-central-1",
            "replication_configuration": [],
            "request_payer": "BucketOwner",
            "server_side_encryption_configuration": [
              {
                "rule": [
                  {
                    "apply_server_side_encryption_by_default": [
                      {
                        "kms_master_key_id": "",
                        "sse_algorithm": "AES256"
                      }
                    ],
                    "bucket_key_enabled": false
                  }
                ]
              }
            ],
            "tags": {
              "Environment": "Demo-with-terraform",
              "Name": "demo-e7jks7-rootbucket",
              "Owner": "siddharth.nahar",
              "ownerEmail": "siddharth.nahar@databricks.com"
            },
            "tags_all": {
              "Environment": "Demo-with-terraform",
              "Name": "demo-e7jks7-rootbucket",
              "Owner": "siddharth.nahar",
              "ownerEmail": "siddharth.nahar@databricks.com"
            },
            "timeouts": null,
            "versioning": [
              {
                "enabled": false,
                "mfa_delete": false
              }
            ],
            "website": [],
            "website_domain": null,
            "website_endpoint": null
          },
          "sensitive_attributes": [],
          "private": "eyJlMmJmYjczMC1lY2FhLTExZTYtOGY4OC0zNDM2M2JjN2M0YzAiOnsiY3JlYXRlIjoxMjAwMDAwMDAwMDAwLCJkZWxldGUiOjM2MDAwMDAwMDAwMDAsInJlYWQiOjEyMDAwMDAwMDAwMDAsInVwZGF0ZSI6MTIwMDAwMDAwMDAwMH19",
          "dependencies": [
            "random_string.naming"
          ]
        }
      ]
    },
    {
      "module": "module.aws_base",
      "mode": "managed",
      "type": "aws_s3_bucket_policy",
      "name": "root_bucket_policy",
      "provider": "provider[\"registry.terraform.io/hashicorp/aws\"]",
      "instances": [
        {
          "schema_version": 0,
          "attributes": {
            "bucket": "demo-e7jks7-rootbucket",
            "id": "demo-e7jks7-rootbucket",
            "policy": "{\"Statement\":[{\"Action\":[\"s3:GetObject\",\"s3:GetObjectVersion\",\"s3:PutObject\",\"s3:DeleteObject\",\"s3:ListBucket\",\"s3:GetBucketLocation\"],\"Effect\":\"Allow\",\"Principal\":{\"AWS\":\"arn:aws:iam::414351767826:root\"},\"Resource\":[\"arn:aws:s3:::demo-e7jks7-rootbucket/*\",\"arn:aws:s3:::demo-e7jks7-rootbucket\"]}],\"Version\":\"2012-10-17\"}"
          },
          "sensitive_attributes": [],
          "private": "bnVsbA==",
          "dependencies": [
            "module.aws_base.aws_s3_bucket.root_storage_bucket",
            "module.aws_base.aws_s3_bucket_public_access_block.root_storage_bucket",
            "module.aws_base.data.databricks_aws_bucket_policy.this",
            "random_string.naming"
          ]
        }
      ]
    },
    {
      "module": "module.aws_base",
      "mode": "managed",
      "type": "aws_s3_bucket_public_access_block",
      "name": "root_storage_bucket",
      "provider": "provider[\"registry.terraform.io/hashicorp/aws\"]",
      "instances": [
        {
          "schema_version": 0,
          "attributes": {
            "block_public_acls": true,
            "block_public_policy": true,
            "bucket": "demo-e7jks7-rootbucket",
            "id": "demo-e7jks7-rootbucket",
            "ignore_public_acls": true,
            "restrict_public_buckets": true
          },
          "sensitive_attributes": [],
          "private": "bnVsbA==",
          "dependencies": [
            "module.aws_base.aws_s3_bucket.root_storage_bucket",
            "random_string.naming"
          ]
        }
      ]
    },
    {
      "module": "module.aws_base",
      "mode": "managed",
      "type": "aws_s3_bucket_server_side_encryption_configuration",
      "name": "root_storage_bucket",
      "provider": "provider[\"registry.terraform.io/hashicorp/aws\"]",
      "instances": [
        {
          "schema_version": 0,
          "attributes": {
            "bucket": "demo-e7jks7-rootbucket",
            "expected_bucket_owner": "",
            "id": "demo-e7jks7-rootbucket",
            "rule": [
              {
                "apply_server_side_encryption_by_default": [
                  {
                    "kms_master_key_id": "",
                    "sse_algorithm": "AES256"
                  }
                ],
                "bucket_key_enabled": false
              }
            ]
          },
          "sensitive_attributes": [],
          "private": "bnVsbA==",
          "dependencies": [
            "module.aws_base.aws_s3_bucket.root_storage_bucket",
            "random_string.naming"
          ]
        }
      ]
    },
    {
      "module": "module.aws_base",
      "mode": "managed",
      "type": "aws_s3_bucket_versioning",
      "name": "versioning_example",
      "provider": "provider[\"registry.terraform.io/hashicorp/aws\"]",
      "instances": [
        {
          "schema_version": 0,
          "attributes": {
            "bucket": "demo-e7jks7-rootbucket",
            "expected_bucket_owner": "",
            "id": "demo-e7jks7-rootbucket",
            "mfa": null,
            "versioning_configuration": [
              {
                "mfa_delete": "",
                "status": "Disabled"
              }
            ]
          },
          "sensitive_attributes": [],
          "private": "bnVsbA==",
          "dependencies": [
            "module.aws_base.aws_s3_bucket.root_storage_bucket",
            "random_string.naming"
          ]
        }
      ]
    },
    {
      "module": "module.aws_base.module.vpc",
      "mode": "managed",
      "type": "aws_default_network_acl",
      "name": "this",
      "provider": "provider[\"registry.terraform.io/hashicorp/aws\"]",
      "instances": [
        {
          "index_key": 0,
          "schema_version": 0,
          "attributes": {
            "arn": "arn:aws:ec2:ca-central-1:332745928618:network-acl/acl-020b9193c56dba1e6",
            "default_network_acl_id": "acl-020b9193c56dba1e6",
            "egress": [
              {
                "action": "allow",
                "cidr_block": "",
                "from_port": 0,
                "icmp_code": 0,
                "icmp_type": 0,
                "ipv6_cidr_block": "::/0",
                "protocol": "-1",
                "rule_no": 101,
                "to_port": 0
              },
              {
                "action": "allow",
                "cidr_block": "0.0.0.0/0",
                "from_port": 0,
                "icmp_code": 0,
                "icmp_type": 0,
                "ipv6_cidr_block": "",
                "protocol": "-1",
                "rule_no": 100,
                "to_port": 0
              }
            ],
            "id": "acl-020b9193c56dba1e6",
            "ingress": [
              {
                "action": "allow",
                "cidr_block": "",
                "from_port": 0,
                "icmp_code": 0,
                "icmp_type": 0,
                "ipv6_cidr_block": "::/0",
                "protocol": "-1",
                "rule_no": 101,
                "to_port": 0
              },
              {
                "action": "allow",
                "cidr_block": "0.0.0.0/0",
                "from_port": 0,
                "icmp_code": 0,
                "icmp_type": 0,
                "ipv6_cidr_block": "",
                "protocol": "-1",
                "rule_no": 100,
                "to_port": 0
              }
            ],
            "owner_id": "332745928618",
            "subnet_ids": [
              "subnet-01db5f73e8e3da3fc",
              "subnet-0af8afcf18ccc1635",
              "subnet-0dd5fc898a07279e2"
            ],
            "tags": {
              "Environment": "Demo-with-terraform",
              "Name": "demo-e7jks7-default",
              "Owner": "siddharth.nahar",
              "ownerEmail": "siddharth.nahar@databricks.com"
            },
            "tags_all": {
              "Environment": "Demo-with-terraform",
              "Name": "demo-e7jks7-default",
              "Owner": "siddharth.nahar",
              "ownerEmail": "siddharth.nahar@databricks.com"
            },
            "vpc_id": "vpc-070bf896378c0ec67"
          },
          "sensitive_attributes": [],
          "private": "bnVsbA==",
          "dependencies": [
            "module.aws_base.module.vpc.aws_vpc.this",
            "random_string.naming"
          ]
        }
      ]
    },
    {
      "module": "module.aws_base.module.vpc",
      "mode": "managed",
      "type": "aws_default_route_table",
      "name": "default",
      "provider": "provider[\"registry.terraform.io/hashicorp/aws\"]",
      "instances": [
        {
          "index_key": 0,
          "schema_version": 0,
          "attributes": {
            "arn": "arn:aws:ec2:ca-central-1:332745928618:route-table/rtb-0dc5b9cdd03b95038",
            "default_route_table_id": "rtb-0dc5b9cdd03b95038",
            "id": "rtb-0dc5b9cdd03b95038",
            "owner_id": "332745928618",
            "propagating_vgws": [],
            "route": [],
            "tags": {
              "Environment": "Demo-with-terraform",
              "Name": "demo-e7jks7-default",
              "Owner": "siddharth.nahar",
              "ownerEmail": "siddharth.nahar@databricks.com"
            },
            "tags_all": {
              "Environment": "Demo-with-terraform",
              "Name": "demo-e7jks7-default",
              "Owner": "siddharth.nahar",
              "ownerEmail": "siddharth.nahar@databricks.com"
            },
            "timeouts": {
              "create": "5m",
              "update": "5m"
            },
            "vpc_id": "vpc-070bf896378c0ec67"
          },
          "sensitive_attributes": [],
          "private": "eyJlMmJmYjczMC1lY2FhLTExZTYtOGY4OC0zNDM2M2JjN2M0YzAiOnsiY3JlYXRlIjozMDAwMDAwMDAwMDAsInVwZGF0ZSI6MzAwMDAwMDAwMDAwfX0=",
          "dependencies": [
            "module.aws_base.module.vpc.aws_vpc.this",
            "random_string.naming"
          ]
        }
      ]
    },
    {
      "module": "module.aws_base.module.vpc",
      "mode": "managed",
      "type": "aws_default_security_group",
      "name": "this",
      "provider": "provider[\"registry.terraform.io/hashicorp/aws\"]",
      "instances": [
        {
          "index_key": 0,
          "schema_version": 1,
          "attributes": {
            "arn": "arn:aws:ec2:ca-central-1:332745928618:security-group/sg-0ddea38522352bbdf",
            "description": "default VPC security group",
            "egress": [
              {
                "cidr_blocks": [
                  "0.0.0.0/0"
                ],
                "description": "",
                "from_port": 0,
                "ipv6_cidr_blocks": [],
                "prefix_list_ids": [],
                "protocol": "-1",
                "security_groups": [],
                "self": false,
                "to_port": 0
              }
            ],
            "id": "sg-0ddea38522352bbdf",
            "ingress": [
              {
                "cidr_blocks": [],
                "description": "Allow all internal TCP and UDP",
                "from_port": 0,
                "ipv6_cidr_blocks": [],
                "prefix_list_ids": [],
                "protocol": "-1",
                "security_groups": [],
                "self": true,
                "to_port": 0
              }
            ],
            "name": "default",
            "name_prefix": "",
            "owner_id": "332745928618",
            "revoke_rules_on_delete": false,
            "tags": {
              "Environment": "Demo-with-terraform",
              "Name": "demo-e7jks7-sg",
              "Owner": "siddharth.nahar",
              "ownerEmail": "siddharth.nahar@databricks.com"
            },
            "tags_all": {
              "Environment": "Demo-with-terraform",
              "Name": "demo-e7jks7-sg",
              "Owner": "siddharth.nahar",
              "ownerEmail": "siddharth.nahar@databricks.com"
            },
            "vpc_id": "vpc-070bf896378c0ec67"
          },
          "sensitive_attributes": [],
          "private": "eyJzY2hlbWFfdmVyc2lvbiI6IjEifQ==",
          "dependencies": [
            "module.aws_base.module.vpc.aws_vpc.this",
            "random_string.naming"
          ]
        }
      ]
    },
    {
      "module": "module.aws_base.module.vpc",
      "mode": "managed",
      "type": "aws_eip",
      "name": "nat",
      "provider": "provider[\"registry.terraform.io/hashicorp/aws\"]",
      "instances": [
        {
          "index_key": 0,
          "schema_version": 0,
          "attributes": {
            "address": null,
            "allocation_id": "eipalloc-0094198508cd04b9b",
            "arn": "arn:aws:ec2:ca-central-1:332745928618:elastic-ip/eipalloc-0094198508cd04b9b",
            "associate_with_private_ip": null,
            "association_id": "eipassoc-00e56c5a73c3991cc",
            "carrier_ip": "",
            "customer_owned_ip": "",
            "customer_owned_ipv4_pool": "",
            "domain": "vpc",
            "id": "eipalloc-0094198508cd04b9b",
            "instance": "",
            "ipam_pool_id": null,
            "network_border_group": "ca-central-1",
            "network_interface": "eni-093f083187f46b0b5",
            "private_dns": "ip-10-4-27-58.ca-central-1.compute.internal",
            "private_ip": "10.4.27.58",
            "ptr_record": "",
            "public_dns": "ec2-15-157-128-125.ca-central-1.compute.amazonaws.com",
            "public_ip": "15.157.128.125",
            "public_ipv4_pool": "amazon",
            "tags": {
              "Environment": "Demo-with-terraform",
              "Name": "demo-e7jks7-ca-central-1a",
              "Owner": "siddharth.nahar",
              "ownerEmail": "siddharth.nahar@databricks.com"
            },
            "tags_all": {
              "Environment": "Demo-with-terraform",
              "Name": "demo-e7jks7-ca-central-1a",
              "Owner": "siddharth.nahar",
              "ownerEmail": "siddharth.nahar@databricks.com"
            },
            "timeouts": null,
            "vpc": true
          },
          "sensitive_attributes": [],
          "private": "eyJlMmJmYjczMC1lY2FhLTExZTYtOGY4OC0zNDM2M2JjN2M0YzAiOnsiZGVsZXRlIjoxODAwMDAwMDAwMDAsInJlYWQiOjkwMDAwMDAwMDAwMCwidXBkYXRlIjozMDAwMDAwMDAwMDB9fQ==",
          "dependencies": [
            "module.aws_base.data.aws_availability_zones.available",
            "module.aws_base.module.vpc.aws_internet_gateway.this",
            "module.aws_base.module.vpc.aws_vpc.this",
            "module.aws_base.module.vpc.aws_vpc_ipv4_cidr_block_association.this",
            "random_string.naming"
          ]
        }
      ]
    },
    {
      "module": "module.aws_base.module.vpc",
      "mode": "managed",
      "type": "aws_internet_gateway",
      "name": "this",
      "provider": "provider[\"registry.terraform.io/hashicorp/aws\"]",
      "instances": [
        {
          "index_key": 0,
          "schema_version": 0,
          "attributes": {
            "arn": "arn:aws:ec2:ca-central-1:332745928618:internet-gateway/igw-0e91fff5db8f24cdb",
            "id": "igw-0e91fff5db8f24cdb",
            "owner_id": "332745928618",
            "tags": {
              "Environment": "Demo-with-terraform",
              "Name": "demo-e7jks7",
              "Owner": "siddharth.nahar",
              "ownerEmail": "siddharth.nahar@databricks.com"
            },
            "tags_all": {
              "Environment": "Demo-with-terraform",
              "Name": "demo-e7jks7",
              "Owner": "siddharth.nahar",
              "ownerEmail": "siddharth.nahar@databricks.com"
            },
            "timeouts": null,
            "vpc_id": "vpc-070bf896378c0ec67"
          },
          "sensitive_attributes": [],
          "private": "eyJlMmJmYjczMC1lY2FhLTExZTYtOGY4OC0zNDM2M2JjN2M0YzAiOnsiY3JlYXRlIjoxMjAwMDAwMDAwMDAwLCJkZWxldGUiOjEyMDAwMDAwMDAwMDAsInVwZGF0ZSI6MTIwMDAwMDAwMDAwMH19",
          "dependencies": [
            "module.aws_base.module.vpc.aws_vpc.this",
            "module.aws_base.module.vpc.aws_vpc_ipv4_cidr_block_association.this",
            "random_string.naming"
          ]
        }
      ]
    },
    {
      "module": "module.aws_base.module.vpc",
      "mode": "managed",
      "type": "aws_nat_gateway",
      "name": "this",
      "provider": "provider[\"registry.terraform.io/hashicorp/aws\"]",
      "instances": [
        {
          "index_key": 0,
          "schema_version": 0,
          "attributes": {
            "allocation_id": "eipalloc-0094198508cd04b9b",
            "association_id": "eipassoc-00e56c5a73c3991cc",
            "connectivity_type": "public",
            "id": "nat-053ad7a2a68be7715",
            "network_interface_id": "eni-093f083187f46b0b5",
            "private_ip": "10.4.27.58",
            "public_ip": "15.157.128.125",
            "secondary_allocation_ids": [],
            "secondary_private_ip_address_count": 0,
            "secondary_private_ip_addresses": [],
            "subnet_id": "subnet-0dd5fc898a07279e2",
            "tags": {
              "Environment": "Demo-with-terraform",
              "Name": "demo-e7jks7-ca-central-1a",
              "Owner": "siddharth.nahar",
              "ownerEmail": "siddharth.nahar@databricks.com"
            },
            "tags_all": {
              "Environment": "Demo-with-terraform",
              "Name": "demo-e7jks7-ca-central-1a",
              "Owner": "siddharth.nahar",
              "ownerEmail": "siddharth.nahar@databricks.com"
            },
            "timeouts": null
          },
          "sensitive_attributes": [],
          "private": "eyJlMmJmYjczMC1lY2FhLTExZTYtOGY4OC0zNDM2M2JjN2M0YzAiOnsiY3JlYXRlIjo2MDAwMDAwMDAwMDAsImRlbGV0ZSI6MTgwMDAwMDAwMDAwMCwidXBkYXRlIjo2MDAwMDAwMDAwMDB9fQ==",
          "dependencies": [
            "module.aws_base.data.aws_availability_zones.available",
            "module.aws_base.module.vpc.aws_eip.nat",
            "module.aws_base.module.vpc.aws_internet_gateway.this",
            "module.aws_base.module.vpc.aws_subnet.public",
            "module.aws_base.module.vpc.aws_vpc.this",
            "module.aws_base.module.vpc.aws_vpc_ipv4_cidr_block_association.this",
            "random_string.naming"
          ]
        }
      ]
    },
    {
      "module": "module.aws_base.module.vpc",
      "mode": "managed",
      "type": "aws_route",
      "name": "private_nat_gateway",
      "provider": "provider[\"registry.terraform.io/hashicorp/aws\"]",
      "instances": [
        {
          "index_key": 0,
          "schema_version": 0,
          "attributes": {
            "carrier_gateway_id": "",
            "core_network_arn": "",
            "destination_cidr_block": "0.0.0.0/0",
            "destination_ipv6_cidr_block": "",
            "destination_prefix_list_id": "",
            "egress_only_gateway_id": "",
            "gateway_id": "",
            "id": "r-rtb-0a937a0a0b898c7141080289494",
            "instance_id": "",
            "instance_owner_id": "",
            "local_gateway_id": "",
            "nat_gateway_id": "nat-053ad7a2a68be7715",
            "network_interface_id": "",
            "origin": "CreateRoute",
            "route_table_id": "rtb-0a937a0a0b898c714",
            "state": "active",
            "timeouts": {
              "create": "5m",
              "delete": null,
              "update": null
            },
            "transit_gateway_id": "",
            "vpc_endpoint_id": "",
            "vpc_peering_connection_id": ""
          },
          "sensitive_attributes": [],
          "private": "eyJlMmJmYjczMC1lY2FhLTExZTYtOGY4OC0zNDM2M2JjN2M0YzAiOnsiY3JlYXRlIjozMDAwMDAwMDAwMDAsImRlbGV0ZSI6MzAwMDAwMDAwMDAwLCJ1cGRhdGUiOjEyMDAwMDAwMDAwMH19",
          "dependencies": [
            "module.aws_base.data.aws_availability_zones.available",
            "module.aws_base.module.vpc.aws_eip.nat",
            "module.aws_base.module.vpc.aws_internet_gateway.this",
            "module.aws_base.module.vpc.aws_nat_gateway.this",
            "module.aws_base.module.vpc.aws_route_table.private",
            "module.aws_base.module.vpc.aws_subnet.public",
            "module.aws_base.module.vpc.aws_vpc.this",
            "module.aws_base.module.vpc.aws_vpc_ipv4_cidr_block_association.this",
            "random_string.naming"
          ]
        }
      ]
    },
    {
      "module": "module.aws_base.module.vpc",
      "mode": "managed",
      "type": "aws_route",
      "name": "public_internet_gateway",
      "provider": "provider[\"registry.terraform.io/hashicorp/aws\"]",
      "instances": [
        {
          "index_key": 0,
          "schema_version": 0,
          "attributes": {
            "carrier_gateway_id": "",
            "core_network_arn": "",
            "destination_cidr_block": "0.0.0.0/0",
            "destination_ipv6_cidr_block": "",
            "destination_prefix_list_id": "",
            "egress_only_gateway_id": "",
            "gateway_id": "igw-0e91fff5db8f24cdb",
            "id": "r-rtb-0fa18f9701eece4661080289494",
            "instance_id": "",
            "instance_owner_id": "",
            "local_gateway_id": "",
            "nat_gateway_id": "",
            "network_interface_id": "",
            "origin": "CreateRoute",
            "route_table_id": "rtb-0fa18f9701eece466",
            "state": "active",
            "timeouts": {
              "create": "5m",
              "delete": null,
              "update": null
            },
            "transit_gateway_id": "",
            "vpc_endpoint_id": "",
            "vpc_peering_connection_id": ""
          },
          "sensitive_attributes": [],
          "private": "eyJlMmJmYjczMC1lY2FhLTExZTYtOGY4OC0zNDM2M2JjN2M0YzAiOnsiY3JlYXRlIjozMDAwMDAwMDAwMDAsImRlbGV0ZSI6MzAwMDAwMDAwMDAwLCJ1cGRhdGUiOjEyMDAwMDAwMDAwMH19",
          "dependencies": [
            "module.aws_base.module.vpc.aws_internet_gateway.this",
            "module.aws_base.module.vpc.aws_route_table.public",
            "module.aws_base.module.vpc.aws_vpc.this",
            "module.aws_base.module.vpc.aws_vpc_ipv4_cidr_block_association.this",
            "random_string.naming"
          ]
        }
      ]
    },
    {
      "module": "module.aws_base.module.vpc",
      "mode": "managed",
      "type": "aws_route_table",
      "name": "private",
      "provider": "provider[\"registry.terraform.io/hashicorp/aws\"]",
      "instances": [
        {
          "index_key": 0,
          "schema_version": 0,
          "attributes": {
            "arn": "arn:aws:ec2:ca-central-1:332745928618:route-table/rtb-0a937a0a0b898c714",
            "id": "rtb-0a937a0a0b898c714",
            "owner_id": "332745928618",
            "propagating_vgws": [],
            "route": [
              {
                "carrier_gateway_id": "",
                "cidr_block": "0.0.0.0/0",
                "core_network_arn": "",
                "destination_prefix_list_id": "",
                "egress_only_gateway_id": "",
                "gateway_id": "",
                "ipv6_cidr_block": "",
                "local_gateway_id": "",
                "nat_gateway_id": "nat-053ad7a2a68be7715",
                "network_interface_id": "",
                "transit_gateway_id": "",
                "vpc_endpoint_id": "",
                "vpc_peering_connection_id": ""
              }
            ],
            "tags": {
              "Environment": "Demo-with-terraform",
              "Name": "demo-e7jks7-private",
              "Owner": "siddharth.nahar",
              "ownerEmail": "siddharth.nahar@databricks.com"
            },
            "tags_all": {
              "Environment": "Demo-with-terraform",
              "Name": "demo-e7jks7-private",
              "Owner": "siddharth.nahar",
              "ownerEmail": "siddharth.nahar@databricks.com"
            },
            "timeouts": null,
            "vpc_id": "vpc-070bf896378c0ec67"
          },
          "sensitive_attributes": [],
          "private": "eyJlMmJmYjczMC1lY2FhLTExZTYtOGY4OC0zNDM2M2JjN2M0YzAiOnsiY3JlYXRlIjozMDAwMDAwMDAwMDAsImRlbGV0ZSI6MzAwMDAwMDAwMDAwLCJ1cGRhdGUiOjEyMDAwMDAwMDAwMH19",
          "dependencies": [
            "module.aws_base.data.aws_availability_zones.available",
            "module.aws_base.module.vpc.aws_vpc.this",
            "module.aws_base.module.vpc.aws_vpc_ipv4_cidr_block_association.this",
            "random_string.naming"
          ]
        }
      ]
    },
    {
      "module": "module.aws_base.module.vpc",
      "mode": "managed",
      "type": "aws_route_table",
      "name": "public",
      "provider": "provider[\"registry.terraform.io/hashicorp/aws\"]",
      "instances": [
        {
          "index_key": 0,
          "schema_version": 0,
          "attributes": {
            "arn": "arn:aws:ec2:ca-central-1:332745928618:route-table/rtb-0fa18f9701eece466",
            "id": "rtb-0fa18f9701eece466",
            "owner_id": "332745928618",
            "propagating_vgws": [],
            "route": [
              {
                "carrier_gateway_id": "",
                "cidr_block": "0.0.0.0/0",
                "core_network_arn": "",
                "destination_prefix_list_id": "",
                "egress_only_gateway_id": "",
                "gateway_id": "igw-0e91fff5db8f24cdb",
                "ipv6_cidr_block": "",
                "local_gateway_id": "",
                "nat_gateway_id": "",
                "network_interface_id": "",
                "transit_gateway_id": "",
                "vpc_endpoint_id": "",
                "vpc_peering_connection_id": ""
              }
            ],
            "tags": {
              "Environment": "Demo-with-terraform",
              "Name": "demo-e7jks7-public",
              "Owner": "siddharth.nahar",
              "ownerEmail": "siddharth.nahar@databricks.com"
            },
            "tags_all": {
              "Environment": "Demo-with-terraform",
              "Name": "demo-e7jks7-public",
              "Owner": "siddharth.nahar",
              "ownerEmail": "siddharth.nahar@databricks.com"
            },
            "timeouts": null,
            "vpc_id": "vpc-070bf896378c0ec67"
          },
          "sensitive_attributes": [],
          "private": "eyJlMmJmYjczMC1lY2FhLTExZTYtOGY4OC0zNDM2M2JjN2M0YzAiOnsiY3JlYXRlIjozMDAwMDAwMDAwMDAsImRlbGV0ZSI6MzAwMDAwMDAwMDAwLCJ1cGRhdGUiOjEyMDAwMDAwMDAwMH19",
          "dependencies": [
            "module.aws_base.module.vpc.aws_vpc.this",
            "module.aws_base.module.vpc.aws_vpc_ipv4_cidr_block_association.this",
            "random_string.naming"
          ]
        }
      ]
    },
    {
      "module": "module.aws_base.module.vpc",
      "mode": "managed",
      "type": "aws_route_table_association",
      "name": "private",
      "provider": "provider[\"registry.terraform.io/hashicorp/aws\"]",
      "instances": [
        {
          "index_key": 0,
          "schema_version": 0,
          "attributes": {
            "gateway_id": "",
            "id": "rtbassoc-09cebc9673f74eee6",
            "route_table_id": "rtb-0a937a0a0b898c714",
            "subnet_id": "subnet-01db5f73e8e3da3fc",
            "timeouts": null
          },
          "sensitive_attributes": [],
          "private": "eyJlMmJmYjczMC1lY2FhLTExZTYtOGY4OC0zNDM2M2JjN2M0YzAiOnsiY3JlYXRlIjozMDAwMDAwMDAwMDAsImRlbGV0ZSI6MzAwMDAwMDAwMDAwLCJ1cGRhdGUiOjEyMDAwMDAwMDAwMH19",
          "dependencies": [
            "module.aws_base.data.aws_availability_zones.available",
            "module.aws_base.module.vpc.aws_route_table.private",
            "module.aws_base.module.vpc.aws_subnet.private",
            "module.aws_base.module.vpc.aws_vpc.this",
            "module.aws_base.module.vpc.aws_vpc_ipv4_cidr_block_association.this",
            "random_string.naming"
          ]
        },
        {
          "index_key": 1,
          "schema_version": 0,
          "attributes": {
            "gateway_id": "",
            "id": "rtbassoc-0c087df624d0e0a37",
            "route_table_id": "rtb-0a937a0a0b898c714",
            "subnet_id": "subnet-0af8afcf18ccc1635",
            "timeouts": null
          },
          "sensitive_attributes": [],
          "private": "eyJlMmJmYjczMC1lY2FhLTExZTYtOGY4OC0zNDM2M2JjN2M0YzAiOnsiY3JlYXRlIjozMDAwMDAwMDAwMDAsImRlbGV0ZSI6MzAwMDAwMDAwMDAwLCJ1cGRhdGUiOjEyMDAwMDAwMDAwMH19",
          "dependencies": [
            "module.aws_base.data.aws_availability_zones.available",
            "module.aws_base.module.vpc.aws_route_table.private",
            "module.aws_base.module.vpc.aws_subnet.private",
            "module.aws_base.module.vpc.aws_vpc.this",
            "module.aws_base.module.vpc.aws_vpc_ipv4_cidr_block_association.this",
            "random_string.naming"
          ]
        }
      ]
    },
    {
      "module": "module.aws_base.module.vpc",
      "mode": "managed",
      "type": "aws_route_table_association",
      "name": "public",
      "provider": "provider[\"registry.terraform.io/hashicorp/aws\"]",
      "instances": [
        {
          "index_key": 0,
          "schema_version": 0,
          "attributes": {
            "gateway_id": "",
            "id": "rtbassoc-079f0f61091572d80",
            "route_table_id": "rtb-0fa18f9701eece466",
            "subnet_id": "subnet-0dd5fc898a07279e2",
            "timeouts": null
          },
          "sensitive_attributes": [],
          "private": "eyJlMmJmYjczMC1lY2FhLTExZTYtOGY4OC0zNDM2M2JjN2M0YzAiOnsiY3JlYXRlIjozMDAwMDAwMDAwMDAsImRlbGV0ZSI6MzAwMDAwMDAwMDAwLCJ1cGRhdGUiOjEyMDAwMDAwMDAwMH19",
          "dependencies": [
            "module.aws_base.data.aws_availability_zones.available",
            "module.aws_base.module.vpc.aws_route_table.public",
            "module.aws_base.module.vpc.aws_subnet.public",
            "module.aws_base.module.vpc.aws_vpc.this",
            "module.aws_base.module.vpc.aws_vpc_ipv4_cidr_block_association.this",
            "random_string.naming"
          ]
        }
      ]
    },
    {
      "module": "module.aws_base.module.vpc",
      "mode": "managed",
      "type": "aws_subnet",
      "name": "private",
      "provider": "provider[\"registry.terraform.io/hashicorp/aws\"]",
      "instances": [
        {
          "index_key": 0,
          "schema_version": 1,
          "attributes": {
            "arn": "arn:aws:ec2:ca-central-1:332745928618:subnet/subnet-01db5f73e8e3da3fc",
            "assign_ipv6_address_on_creation": false,
            "availability_zone": "ca-central-1a",
            "availability_zone_id": "cac1-az1",
            "cidr_block": "10.4.32.0/19",
            "customer_owned_ipv4_pool": "",
            "enable_dns64": false,
            "enable_lni_at_device_index": 0,
            "enable_resource_name_dns_a_record_on_launch": false,
            "enable_resource_name_dns_aaaa_record_on_launch": false,
            "id": "subnet-01db5f73e8e3da3fc",
            "ipv6_cidr_block": "",
            "ipv6_cidr_block_association_id": "",
            "ipv6_native": false,
            "map_customer_owned_ip_on_launch": false,
            "map_public_ip_on_launch": false,
            "outpost_arn": "",
            "owner_id": "332745928618",
            "private_dns_hostname_type_on_launch": "ip-name",
            "tags": {
              "Environment": "Demo-with-terraform",
              "Name": "demo-e7jks7-private-ca-central-1a",
              "Owner": "siddharth.nahar",
              "ownerEmail": "siddharth.nahar@databricks.com"
            },
            "tags_all": {
              "Environment": "Demo-with-terraform",
              "Name": "demo-e7jks7-private-ca-central-1a",
              "Owner": "siddharth.nahar",
              "ownerEmail": "siddharth.nahar@databricks.com"
            },
            "timeouts": null,
            "vpc_id": "vpc-070bf896378c0ec67"
          },
          "sensitive_attributes": [],
          "private": "eyJlMmJmYjczMC1lY2FhLTExZTYtOGY4OC0zNDM2M2JjN2M0YzAiOnsiY3JlYXRlIjo2MDAwMDAwMDAwMDAsImRlbGV0ZSI6MTIwMDAwMDAwMDAwMH0sInNjaGVtYV92ZXJzaW9uIjoiMSJ9",
          "dependencies": [
            "module.aws_base.data.aws_availability_zones.available",
            "module.aws_base.module.vpc.aws_vpc.this",
            "module.aws_base.module.vpc.aws_vpc_ipv4_cidr_block_association.this",
            "random_string.naming"
          ]
        },
        {
          "index_key": 1,
          "schema_version": 1,
          "attributes": {
            "arn": "arn:aws:ec2:ca-central-1:332745928618:subnet/subnet-0af8afcf18ccc1635",
            "assign_ipv6_address_on_creation": false,
            "availability_zone": "ca-central-1b",
            "availability_zone_id": "cac1-az2",
            "cidr_block": "10.4.64.0/19",
            "customer_owned_ipv4_pool": "",
            "enable_dns64": false,
            "enable_lni_at_device_index": 0,
            "enable_resource_name_dns_a_record_on_launch": false,
            "enable_resource_name_dns_aaaa_record_on_launch": false,
            "id": "subnet-0af8afcf18ccc1635",
            "ipv6_cidr_block": "",
            "ipv6_cidr_block_association_id": "",
            "ipv6_native": false,
            "map_customer_owned_ip_on_launch": false,
            "map_public_ip_on_launch": false,
            "outpost_arn": "",
            "owner_id": "332745928618",
            "private_dns_hostname_type_on_launch": "ip-name",
            "tags": {
              "Environment": "Demo-with-terraform",
              "Name": "demo-e7jks7-private-ca-central-1b",
              "Owner": "siddharth.nahar",
              "ownerEmail": "siddharth.nahar@databricks.com"
            },
            "tags_all": {
              "Environment": "Demo-with-terraform",
              "Name": "demo-e7jks7-private-ca-central-1b",
              "Owner": "siddharth.nahar",
              "ownerEmail": "siddharth.nahar@databricks.com"
            },
            "timeouts": null,
            "vpc_id": "vpc-070bf896378c0ec67"
          },
          "sensitive_attributes": [],
          "private": "eyJlMmJmYjczMC1lY2FhLTExZTYtOGY4OC0zNDM2M2JjN2M0YzAiOnsiY3JlYXRlIjo2MDAwMDAwMDAwMDAsImRlbGV0ZSI6MTIwMDAwMDAwMDAwMH0sInNjaGVtYV92ZXJzaW9uIjoiMSJ9",
          "dependencies": [
            "module.aws_base.data.aws_availability_zones.available",
            "module.aws_base.module.vpc.aws_vpc.this",
            "module.aws_base.module.vpc.aws_vpc_ipv4_cidr_block_association.this",
            "random_string.naming"
          ]
        }
      ]
    },
    {
      "module": "module.aws_base.module.vpc",
      "mode": "managed",
      "type": "aws_subnet",
      "name": "public",
      "provider": "provider[\"registry.terraform.io/hashicorp/aws\"]",
      "instances": [
        {
          "index_key": 0,
          "schema_version": 1,
          "attributes": {
            "arn": "arn:aws:ec2:ca-central-1:332745928618:subnet/subnet-0dd5fc898a07279e2",
            "assign_ipv6_address_on_creation": false,
            "availability_zone": "ca-central-1a",
            "availability_zone_id": "cac1-az1",
            "cidr_block": "10.4.0.0/19",
            "customer_owned_ipv4_pool": "",
            "enable_dns64": false,
            "enable_lni_at_device_index": 0,
            "enable_resource_name_dns_a_record_on_launch": false,
            "enable_resource_name_dns_aaaa_record_on_launch": false,
            "id": "subnet-0dd5fc898a07279e2",
            "ipv6_cidr_block": "",
            "ipv6_cidr_block_association_id": "",
            "ipv6_native": false,
            "map_customer_owned_ip_on_launch": false,
            "map_public_ip_on_launch": false,
            "outpost_arn": "",
            "owner_id": "332745928618",
            "private_dns_hostname_type_on_launch": "ip-name",
            "tags": {
              "Environment": "Demo-with-terraform",
              "Name": "demo-e7jks7-public-ca-central-1a",
              "Owner": "siddharth.nahar",
              "ownerEmail": "siddharth.nahar@databricks.com"
            },
            "tags_all": {
              "Environment": "Demo-with-terraform",
              "Name": "demo-e7jks7-public-ca-central-1a",
              "Owner": "siddharth.nahar",
              "ownerEmail": "siddharth.nahar@databricks.com"
            },
            "timeouts": null,
            "vpc_id": "vpc-070bf896378c0ec67"
          },
          "sensitive_attributes": [],
          "private": "eyJlMmJmYjczMC1lY2FhLTExZTYtOGY4OC0zNDM2M2JjN2M0YzAiOnsiY3JlYXRlIjo2MDAwMDAwMDAwMDAsImRlbGV0ZSI6MTIwMDAwMDAwMDAwMH0sInNjaGVtYV92ZXJzaW9uIjoiMSJ9",
          "dependencies": [
            "module.aws_base.data.aws_availability_zones.available",
            "module.aws_base.module.vpc.aws_vpc.this",
            "module.aws_base.module.vpc.aws_vpc_ipv4_cidr_block_association.this",
            "random_string.naming"
          ]
        }
      ]
    },
    {
      "module": "module.aws_base.module.vpc",
      "mode": "managed",
      "type": "aws_vpc",
      "name": "this",
      "provider": "provider[\"registry.terraform.io/hashicorp/aws\"]",
      "instances": [
        {
          "index_key": 0,
          "schema_version": 1,
          "attributes": {
            "arn": "arn:aws:ec2:ca-central-1:332745928618:vpc/vpc-070bf896378c0ec67",
            "assign_generated_ipv6_cidr_block": false,
            "cidr_block": "10.4.0.0/16",
            "default_network_acl_id": "acl-020b9193c56dba1e6",
            "default_route_table_id": "rtb-0dc5b9cdd03b95038",
            "default_security_group_id": "sg-0ddea38522352bbdf",
            "dhcp_options_id": "dopt-004136dce1e347573",
            "enable_dns_hostnames": true,
            "enable_dns_support": true,
            "enable_network_address_usage_metrics": false,
            "id": "vpc-070bf896378c0ec67",
            "instance_tenancy": "default",
            "ipv4_ipam_pool_id": null,
            "ipv4_netmask_length": null,
            "ipv6_association_id": "",
            "ipv6_cidr_block": "",
            "ipv6_cidr_block_network_border_group": "",
            "ipv6_ipam_pool_id": "",
            "ipv6_netmask_length": 0,
            "main_route_table_id": "rtb-0dc5b9cdd03b95038",
            "owner_id": "332745928618",
            "tags": {
              "Environment": "Demo-with-terraform",
              "Name": "demo-e7jks7",
              "Owner": "siddharth.nahar",
              "ownerEmail": "siddharth.nahar@databricks.com"
            },
            "tags_all": {
              "Environment": "Demo-with-terraform",
              "Name": "demo-e7jks7",
              "Owner": "siddharth.nahar",
              "ownerEmail": "siddharth.nahar@databricks.com"
            }
          },
          "sensitive_attributes": [],
          "private": "eyJzY2hlbWFfdmVyc2lvbiI6IjEifQ==",
          "dependencies": [
            "random_string.naming"
          ],
          "create_before_destroy": true
        }
      ]
    },
    {
      "module": "module.aws_base.module.vpc_endpoints",
      "mode": "data",
      "type": "aws_vpc_endpoint_service",
      "name": "this",
      "provider": "provider[\"registry.terraform.io/hashicorp/aws\"]",
      "instances": [
        {
          "index_key": "kinesis-streams",
          "schema_version": 0,
          "attributes": {
            "acceptance_required": false,
            "arn": "arn:aws:ec2:ca-central-1:332745928618:vpc-endpoint-service/vpce-svc-084e27667747f81e2",
            "availability_zones": [
              "ca-central-1a",
              "ca-central-1b",
              "ca-central-1d"
            ],
            "base_endpoint_dns_names": [
              "kinesis.ca-central-1.vpce.amazonaws.com"
            ],
            "filter": [
              {
                "name": "service-type",
                "values": [
                  "Interface"
                ]
              }
            ],
            "id": "962563071",
            "manages_vpc_endpoints": false,
            "owner": "amazon",
            "private_dns_name": "kinesis.ca-central-1.amazonaws.com",
            "private_dns_names": [
              "*.control-kinesis.ca-central-1.amazonaws.com",
              "*.data-kinesis.ca-central-1.amazonaws.com",
              "kinesis.ca-central-1.amazonaws.com",
              "kinesis.ca-central-1.api.aws"
            ],
            "region": "ca-central-1",
            "service": "kinesis-streams",
            "service_id": "vpce-svc-084e27667747f81e2",
            "service_name": "com.amazonaws.ca-central-1.kinesis-streams",
            "service_regions": null,
            "service_type": "Interface",
            "supported_ip_address_types": [
              "ipv4"
            ],
            "tags": {},
            "timeouts": null,
            "vpc_endpoint_policy_supported": true
          },
          "sensitive_attributes": []
        },
        {
          "index_key": "s3",
          "schema_version": 0,
          "attributes": {
            "acceptance_required": false,
            "arn": "arn:aws:ec2:ca-central-1:332745928618:vpc-endpoint-service/vpce-svc-003ae1489c63a6590",
            "availability_zones": [
              "ca-central-1a",
              "ca-central-1b",
              "ca-central-1d"
            ],
            "base_endpoint_dns_names": [
              "s3.ca-central-1.amazonaws.com"
            ],
            "filter": [
              {
                "name": "service-type",
                "values": [
                  "Gateway"
                ]
              }
            ],
            "id": "2773141372",
            "manages_vpc_endpoints": false,
            "owner": "amazon",
            "private_dns_name": "",
            "private_dns_names": [],
            "region": "ca-central-1",
            "service": "s3",
            "service_id": "vpce-svc-003ae1489c63a6590",
            "service_name": "com.amazonaws.ca-central-1.s3",
            "service_regions": null,
            "service_type": "Gateway",
            "supported_ip_address_types": [
              "ipv4"
            ],
            "tags": {},
            "timeouts": null,
            "vpc_endpoint_policy_supported": true
          },
          "sensitive_attributes": []
        },
        {
          "index_key": "sts",
          "schema_version": 0,
          "attributes": {
            "acceptance_required": false,
            "arn": "arn:aws:ec2:ca-central-1:332745928618:vpc-endpoint-service/vpce-svc-0840f7284328e95f4",
            "availability_zones": [
              "ca-central-1a",
              "ca-central-1b",
              "ca-central-1d"
            ],
            "base_endpoint_dns_names": [
              "sts.ca-central-1.vpce.amazonaws.com"
            ],
            "filter": [
              {
                "name": "service-type",
                "values": [
                  "Interface"
                ]
              }
            ],
            "id": "4246757657",
            "manages_vpc_endpoints": false,
            "owner": "amazon",
            "private_dns_name": "sts.ca-central-1.amazonaws.com",
            "private_dns_names": [
              "sts.ca-central-1.amazonaws.com"
            ],
            "region": "ca-central-1",
            "service": "sts",
            "service_id": "vpce-svc-0840f7284328e95f4",
            "service_name": "com.amazonaws.ca-central-1.sts",
            "service_regions": null,
            "service_type": "Interface",
            "supported_ip_address_types": [
              "ipv4"
            ],
            "tags": {},
            "timeouts": null,
            "vpc_endpoint_policy_supported": true
          },
          "sensitive_attributes": []
        }
      ]
    },
    {
      "module": "module.aws_base.module.vpc_endpoints",
      "mode": "managed",
      "type": "aws_vpc_endpoint",
      "name": "this",
      "provider": "provider[\"registry.terraform.io/hashicorp/aws\"]",
      "instances": [
        {
          "index_key": "kinesis-streams",
          "schema_version": 0,
          "attributes": {
            "arn": "arn:aws:ec2:ca-central-1:332745928618:vpc-endpoint/vpce-061a4c715bf6e8cf1",
            "auto_accept": null,
            "cidr_blocks": [],
            "dns_entry": [
              {
                "dns_name": "vpce-061a4c715bf6e8cf1-ztzj5i98.kinesis.ca-central-1.vpce.amazonaws.com",
                "hosted_zone_id": "ZRCXCF510Y6P9"
              },
              {
                "dns_name": "vpce-061a4c715bf6e8cf1-ztzj5i98-ca-central-1a.kinesis.ca-central-1.vpce.amazonaws.com",
                "hosted_zone_id": "ZRCXCF510Y6P9"
              },
              {
                "dns_name": "vpce-061a4c715bf6e8cf1-ztzj5i98-ca-central-1b.kinesis.ca-central-1.vpce.amazonaws.com",
                "hosted_zone_id": "ZRCXCF510Y6P9"
              },
              {
                "dns_name": "kinesis.ca-central-1.amazonaws.com",
                "hosted_zone_id": "Z021811710YC7NTNFPRQS"
              },
              {
                "dns_name": "kinesis.ca-central-1.api.aws",
                "hosted_zone_id": "Z02192431KV1Y4Z9RR17N"
              },
              {
                "dns_name": "control-kinesis.ca-central-1.amazonaws.com",
                "hosted_zone_id": "Z011338518BIMJ0PNPD95"
              },
              {
                "dns_name": "*.control-kinesis.ca-central-1.amazonaws.com",
                "hosted_zone_id": "Z011338518BIMJ0PNPD95"
              },
              {
                "dns_name": "data-kinesis.ca-central-1.amazonaws.com",
                "hosted_zone_id": "Z02193451XDO6G3YWLRUA"
              },
              {
                "dns_name": "*.data-kinesis.ca-central-1.amazonaws.com",
                "hosted_zone_id": "Z02193451XDO6G3YWLRUA"
              }
            ],
            "dns_options": [
              {
                "dns_record_ip_type": "ipv4",
                "private_dns_only_for_inbound_resolver_endpoint": false
              }
            ],
            "id": "vpce-061a4c715bf6e8cf1",
            "ip_address_type": "ipv4",
            "network_interface_ids": [
              "eni-0479df3a5ac2a67c0",
              "eni-05e87d2d49b043fbe"
            ],
            "owner_id": "332745928618",
            "policy": "{\"Statement\":[{\"Action\":\"*\",\"Effect\":\"Allow\",\"Principal\":\"*\",\"Resource\":\"*\"}]}",
            "prefix_list_id": null,
            "private_dns_enabled": true,
            "requester_managed": false,
            "resource_configuration_arn": "",
            "route_table_ids": [],
            "security_group_ids": [
              "sg-0ddea38522352bbdf"
            ],
            "service_name": "com.amazonaws.ca-central-1.kinesis-streams",
            "service_network_arn": "",
            "service_region": "ca-central-1",
            "state": "available",
            "subnet_configuration": [
              {
                "ipv4": "10.4.58.107",
                "ipv6": "",
                "subnet_id": "subnet-01db5f73e8e3da3fc"
              },
              {
                "ipv4": "10.4.74.34",
                "ipv6": "",
                "subnet_id": "subnet-0af8afcf18ccc1635"
              }
            ],
            "subnet_ids": [
              "subnet-01db5f73e8e3da3fc",
              "subnet-0af8afcf18ccc1635"
            ],
            "tags": {
              "Environment": "Demo-with-terraform",
              "Name": "demo-e7jks7-kinesis-vpc-endpoint",
              "Owner": "siddharth.nahar",
              "ownerEmail": "siddharth.nahar@databricks.com"
            },
            "tags_all": {
              "Environment": "Demo-with-terraform",
              "Name": "demo-e7jks7-kinesis-vpc-endpoint",
              "Owner": "siddharth.nahar",
              "ownerEmail": "siddharth.nahar@databricks.com"
            },
            "timeouts": {
              "create": "10m",
              "delete": "10m",
              "update": "10m"
            },
            "vpc_endpoint_type": "Interface",
            "vpc_id": "vpc-070bf896378c0ec67"
          },
          "sensitive_attributes": [],
          "private": "eyJlMmJmYjczMC1lY2FhLTExZTYtOGY4OC0zNDM2M2JjN2M0YzAiOnsiY3JlYXRlIjo2MDAwMDAwMDAwMDAsImRlbGV0ZSI6NjAwMDAwMDAwMDAwLCJ1cGRhdGUiOjYwMDAwMDAwMDAwMH19",
          "dependencies": [
            "module.aws_base.data.aws_availability_zones.available",
            "module.aws_base.module.vpc.aws_route_table.private",
            "module.aws_base.module.vpc.aws_route_table.public",
            "module.aws_base.module.vpc.aws_subnet.private",
            "module.aws_base.module.vpc.aws_vpc.this",
            "module.aws_base.module.vpc.aws_vpc_ipv4_cidr_block_association.this",
            "module.aws_base.module.vpc_endpoints.aws_security_group.this",
            "module.aws_base.module.vpc_endpoints.data.aws_vpc_endpoint_service.this",
            "random_string.naming"
          ]
        },
        {
          "index_key": "s3",
          "schema_version": 0,
          "attributes": {
            "arn": "arn:aws:ec2:ca-central-1:332745928618:vpc-endpoint/vpce-0758da23a311e6e02",
            "auto_accept": null,
            "cidr_blocks": [
              "16.12.4.0/23",
              "3.5.252.0/22",
              "52.95.190.0/24",
              "52.95.146.0/23",
              "52.95.145.0/24"
            ],
            "dns_entry": [],
            "dns_options": [],
            "id": "vpce-0758da23a311e6e02",
            "ip_address_type": "",
            "network_interface_ids": [],
            "owner_id": "332745928618",
            "policy": "{\"Statement\":[{\"Action\":\"*\",\"Effect\":\"Allow\",\"Principal\":\"*\",\"Resource\":\"*\"}],\"Version\":\"2008-10-17\"}",
            "prefix_list_id": "pl-7da54014",
            "private_dns_enabled": false,
            "requester_managed": false,
            "resource_configuration_arn": "",
            "route_table_ids": [
              "rtb-0a937a0a0b898c714",
              "rtb-0fa18f9701eece466"
            ],
            "security_group_ids": [],
            "service_name": "com.amazonaws.ca-central-1.s3",
            "service_network_arn": "",
            "service_region": "",
            "state": "available",
            "subnet_configuration": [],
            "subnet_ids": [],
            "tags": {
              "Environment": "Demo-with-terraform",
              "Name": "demo-e7jks7-s3-vpc-endpoint",
              "Owner": "siddharth.nahar",
              "ownerEmail": "siddharth.nahar@databricks.com"
            },
            "tags_all": {
              "Environment": "Demo-with-terraform",
              "Name": "demo-e7jks7-s3-vpc-endpoint",
              "Owner": "siddharth.nahar",
              "ownerEmail": "siddharth.nahar@databricks.com"
            },
            "timeouts": {
              "create": "10m",
              "delete": "10m",
              "update": "10m"
            },
            "vpc_endpoint_type": "Gateway",
            "vpc_id": "vpc-070bf896378c0ec67"
          },
          "sensitive_attributes": [],
          "private": "eyJlMmJmYjczMC1lY2FhLTExZTYtOGY4OC0zNDM2M2JjN2M0YzAiOnsiY3JlYXRlIjo2MDAwMDAwMDAwMDAsImRlbGV0ZSI6NjAwMDAwMDAwMDAwLCJ1cGRhdGUiOjYwMDAwMDAwMDAwMH19",
          "dependencies": [
            "module.aws_base.data.aws_availability_zones.available",
            "module.aws_base.module.vpc.aws_route_table.private",
            "module.aws_base.module.vpc.aws_route_table.public",
            "module.aws_base.module.vpc.aws_subnet.private",
            "module.aws_base.module.vpc.aws_vpc.this",
            "module.aws_base.module.vpc.aws_vpc_ipv4_cidr_block_association.this",
            "module.aws_base.module.vpc_endpoints.aws_security_group.this",
            "module.aws_base.module.vpc_endpoints.data.aws_vpc_endpoint_service.this",
            "random_string.naming"
          ]
        },
        {
          "index_key": "sts",
          "schema_version": 0,
          "attributes": {
            "arn": "arn:aws:ec2:ca-central-1:332745928618:vpc-endpoint/vpce-068e6e49427905400",
            "auto_accept": null,
            "cidr_blocks": [],
            "dns_entry": [
              {
                "dns_name": "vpce-068e6e49427905400-4fd0mztk.sts.ca-central-1.vpce.amazonaws.com",
                "hosted_zone_id": "ZRCXCF510Y6P9"
              },
              {
                "dns_name": "vpce-068e6e49427905400-4fd0mztk-ca-central-1b.sts.ca-central-1.vpce.amazonaws.com",
                "hosted_zone_id": "ZRCXCF510Y6P9"
              },
              {
                "dns_name": "vpce-068e6e49427905400-4fd0mztk-ca-central-1a.sts.ca-central-1.vpce.amazonaws.com",
                "hosted_zone_id": "ZRCXCF510Y6P9"
              },
              {
                "dns_name": "sts.ca-central-1.amazonaws.com",
                "hosted_zone_id": "Z0217946PIC74U6BEWH1"
              }
            ],
            "dns_options": [
              {
                "dns_record_ip_type": "ipv4",
                "private_dns_only_for_inbound_resolver_endpoint": false
              }
            ],
            "id": "vpce-068e6e49427905400",
            "ip_address_type": "ipv4",
            "network_interface_ids": [
              "eni-03e37bec8c46bafc4",
              "eni-0a1e017ffd95f591b"
            ],
            "owner_id": "332745928618",
            "policy": "{\"Statement\":[{\"Action\":\"*\",\"Effect\":\"Allow\",\"Principal\":\"*\",\"Resource\":\"*\"}]}",
            "prefix_list_id": null,
            "private_dns_enabled": true,
            "requester_managed": false,
            "resource_configuration_arn": "",
            "route_table_ids": [],
            "security_group_ids": [
              "sg-0ddea38522352bbdf"
            ],
            "service_name": "com.amazonaws.ca-central-1.sts",
            "service_network_arn": "",
            "service_region": "ca-central-1",
            "state": "available",
            "subnet_configuration": [
              {
                "ipv4": "10.4.43.194",
                "ipv6": "",
                "subnet_id": "subnet-01db5f73e8e3da3fc"
              },
              {
                "ipv4": "10.4.66.99",
                "ipv6": "",
                "subnet_id": "subnet-0af8afcf18ccc1635"
              }
            ],
            "subnet_ids": [
              "subnet-01db5f73e8e3da3fc",
              "subnet-0af8afcf18ccc1635"
            ],
            "tags": {
              "Environment": "Demo-with-terraform",
              "Name": "demo-e7jks7-sts-vpc-endpoint",
              "Owner": "siddharth.nahar",
              "ownerEmail": "siddharth.nahar@databricks.com"
            },
            "tags_all": {
              "Environment": "Demo-with-terraform",
              "Name": "demo-e7jks7-sts-vpc-endpoint",
              "Owner": "siddharth.nahar",
              "ownerEmail": "siddharth.nahar@databricks.com"
            },
            "timeouts": {
              "create": "10m",
              "delete": "10m",
              "update": "10m"
            },
            "vpc_endpoint_type": "Interface",
            "vpc_id": "vpc-070bf896378c0ec67"
          },
          "sensitive_attributes": [],
          "private": "eyJlMmJmYjczMC1lY2FhLTExZTYtOGY4OC0zNDM2M2JjN2M0YzAiOnsiY3JlYXRlIjo2MDAwMDAwMDAwMDAsImRlbGV0ZSI6NjAwMDAwMDAwMDAwLCJ1cGRhdGUiOjYwMDAwMDAwMDAwMH19",
          "dependencies": [
            "module.aws_base.data.aws_availability_zones.available",
            "module.aws_base.module.vpc.aws_route_table.private",
            "module.aws_base.module.vpc.aws_route_table.public",
            "module.aws_base.module.vpc.aws_subnet.private",
            "module.aws_base.module.vpc.aws_vpc.this",
            "module.aws_base.module.vpc.aws_vpc_ipv4_cidr_block_association.this",
            "module.aws_base.module.vpc_endpoints.aws_security_group.this",
            "module.aws_base.module.vpc_endpoints.data.aws_vpc_endpoint_service.this",
            "random_string.naming"
          ]
        }
      ]
    },
    {
      "module": "module.databricks_workspace",
      "mode": "managed",
      "type": "databricks_mws_credentials",
      "name": "this",
      "provider": "provider[\"registry.terraform.io/databricks/databricks\"].mws",
      "instances": [
        {
          "schema_version": 0,
          "attributes": {
            "account_id": "0d26daa6-5e44-4c97-a497-ef015f91254a",
            "creation_time": 1744478718952,
            "credentials_id": "573f02e7-71bb-4ce8-8ffe-99d341725a52",
            "credentials_name": "demo-e7jks7-creds",
            "external_id": "0d26daa6-5e44-4c97-a497-ef015f91254a",
            "id": "0d26daa6-5e44-4c97-a497-ef015f91254a/573f02e7-71bb-4ce8-8ffe-99d341725a52",
            "role_arn": "arn:aws:iam::332745928618:role/demo-e7jks7-crossaccount"
          },
          "sensitive_attributes": [],
          "private": "bnVsbA==",
          "dependencies": [
            "data.aws_caller_identity.current",
            "module.aws_base.aws_iam_role.cross_account_role",
            "module.aws_base.aws_iam_role_policy.this",
            "module.aws_base.aws_s3_bucket.root_storage_bucket",
            "module.aws_base.aws_s3_bucket_policy.root_bucket_policy",
            "module.aws_base.aws_s3_bucket_public_access_block.root_storage_bucket",
            "module.aws_base.aws_s3_bucket_server_side_encryption_configuration.root_storage_bucket",
            "module.aws_base.aws_s3_bucket_versioning.versioning_example",
            "module.aws_base.data.aws_availability_zones.available",
            "module.aws_base.data.aws_iam_policy_document.this",
            "module.aws_base.data.databricks_aws_assume_role_policy.this",
            "module.aws_base.data.databricks_aws_bucket_policy.this",
            "module.aws_base.data.databricks_aws_crossaccount_policy.this",
            "module.aws_base.module.vpc.aws_cloudwatch_log_group.flow_log",
            "module.aws_base.module.vpc.aws_customer_gateway.this",
            "module.aws_base.module.vpc.aws_db_subnet_group.database",
            "module.aws_base.module.vpc.aws_default_network_acl.this",
            "module.aws_base.module.vpc.aws_default_route_table.default",
            "module.aws_base.module.vpc.aws_default_security_group.this",
            "module.aws_base.module.vpc.aws_default_vpc.this",
            "module.aws_base.module.vpc.aws_egress_only_internet_gateway.this",
            "module.aws_base.module.vpc.aws_eip.nat",
            "module.aws_base.module.vpc.aws_elasticache_subnet_group.elasticache",
            "module.aws_base.module.vpc.aws_flow_log.this",
            "module.aws_base.module.vpc.aws_iam_policy.vpc_flow_log_cloudwatch",
            "module.aws_base.module.vpc.aws_iam_role.vpc_flow_log_cloudwatch",
            "module.aws_base.module.vpc.aws_iam_role_policy_attachment.vpc_flow_log_cloudwatch",
            "module.aws_base.module.vpc.aws_internet_gateway.this",
            "module.aws_base.module.vpc.aws_nat_gateway.this",
            "module.aws_base.module.vpc.aws_network_acl.database",
            "module.aws_base.module.vpc.aws_network_acl.elasticache",
            "module.aws_base.module.vpc.aws_network_acl.intra",
            "module.aws_base.module.vpc.aws_network_acl.outpost",
            "module.aws_base.module.vpc.aws_network_acl.private",
            "module.aws_base.module.vpc.aws_network_acl.public",
            "module.aws_base.module.vpc.aws_network_acl.redshift",
            "module.aws_base.module.vpc.aws_network_acl_rule.database_inbound",
            "module.aws_base.module.vpc.aws_network_acl_rule.database_outbound",
            "module.aws_base.module.vpc.aws_network_acl_rule.elasticache_inbound",
            "module.aws_base.module.vpc.aws_network_acl_rule.elasticache_outbound",
            "module.aws_base.module.vpc.aws_network_acl_rule.intra_inbound",
            "module.aws_base.module.vpc.aws_network_acl_rule.intra_outbound",
            "module.aws_base.module.vpc.aws_network_acl_rule.outpost_inbound",
            "module.aws_base.module.vpc.aws_network_acl_rule.outpost_outbound",
            "module.aws_base.module.vpc.aws_network_acl_rule.private_inbound",
            "module.aws_base.module.vpc.aws_network_acl_rule.private_outbound",
            "module.aws_base.module.vpc.aws_network_acl_rule.public_inbound",
            "module.aws_base.module.vpc.aws_network_acl_rule.public_outbound",
            "module.aws_base.module.vpc.aws_network_acl_rule.redshift_inbound",
            "module.aws_base.module.vpc.aws_network_acl_rule.redshift_outbound",
            "module.aws_base.module.vpc.aws_redshift_subnet_group.redshift",
            "module.aws_base.module.vpc.aws_route.database_dns64_nat_gateway",
            "module.aws_base.module.vpc.aws_route.database_internet_gateway",
            "module.aws_base.module.vpc.aws_route.database_ipv6_egress",
            "module.aws_base.module.vpc.aws_route.database_nat_gateway",
            "module.aws_base.module.vpc.aws_route.private_dns64_nat_gateway",
            "module.aws_base.module.vpc.aws_route.private_ipv6_egress",
            "module.aws_base.module.vpc.aws_route.private_nat_gateway",
            "module.aws_base.module.vpc.aws_route.public_internet_gateway",
            "module.aws_base.module.vpc.aws_route.public_internet_gateway_ipv6",
            "module.aws_base.module.vpc.aws_route_table.database",
            "module.aws_base.module.vpc.aws_route_table.elasticache",
            "module.aws_base.module.vpc.aws_route_table.intra",
            "module.aws_base.module.vpc.aws_route_table.private",
            "module.aws_base.module.vpc.aws_route_table.public",
            "module.aws_base.module.vpc.aws_route_table.redshift",
            "module.aws_base.module.vpc.aws_route_table_association.database",
            "module.aws_base.module.vpc.aws_route_table_association.elasticache",
            "module.aws_base.module.vpc.aws_route_table_association.intra",
            "module.aws_base.module.vpc.aws_route_table_association.outpost",
            "module.aws_base.module.vpc.aws_route_table_association.private",
            "module.aws_base.module.vpc.aws_route_table_association.public",
            "module.aws_base.module.vpc.aws_route_table_association.redshift",
            "module.aws_base.module.vpc.aws_route_table_association.redshift_public",
            "module.aws_base.module.vpc.aws_subnet.database",
            "module.aws_base.module.vpc.aws_subnet.elasticache",
            "module.aws_base.module.vpc.aws_subnet.intra",
            "module.aws_base.module.vpc.aws_subnet.outpost",
            "module.aws_base.module.vpc.aws_subnet.private",
            "module.aws_base.module.vpc.aws_subnet.public",
            "module.aws_base.module.vpc.aws_subnet.redshift",
            "module.aws_base.module.vpc.aws_vpc.this",
            "module.aws_base.module.vpc.aws_vpc_dhcp_options.this",
            "module.aws_base.module.vpc.aws_vpc_dhcp_options_association.this",
            "module.aws_base.module.vpc.aws_vpc_ipv4_cidr_block_association.this",
            "module.aws_base.module.vpc.aws_vpn_gateway.this",
            "module.aws_base.module.vpc.aws_vpn_gateway_attachment.this",
            "module.aws_base.module.vpc.aws_vpn_gateway_route_propagation.intra",
            "module.aws_base.module.vpc.aws_vpn_gateway_route_propagation.private",
            "module.aws_base.module.vpc.aws_vpn_gateway_route_propagation.public",
            "module.aws_base.module.vpc.data.aws_iam_policy_document.flow_log_cloudwatch_assume_role",
            "module.aws_base.module.vpc.data.aws_iam_policy_document.vpc_flow_log_cloudwatch",
            "module.aws_base.module.vpc_endpoints.aws_security_group.this",
            "module.aws_base.module.vpc_endpoints.aws_security_group_rule.this",
            "module.aws_base.module.vpc_endpoints.aws_vpc_endpoint.this",
            "module.aws_base.module.vpc_endpoints.data.aws_vpc_endpoint_service.this",
            "random_string.naming"
          ]
        }
      ]
    },
    {
      "module": "module.databricks_workspace",
      "mode": "managed",
      "type": "databricks_mws_networks",
      "name": "this",
      "provider": "provider[\"registry.terraform.io/databricks/databricks\"].mws",
      "instances": [
        {
          "schema_version": 0,
          "attributes": {
            "account_id": "0d26daa6-5e44-4c97-a497-ef015f91254a",
            "creation_time": 1744478718981,
            "error_messages": [],
            "gcp_network_info": [],
            "id": "0d26daa6-5e44-4c97-a497-ef015f91254a/320f4354-2898-4bd4-b4a1-db30cef13d65",
            "network_id": "320f4354-2898-4bd4-b4a1-db30cef13d65",
            "network_name": "demo-e7jks7-network",
            "security_group_ids": [
              "sg-0ddea38522352bbdf"
            ],
            "subnet_ids": [
              "subnet-01db5f73e8e3da3fc",
              "subnet-0af8afcf18ccc1635"
            ],
            "vpc_endpoints": [],
            "vpc_id": "vpc-070bf896378c0ec67",
            "vpc_status": "VALID",
            "workspace_id": 2497390458405991
          },
          "sensitive_attributes": [
            [
              {
                "type": "get_attr",
                "value": "account_id"
              }
            ]
          ],
          "private": "bnVsbA==",
          "dependencies": [
            "data.aws_caller_identity.current",
            "module.aws_base.aws_iam_role.cross_account_role",
            "module.aws_base.aws_iam_role_policy.this",
            "module.aws_base.aws_s3_bucket.root_storage_bucket",
            "module.aws_base.aws_s3_bucket_policy.root_bucket_policy",
            "module.aws_base.aws_s3_bucket_public_access_block.root_storage_bucket",
            "module.aws_base.aws_s3_bucket_server_side_encryption_configuration.root_storage_bucket",
            "module.aws_base.aws_s3_bucket_versioning.versioning_example",
            "module.aws_base.data.aws_availability_zones.available",
            "module.aws_base.data.aws_iam_policy_document.this",
            "module.aws_base.data.databricks_aws_assume_role_policy.this",
            "module.aws_base.data.databricks_aws_bucket_policy.this",
            "module.aws_base.data.databricks_aws_crossaccount_policy.this",
            "module.aws_base.module.vpc.aws_cloudwatch_log_group.flow_log",
            "module.aws_base.module.vpc.aws_customer_gateway.this",
            "module.aws_base.module.vpc.aws_db_subnet_group.database",
            "module.aws_base.module.vpc.aws_default_network_acl.this",
            "module.aws_base.module.vpc.aws_default_route_table.default",
            "module.aws_base.module.vpc.aws_default_security_group.this",
            "module.aws_base.module.vpc.aws_default_vpc.this",
            "module.aws_base.module.vpc.aws_egress_only_internet_gateway.this",
            "module.aws_base.module.vpc.aws_eip.nat",
            "module.aws_base.module.vpc.aws_elasticache_subnet_group.elasticache",
            "module.aws_base.module.vpc.aws_flow_log.this",
            "module.aws_base.module.vpc.aws_iam_policy.vpc_flow_log_cloudwatch",
            "module.aws_base.module.vpc.aws_iam_role.vpc_flow_log_cloudwatch",
            "module.aws_base.module.vpc.aws_iam_role_policy_attachment.vpc_flow_log_cloudwatch",
            "module.aws_base.module.vpc.aws_internet_gateway.this",
            "module.aws_base.module.vpc.aws_nat_gateway.this",
            "module.aws_base.module.vpc.aws_network_acl.database",
            "module.aws_base.module.vpc.aws_network_acl.elasticache",
            "module.aws_base.module.vpc.aws_network_acl.intra",
            "module.aws_base.module.vpc.aws_network_acl.outpost",
            "module.aws_base.module.vpc.aws_network_acl.private",
            "module.aws_base.module.vpc.aws_network_acl.public",
            "module.aws_base.module.vpc.aws_network_acl.redshift",
            "module.aws_base.module.vpc.aws_network_acl_rule.database_inbound",
            "module.aws_base.module.vpc.aws_network_acl_rule.database_outbound",
            "module.aws_base.module.vpc.aws_network_acl_rule.elasticache_inbound",
            "module.aws_base.module.vpc.aws_network_acl_rule.elasticache_outbound",
            "module.aws_base.module.vpc.aws_network_acl_rule.intra_inbound",
            "module.aws_base.module.vpc.aws_network_acl_rule.intra_outbound",
            "module.aws_base.module.vpc.aws_network_acl_rule.outpost_inbound",
            "module.aws_base.module.vpc.aws_network_acl_rule.outpost_outbound",
            "module.aws_base.module.vpc.aws_network_acl_rule.private_inbound",
            "module.aws_base.module.vpc.aws_network_acl_rule.private_outbound",
            "module.aws_base.module.vpc.aws_network_acl_rule.public_inbound",
            "module.aws_base.module.vpc.aws_network_acl_rule.public_outbound",
            "module.aws_base.module.vpc.aws_network_acl_rule.redshift_inbound",
            "module.aws_base.module.vpc.aws_network_acl_rule.redshift_outbound",
            "module.aws_base.module.vpc.aws_redshift_subnet_group.redshift",
            "module.aws_base.module.vpc.aws_route.database_dns64_nat_gateway",
            "module.aws_base.module.vpc.aws_route.database_internet_gateway",
            "module.aws_base.module.vpc.aws_route.database_ipv6_egress",
            "module.aws_base.module.vpc.aws_route.database_nat_gateway",
            "module.aws_base.module.vpc.aws_route.private_dns64_nat_gateway",
            "module.aws_base.module.vpc.aws_route.private_ipv6_egress",
            "module.aws_base.module.vpc.aws_route.private_nat_gateway",
            "module.aws_base.module.vpc.aws_route.public_internet_gateway",
            "module.aws_base.module.vpc.aws_route.public_internet_gateway_ipv6",
            "module.aws_base.module.vpc.aws_route_table.database",
            "module.aws_base.module.vpc.aws_route_table.elasticache",
            "module.aws_base.module.vpc.aws_route_table.intra",
            "module.aws_base.module.vpc.aws_route_table.private",
            "module.aws_base.module.vpc.aws_route_table.public",
            "module.aws_base.module.vpc.aws_route_table.redshift",
            "module.aws_base.module.vpc.aws_route_table_association.database",
            "module.aws_base.module.vpc.aws_route_table_association.elasticache",
            "module.aws_base.module.vpc.aws_route_table_association.intra",
            "module.aws_base.module.vpc.aws_route_table_association.outpost",
            "module.aws_base.module.vpc.aws_route_table_association.private",
            "module.aws_base.module.vpc.aws_route_table_association.public",
            "module.aws_base.module.vpc.aws_route_table_association.redshift",
            "module.aws_base.module.vpc.aws_route_table_association.redshift_public",
            "module.aws_base.module.vpc.aws_subnet.database",
            "module.aws_base.module.vpc.aws_subnet.elasticache",
            "module.aws_base.module.vpc.aws_subnet.intra",
            "module.aws_base.module.vpc.aws_subnet.outpost",
            "module.aws_base.module.vpc.aws_subnet.private",
            "module.aws_base.module.vpc.aws_subnet.public",
            "module.aws_base.module.vpc.aws_subnet.redshift",
            "module.aws_base.module.vpc.aws_vpc.this",
            "module.aws_base.module.vpc.aws_vpc_dhcp_options.this",
            "module.aws_base.module.vpc.aws_vpc_dhcp_options_association.this",
            "module.aws_base.module.vpc.aws_vpc_ipv4_cidr_block_association.this",
            "module.aws_base.module.vpc.aws_vpn_gateway.this",
            "module.aws_base.module.vpc.aws_vpn_gateway_attachment.this",
            "module.aws_base.module.vpc.aws_vpn_gateway_route_propagation.intra",
            "module.aws_base.module.vpc.aws_vpn_gateway_route_propagation.private",
            "module.aws_base.module.vpc.aws_vpn_gateway_route_propagation.public",
            "module.aws_base.module.vpc.data.aws_iam_policy_document.flow_log_cloudwatch_assume_role",
            "module.aws_base.module.vpc.data.aws_iam_policy_document.vpc_flow_log_cloudwatch",
            "module.aws_base.module.vpc_endpoints.aws_security_group.this",
            "module.aws_base.module.vpc_endpoints.aws_security_group_rule.this",
            "module.aws_base.module.vpc_endpoints.aws_vpc_endpoint.this",
            "module.aws_base.module.vpc_endpoints.data.aws_vpc_endpoint_service.this",
            "random_string.naming"
          ]
        }
      ]
    },
    {
      "module": "module.databricks_workspace",
      "mode": "managed",
      "type": "databricks_mws_storage_configurations",
      "name": "this",
      "provider": "provider[\"registry.terraform.io/databricks/databricks\"].mws",
      "instances": [
        {
          "schema_version": 0,
          "attributes": {
            "account_id": "0d26daa6-5e44-4c97-a497-ef015f91254a",
            "bucket_name": "demo-e7jks7-rootbucket",
            "creation_time": 1744478718922,
            "id": "0d26daa6-5e44-4c97-a497-ef015f91254a/e729ec90-4510-4c31-924c-8dc59aefe9d0",
            "storage_configuration_id": "e729ec90-4510-4c31-924c-8dc59aefe9d0",
            "storage_configuration_name": "demo-e7jks7-storage"
          },
          "sensitive_attributes": [
            [
              {
                "type": "get_attr",
                "value": "account_id"
              }
            ]
          ],
          "private": "bnVsbA==",
          "dependencies": [
            "data.aws_caller_identity.current",
            "module.aws_base.aws_iam_role.cross_account_role",
            "module.aws_base.aws_iam_role_policy.this",
            "module.aws_base.aws_s3_bucket.root_storage_bucket",
            "module.aws_base.aws_s3_bucket_policy.root_bucket_policy",
            "module.aws_base.aws_s3_bucket_public_access_block.root_storage_bucket",
            "module.aws_base.aws_s3_bucket_server_side_encryption_configuration.root_storage_bucket",
            "module.aws_base.aws_s3_bucket_versioning.versioning_example",
            "module.aws_base.data.aws_availability_zones.available",
            "module.aws_base.data.aws_iam_policy_document.this",
            "module.aws_base.data.databricks_aws_assume_role_policy.this",
            "module.aws_base.data.databricks_aws_bucket_policy.this",
            "module.aws_base.data.databricks_aws_crossaccount_policy.this",
            "module.aws_base.module.vpc.aws_cloudwatch_log_group.flow_log",
            "module.aws_base.module.vpc.aws_customer_gateway.this",
            "module.aws_base.module.vpc.aws_db_subnet_group.database",
            "module.aws_base.module.vpc.aws_default_network_acl.this",
            "module.aws_base.module.vpc.aws_default_route_table.default",
            "module.aws_base.module.vpc.aws_default_security_group.this",
            "module.aws_base.module.vpc.aws_default_vpc.this",
            "module.aws_base.module.vpc.aws_egress_only_internet_gateway.this",
            "module.aws_base.module.vpc.aws_eip.nat",
            "module.aws_base.module.vpc.aws_elasticache_subnet_group.elasticache",
            "module.aws_base.module.vpc.aws_flow_log.this",
            "module.aws_base.module.vpc.aws_iam_policy.vpc_flow_log_cloudwatch",
            "module.aws_base.module.vpc.aws_iam_role.vpc_flow_log_cloudwatch",
            "module.aws_base.module.vpc.aws_iam_role_policy_attachment.vpc_flow_log_cloudwatch",
            "module.aws_base.module.vpc.aws_internet_gateway.this",
            "module.aws_base.module.vpc.aws_nat_gateway.this",
            "module.aws_base.module.vpc.aws_network_acl.database",
            "module.aws_base.module.vpc.aws_network_acl.elasticache",
            "module.aws_base.module.vpc.aws_network_acl.intra",
            "module.aws_base.module.vpc.aws_network_acl.outpost",
            "module.aws_base.module.vpc.aws_network_acl.private",
            "module.aws_base.module.vpc.aws_network_acl.public",
            "module.aws_base.module.vpc.aws_network_acl.redshift",
            "module.aws_base.module.vpc.aws_network_acl_rule.database_inbound",
            "module.aws_base.module.vpc.aws_network_acl_rule.database_outbound",
            "module.aws_base.module.vpc.aws_network_acl_rule.elasticache_inbound",
            "module.aws_base.module.vpc.aws_network_acl_rule.elasticache_outbound",
            "module.aws_base.module.vpc.aws_network_acl_rule.intra_inbound",
            "module.aws_base.module.vpc.aws_network_acl_rule.intra_outbound",
            "module.aws_base.module.vpc.aws_network_acl_rule.outpost_inbound",
            "module.aws_base.module.vpc.aws_network_acl_rule.outpost_outbound",
            "module.aws_base.module.vpc.aws_network_acl_rule.private_inbound",
            "module.aws_base.module.vpc.aws_network_acl_rule.private_outbound",
            "module.aws_base.module.vpc.aws_network_acl_rule.public_inbound",
            "module.aws_base.module.vpc.aws_network_acl_rule.public_outbound",
            "module.aws_base.module.vpc.aws_network_acl_rule.redshift_inbound",
            "module.aws_base.module.vpc.aws_network_acl_rule.redshift_outbound",
            "module.aws_base.module.vpc.aws_redshift_subnet_group.redshift",
            "module.aws_base.module.vpc.aws_route.database_dns64_nat_gateway",
            "module.aws_base.module.vpc.aws_route.database_internet_gateway",
            "module.aws_base.module.vpc.aws_route.database_ipv6_egress",
            "module.aws_base.module.vpc.aws_route.database_nat_gateway",
            "module.aws_base.module.vpc.aws_route.private_dns64_nat_gateway",
            "module.aws_base.module.vpc.aws_route.private_ipv6_egress",
            "module.aws_base.module.vpc.aws_route.private_nat_gateway",
            "module.aws_base.module.vpc.aws_route.public_internet_gateway",
            "module.aws_base.module.vpc.aws_route.public_internet_gateway_ipv6",
            "module.aws_base.module.vpc.aws_route_table.database",
            "module.aws_base.module.vpc.aws_route_table.elasticache",
            "module.aws_base.module.vpc.aws_route_table.intra",
            "module.aws_base.module.vpc.aws_route_table.private",
            "module.aws_base.module.vpc.aws_route_table.public",
            "module.aws_base.module.vpc.aws_route_table.redshift",
            "module.aws_base.module.vpc.aws_route_table_association.database",
            "module.aws_base.module.vpc.aws_route_table_association.elasticache",
            "module.aws_base.module.vpc.aws_route_table_association.intra",
            "module.aws_base.module.vpc.aws_route_table_association.outpost",
            "module.aws_base.module.vpc.aws_route_table_association.private",
            "module.aws_base.module.vpc.aws_route_table_association.public",
            "module.aws_base.module.vpc.aws_route_table_association.redshift",
            "module.aws_base.module.vpc.aws_route_table_association.redshift_public",
            "module.aws_base.module.vpc.aws_subnet.database",
            "module.aws_base.module.vpc.aws_subnet.elasticache",
            "module.aws_base.module.vpc.aws_subnet.intra",
            "module.aws_base.module.vpc.aws_subnet.outpost",
            "module.aws_base.module.vpc.aws_subnet.private",
            "module.aws_base.module.vpc.aws_subnet.public",
            "module.aws_base.module.vpc.aws_subnet.redshift",
            "module.aws_base.module.vpc.aws_vpc.this",
            "module.aws_base.module.vpc.aws_vpc_dhcp_options.this",
            "module.aws_base.module.vpc.aws_vpc_dhcp_options_association.this",
            "module.aws_base.module.vpc.aws_vpc_ipv4_cidr_block_association.this",
            "module.aws_base.module.vpc.aws_vpn_gateway.this",
            "module.aws_base.module.vpc.aws_vpn_gateway_attachment.this",
            "module.aws_base.module.vpc.aws_vpn_gateway_route_propagation.intra",
            "module.aws_base.module.vpc.aws_vpn_gateway_route_propagation.private",
            "module.aws_base.module.vpc.aws_vpn_gateway_route_propagation.public",
            "module.aws_base.module.vpc.data.aws_iam_policy_document.flow_log_cloudwatch_assume_role",
            "module.aws_base.module.vpc.data.aws_iam_policy_document.vpc_flow_log_cloudwatch",
            "module.aws_base.module.vpc_endpoints.aws_security_group.this",
            "module.aws_base.module.vpc_endpoints.aws_security_group_rule.this",
            "module.aws_base.module.vpc_endpoints.aws_vpc_endpoint.this",
            "module.aws_base.module.vpc_endpoints.data.aws_vpc_endpoint_service.this",
            "random_string.naming"
          ]
        }
      ]
    },
    {
      "module": "module.databricks_workspace",
      "mode": "managed",
      "type": "databricks_mws_workspaces",
      "name": "this",
      "provider": "provider[\"registry.terraform.io/databricks/databricks\"].mws",
      "instances": [
        {
          "schema_version": 3,
          "attributes": {
            "account_id": "0d26daa6-5e44-4c97-a497-ef015f91254a",
            "aws_region": "ca-central-1",
            "cloud": null,
            "cloud_resource_container": [],
            "creation_time": 1744478723539,
            "credentials_id": "573f02e7-71bb-4ce8-8ffe-99d341725a52",
            "custom_tags": null,
            "customer_managed_key_id": null,
            "deployment_name": "dbc-089abdef-633c",
            "external_customer_info": [],
            "gcp_managed_network_config": [],
            "gcp_workspace_sa": null,
            "gke_config": [],
            "id": "0d26daa6-5e44-4c97-a497-ef015f91254a/2497390458405991",
            "is_no_public_ip_enabled": true,
            "location": null,
            "managed_services_customer_managed_key_id": null,
            "network_id": "320f4354-2898-4bd4-b4a1-db30cef13d65",
            "pricing_tier": "ENTERPRISE",
            "private_access_settings_id": null,
            "storage_configuration_id": "e729ec90-4510-4c31-924c-8dc59aefe9d0",
            "storage_customer_managed_key_id": null,
            "timeouts": null,
            "token": [],
            "workspace_id": 2497390458405991,
            "workspace_name": "nahar-aws-tf-basic",
            "workspace_status": "RUNNING",
            "workspace_status_message": "Workspace is running.",
            "workspace_url": "https://dbc-089abdef-633c.cloud.databricks.com"
          },
          "sensitive_attributes": [
            [
              {
                "type": "get_attr",
                "value": "account_id"
              }
            ]
          ],
          "private": "eyJlMmJmYjczMC1lY2FhLTExZTYtOGY4OC0zNDM2M2JjN2M0YzAiOnsiY3JlYXRlIjoxMjAwMDAwMDAwMDAwLCJyZWFkIjoxMjAwMDAwMDAwMDAwLCJ1cGRhdGUiOjEyMDAwMDAwMDAwMDB9LCJzY2hlbWFfdmVyc2lvbiI6IjMifQ==",
          "dependencies": [
            "data.aws_caller_identity.current",
            "module.aws_base.aws_iam_role.cross_account_role",
            "module.aws_base.aws_iam_role_policy.this",
            "module.aws_base.aws_s3_bucket.root_storage_bucket",
            "module.aws_base.aws_s3_bucket_policy.root_bucket_policy",
            "module.aws_base.aws_s3_bucket_public_access_block.root_storage_bucket",
            "module.aws_base.aws_s3_bucket_server_side_encryption_configuration.root_storage_bucket",
            "module.aws_base.aws_s3_bucket_versioning.versioning_example",
            "module.aws_base.data.aws_availability_zones.available",
            "module.aws_base.data.aws_iam_policy_document.this",
            "module.aws_base.data.databricks_aws_assume_role_policy.this",
            "module.aws_base.data.databricks_aws_bucket_policy.this",
            "module.aws_base.data.databricks_aws_crossaccount_policy.this",
            "module.aws_base.module.vpc.aws_cloudwatch_log_group.flow_log",
            "module.aws_base.module.vpc.aws_customer_gateway.this",
            "module.aws_base.module.vpc.aws_db_subnet_group.database",
            "module.aws_base.module.vpc.aws_default_network_acl.this",
            "module.aws_base.module.vpc.aws_default_route_table.default",
            "module.aws_base.module.vpc.aws_default_security_group.this",
            "module.aws_base.module.vpc.aws_default_vpc.this",
            "module.aws_base.module.vpc.aws_egress_only_internet_gateway.this",
            "module.aws_base.module.vpc.aws_eip.nat",
            "module.aws_base.module.vpc.aws_elasticache_subnet_group.elasticache",
            "module.aws_base.module.vpc.aws_flow_log.this",
            "module.aws_base.module.vpc.aws_iam_policy.vpc_flow_log_cloudwatch",
            "module.aws_base.module.vpc.aws_iam_role.vpc_flow_log_cloudwatch",
            "module.aws_base.module.vpc.aws_iam_role_policy_attachment.vpc_flow_log_cloudwatch",
            "module.aws_base.module.vpc.aws_internet_gateway.this",
            "module.aws_base.module.vpc.aws_nat_gateway.this",
            "module.aws_base.module.vpc.aws_network_acl.database",
            "module.aws_base.module.vpc.aws_network_acl.elasticache",
            "module.aws_base.module.vpc.aws_network_acl.intra",
            "module.aws_base.module.vpc.aws_network_acl.outpost",
            "module.aws_base.module.vpc.aws_network_acl.private",
            "module.aws_base.module.vpc.aws_network_acl.public",
            "module.aws_base.module.vpc.aws_network_acl.redshift",
            "module.aws_base.module.vpc.aws_network_acl_rule.database_inbound",
            "module.aws_base.module.vpc.aws_network_acl_rule.database_outbound",
            "module.aws_base.module.vpc.aws_network_acl_rule.elasticache_inbound",
            "module.aws_base.module.vpc.aws_network_acl_rule.elasticache_outbound",
            "module.aws_base.module.vpc.aws_network_acl_rule.intra_inbound",
            "module.aws_base.module.vpc.aws_network_acl_rule.intra_outbound",
            "module.aws_base.module.vpc.aws_network_acl_rule.outpost_inbound",
            "module.aws_base.module.vpc.aws_network_acl_rule.outpost_outbound",
            "module.aws_base.module.vpc.aws_network_acl_rule.private_inbound",
            "module.aws_base.module.vpc.aws_network_acl_rule.private_outbound",
            "module.aws_base.module.vpc.aws_network_acl_rule.public_inbound",
            "module.aws_base.module.vpc.aws_network_acl_rule.public_outbound",
            "module.aws_base.module.vpc.aws_network_acl_rule.redshift_inbound",
            "module.aws_base.module.vpc.aws_network_acl_rule.redshift_outbound",
            "module.aws_base.module.vpc.aws_redshift_subnet_group.redshift",
            "module.aws_base.module.vpc.aws_route.database_dns64_nat_gateway",
            "module.aws_base.module.vpc.aws_route.database_internet_gateway",
            "module.aws_base.module.vpc.aws_route.database_ipv6_egress",
            "module.aws_base.module.vpc.aws_route.database_nat_gateway",
            "module.aws_base.module.vpc.aws_route.private_dns64_nat_gateway",
            "module.aws_base.module.vpc.aws_route.private_ipv6_egress",
            "module.aws_base.module.vpc.aws_route.private_nat_gateway",
            "module.aws_base.module.vpc.aws_route.public_internet_gateway",
            "module.aws_base.module.vpc.aws_route.public_internet_gateway_ipv6",
            "module.aws_base.module.vpc.aws_route_table.database",
            "module.aws_base.module.vpc.aws_route_table.elasticache",
            "module.aws_base.module.vpc.aws_route_table.intra",
            "module.aws_base.module.vpc.aws_route_table.private",
            "module.aws_base.module.vpc.aws_route_table.public",
            "module.aws_base.module.vpc.aws_route_table.redshift",
            "module.aws_base.module.vpc.aws_route_table_association.database",
            "module.aws_base.module.vpc.aws_route_table_association.elasticache",
            "module.aws_base.module.vpc.aws_route_table_association.intra",
            "module.aws_base.module.vpc.aws_route_table_association.outpost",
            "module.aws_base.module.vpc.aws_route_table_association.private",
            "module.aws_base.module.vpc.aws_route_table_association.public",
            "module.aws_base.module.vpc.aws_route_table_association.redshift",
            "module.aws_base.module.vpc.aws_route_table_association.redshift_public",
            "module.aws_base.module.vpc.aws_subnet.database",
            "module.aws_base.module.vpc.aws_subnet.elasticache",
            "module.aws_base.module.vpc.aws_subnet.intra",
            "module.aws_base.module.vpc.aws_subnet.outpost",
            "module.aws_base.module.vpc.aws_subnet.private",
            "module.aws_base.module.vpc.aws_subnet.public",
            "module.aws_base.module.vpc.aws_subnet.redshift",
            "module.aws_base.module.vpc.aws_vpc.this",
            "module.aws_base.module.vpc.aws_vpc_dhcp_options.this",
            "module.aws_base.module.vpc.aws_vpc_dhcp_options_association.this",
            "module.aws_base.module.vpc.aws_vpc_ipv4_cidr_block_association.this",
            "module.aws_base.module.vpc.aws_vpn_gateway.this",
            "module.aws_base.module.vpc.aws_vpn_gateway_attachment.this",
            "module.aws_base.module.vpc.aws_vpn_gateway_route_propagation.intra",
            "module.aws_base.module.vpc.aws_vpn_gateway_route_propagation.private",
            "module.aws_base.module.vpc.aws_vpn_gateway_route_propagation.public",
            "module.aws_base.module.vpc.data.aws_iam_policy_document.flow_log_cloudwatch_assume_role",
            "module.aws_base.module.vpc.data.aws_iam_policy_document.vpc_flow_log_cloudwatch",
            "module.aws_base.module.vpc_endpoints.aws_security_group.this",
            "module.aws_base.module.vpc_endpoints.aws_security_group_rule.this",
            "module.aws_base.module.vpc_endpoints.aws_vpc_endpoint.this",
            "module.aws_base.module.vpc_endpoints.data.aws_vpc_endpoint_service.this",
            "module.databricks_workspace.databricks_mws_credentials.this",
            "module.databricks_workspace.databricks_mws_networks.this",
            "module.databricks_workspace.databricks_mws_storage_configurations.this",
            "random_string.naming"
          ]
        }
      ]
    },
    {
      "module": "module.unity_catalog",
      "mode": "data",
      "type": "aws_iam_policy_document",
      "name": "passrole_for_uc",
      "provider": "provider[\"registry.terraform.io/hashicorp/aws\"]",
      "instances": [
        {
          "schema_version": 0,
          "attributes": {
            "id": "3738567978",
            "json": "{\n  \"Version\": \"2012-10-17\",\n  \"Statement\": [\n    {\n      \"Effect\": \"Allow\",\n      \"Action\": \"sts:AssumeRole\",\n      \"Principal\": {\n        \"AWS\": \"arn:aws:iam::414351767826:role/unity-catalog-prod-UCMasterRole-14S5ZJVKOTYTL\"\n      },\n      \"Condition\": {\n        \"StringEquals\": {\n          \"sts:ExternalId\": \"0d26daa6-5e44-4c97-a497-ef015f91254a\"\n        }\n      }\n    },\n    {\n      \"Sid\": \"ExplicitSelfRoleAssumption\",\n      \"Effect\": \"Allow\",\n      \"Action\": \"sts:AssumeRole\",\n      \"Principal\": {\n        \"AWS\": \"arn:aws:iam::332745928618:root\"\n      },\n      \"Condition\": {\n        \"ArnLike\": {\n          \"aws:PrincipalArn\": \"arn:aws:iam::332745928618:role/demo-e7jks7-unity-catalog-metastore-access\"\n        }\n      }\n    }\n  ]\n}",
            "minified_json": "{\"Version\":\"2012-10-17\",\"Statement\":[{\"Effect\":\"Allow\",\"Action\":\"sts:AssumeRole\",\"Principal\":{\"AWS\":\"arn:aws:iam::414351767826:role/unity-catalog-prod-UCMasterRole-14S5ZJVKOTYTL\"},\"Condition\":{\"StringEquals\":{\"sts:ExternalId\":\"0d26daa6-5e44-4c97-a497-ef015f91254a\"}}},{\"Sid\":\"ExplicitSelfRoleAssumption\",\"Effect\":\"Allow\",\"Action\":\"sts:AssumeRole\",\"Principal\":{\"AWS\":\"arn:aws:iam::332745928618:root\"},\"Condition\":{\"ArnLike\":{\"aws:PrincipalArn\":\"arn:aws:iam::332745928618:role/demo-e7jks7-unity-catalog-metastore-access\"}}}]}",
            "override_json": null,
            "override_policy_documents": null,
            "policy_id": null,
            "source_json": null,
            "source_policy_documents": null,
            "statement": [
              {
                "actions": [
                  "sts:AssumeRole"
                ],
                "condition": [
                  {
                    "test": "StringEquals",
                    "values": [
                      "0d26daa6-5e44-4c97-a497-ef015f91254a"
                    ],
                    "variable": "sts:ExternalId"
                  }
                ],
                "effect": "Allow",
                "not_actions": [],
                "not_principals": [],
                "not_resources": [],
                "principals": [
                  {
                    "identifiers": [
                      "arn:aws:iam::414351767826:role/unity-catalog-prod-UCMasterRole-14S5ZJVKOTYTL"
                    ],
                    "type": "AWS"
                  }
                ],
                "resources": [],
                "sid": ""
              },
              {
                "actions": [
                  "sts:AssumeRole"
                ],
                "condition": [
                  {
                    "test": "ArnLike",
                    "values": [
                      "arn:aws:iam::332745928618:role/demo-e7jks7-unity-catalog-metastore-access"
                    ],
                    "variable": "aws:PrincipalArn"
                  }
                ],
                "effect": "Allow",
                "not_actions": [],
                "not_principals": [],
                "not_resources": [],
                "principals": [
                  {
                    "identifiers": [
                      "arn:aws:iam::332745928618:root"
                    ],
                    "type": "AWS"
                  }
                ],
                "resources": [],
                "sid": "ExplicitSelfRoleAssumption"
              }
            ],
            "version": "2012-10-17"
          },
          "sensitive_attributes": []
        }
      ]
    },
    {
      "module": "module.unity_catalog",
      "mode": "managed",
      "type": "aws_iam_policy",
      "name": "sample_data",
      "provider": "provider[\"registry.terraform.io/hashicorp/aws\"]",
      "instances": [
        {
          "schema_version": 0,
          "attributes": {
            "arn": "arn:aws:iam::332745928618:policy/demo-e7jks7-unity-catalog-sample-data-access",
            "attachment_count": 1,
            "description": "",
            "id": "arn:aws:iam::332745928618:policy/demo-e7jks7-unity-catalog-sample-data-access",
            "name": "demo-e7jks7-unity-catalog-sample-data-access",
            "name_prefix": "",
            "path": "/",
            "policy": "{\"Id\":\"demo-e7jks7-databricks-sample-data\",\"Statement\":[{\"Action\":[\"s3:GetObject\",\"s3:GetObjectVersion\",\"s3:ListBucket\",\"s3:GetBucketLocation\"],\"Effect\":\"Allow\",\"Resource\":[\"arn:aws:s3:::databricks-datasets-oregon/*\",\"arn:aws:s3:::databricks-datasets-oregon\"]}],\"Version\":\"2012-10-17\"}",
            "policy_id": "ANPAU26JT56VEHVMTF6ZT",
            "tags": {
              "Environment": "Demo-with-terraform",
              "Name": "demo-e7jks7-unity-catalog IAM policy",
              "Owner": "siddharth.nahar",
              "ownerEmail": "siddharth.nahar@databricks.com"
            },
            "tags_all": {
              "Environment": "Demo-with-terraform",
              "Name": "demo-e7jks7-unity-catalog IAM policy",
              "Owner": "siddharth.nahar",
              "ownerEmail": "siddharth.nahar@databricks.com"
            }
          },
          "sensitive_attributes": [],
          "private": "bnVsbA==",
          "dependencies": [
            "random_string.naming"
          ]
        }
      ]
    },
    {
      "module": "module.unity_catalog",
      "mode": "managed",
      "type": "aws_iam_policy",
      "name": "unity_metastore",
      "provider": "provider[\"registry.terraform.io/hashicorp/aws\"]",
      "instances": [
        {
          "schema_version": 0,
          "attributes": {
            "arn": "arn:aws:iam::332745928618:policy/demo-e7jks7-unity-catalog-metastore-access-iam-policy",
            "attachment_count": 1,
            "description": "",
            "id": "arn:aws:iam::332745928618:policy/demo-e7jks7-unity-catalog-metastore-access-iam-policy",
            "name": "demo-e7jks7-unity-catalog-metastore-access-iam-policy",
            "name_prefix": "",
            "path": "/",
            "policy": "{\"Id\":\"demo-e7jks7-databricks-unity-metastore\",\"Statement\":[{\"Action\":[\"s3:GetObject\",\"s3:PutObject\",\"s3:DeleteObject\",\"s3:ListBucket\",\"s3:GetBucketLocation\"],\"Effect\":\"Allow\",\"Resource\":[\"arn:aws:s3:::demo-e7jks7-metastore\",\"arn:aws:s3:::demo-e7jks7-metastore/*\"]},{\"Action\":[\"sts:AssumeRole\"],\"Effect\":\"Allow\",\"Resource\":[\"arn:aws:iam::332745928618:role/demo-e7jks7-unity-catalog-metastore-access\"]}],\"Version\":\"2012-10-17\"}",
            "policy_id": "ANPAU26JT56VI6HC6G7GZ",
            "tags": {
              "Environment": "Demo-with-terraform",
              "Name": "demo-e7jks7-unity-catalog-metastore-access IAM policy",
              "Owner": "siddharth.nahar",
              "ownerEmail": "siddharth.nahar@databricks.com"
            },
            "tags_all": {
              "Environment": "Demo-with-terraform",
              "Name": "demo-e7jks7-unity-catalog-metastore-access IAM policy",
              "Owner": "siddharth.nahar",
              "ownerEmail": "siddharth.nahar@databricks.com"
            }
          },
          "sensitive_attributes": [],
          "private": "bnVsbA==",
          "dependencies": [
            "data.aws_caller_identity.current",
            "module.unity_catalog.aws_s3_bucket.metastore",
            "random_string.naming"
          ]
        }
      ]
    },
    {
      "module": "module.unity_catalog",
      "mode": "managed",
      "type": "aws_iam_role",
      "name": "metastore_data_access",
      "provider": "provider[\"registry.terraform.io/hashicorp/aws\"]",
      "instances": [
        {
          "schema_version": 0,
          "attributes": {
            "arn": "arn:aws:iam::332745928618:role/demo-e7jks7-unity-catalog-metastore-access",
            "assume_role_policy": "{\"Statement\":[{\"Action\":\"sts:AssumeRole\",\"Condition\":{\"StringEquals\":{\"sts:ExternalId\":\"0d26daa6-5e44-4c97-a497-ef015f91254a\"}},\"Effect\":\"Allow\",\"Principal\":{\"AWS\":\"arn:aws:iam::414351767826:role/unity-catalog-prod-UCMasterRole-14S5ZJVKOTYTL\"}},{\"Action\":\"sts:AssumeRole\",\"Condition\":{\"ArnLike\":{\"aws:PrincipalArn\":\"arn:aws:iam::332745928618:role/demo-e7jks7-unity-catalog-metastore-access\"}},\"Effect\":\"Allow\",\"Principal\":{\"AWS\":\"arn:aws:iam::332745928618:root\"},\"Sid\":\"ExplicitSelfRoleAssumption\"}],\"Version\":\"2012-10-17\"}",
            "create_date": "2025-04-12T17:23:38Z",
            "description": "",
            "force_detach_policies": false,
            "id": "demo-e7jks7-unity-catalog-metastore-access",
            "inline_policy": [],
            "managed_policy_arns": [
              "arn:aws:iam::332745928618:policy/demo-e7jks7-unity-catalog-metastore-access-iam-policy",
              "arn:aws:iam::332745928618:policy/demo-e7jks7-unity-catalog-sample-data-access"
            ],
            "max_session_duration": 3600,
            "name": "demo-e7jks7-unity-catalog-metastore-access",
            "name_prefix": "",
            "path": "/",
            "permissions_boundary": "",
            "tags": {
              "Environment": "Demo-with-terraform",
              "Name": "demo-e7jks7-unity-catalog IAM role",
              "Owner": "siddharth.nahar",
              "ownerEmail": "siddharth.nahar@databricks.com"
            },
            "tags_all": {
              "Environment": "Demo-with-terraform",
              "Name": "demo-e7jks7-unity-catalog IAM role",
              "Owner": "siddharth.nahar",
              "ownerEmail": "siddharth.nahar@databricks.com"
            },
            "unique_id": "AROAU26JT56VDQTT4PYOQ"
          },
          "sensitive_attributes": [],
          "private": "bnVsbA==",
          "dependencies": [
            "data.aws_caller_identity.current",
            "databricks_group.admin_group",
            "module.unity_catalog.aws_iam_policy.sample_data",
            "module.unity_catalog.aws_iam_policy.unity_metastore",
            "module.unity_catalog.aws_s3_bucket.metastore",
            "module.unity_catalog.data.aws_iam_policy_document.passrole_for_uc",
            "module.unity_catalog.databricks_metastore.this",
            "module.unity_catalog.databricks_metastore_data_access.this",
            "random_string.naming"
          ]
        }
      ]
    },
    {
      "module": "module.unity_catalog",
      "mode": "managed",
      "type": "aws_s3_bucket",
      "name": "metastore",
      "provider": "provider[\"registry.terraform.io/hashicorp/aws\"]",
      "instances": [
        {
          "schema_version": 0,
          "attributes": {
            "acceleration_status": "",
            "acl": null,
            "arn": "arn:aws:s3:::demo-e7jks7-metastore",
            "bucket": "demo-e7jks7-metastore",
            "bucket_domain_name": "demo-e7jks7-metastore.s3.amazonaws.com",
            "bucket_prefix": "",
            "bucket_regional_domain_name": "demo-e7jks7-metastore.s3.ca-central-1.amazonaws.com",
            "cors_rule": [],
            "force_destroy": true,
            "grant": [
              {
                "id": "87ade1302b7a96a302ccaeeb7408eed7475127cc33ab912464285fc3ce8a40e6",
                "permissions": [
                  "FULL_CONTROL"
                ],
                "type": "CanonicalUser",
                "uri": ""
              }
            ],
            "hosted_zone_id": "Z1QDHH18159H29",
            "id": "demo-e7jks7-metastore",
            "lifecycle_rule": [],
            "logging": [],
            "object_lock_configuration": [],
            "object_lock_enabled": false,
            "policy": "",
            "region": "ca-central-1",
            "replication_configuration": [],
            "request_payer": "BucketOwner",
            "server_side_encryption_configuration": [
              {
                "rule": [
                  {
                    "apply_server_side_encryption_by_default": [
                      {
                        "kms_master_key_id": "",
                        "sse_algorithm": "AES256"
                      }
                    ],
                    "bucket_key_enabled": false
                  }
                ]
              }
            ],
            "tags": {
              "Environment": "Demo-with-terraform",
              "Name": "demo-e7jks7-metastore",
              "Owner": "siddharth.nahar",
              "ownerEmail": "siddharth.nahar@databricks.com"
            },
            "tags_all": {
              "Environment": "Demo-with-terraform",
              "Name": "demo-e7jks7-metastore",
              "Owner": "siddharth.nahar",
              "ownerEmail": "siddharth.nahar@databricks.com"
            },
            "timeouts": null,
            "versioning": [
              {
                "enabled": false,
                "mfa_delete": false
              }
            ],
            "website": [],
            "website_domain": null,
            "website_endpoint": null
          },
          "sensitive_attributes": [],
          "private": "eyJlMmJmYjczMC1lY2FhLTExZTYtOGY4OC0zNDM2M2JjN2M0YzAiOnsiY3JlYXRlIjoxMjAwMDAwMDAwMDAwLCJkZWxldGUiOjM2MDAwMDAwMDAwMDAsInJlYWQiOjEyMDAwMDAwMDAwMDAsInVwZGF0ZSI6MTIwMDAwMDAwMDAwMH19",
          "dependencies": [
            "random_string.naming"
          ]
        }
      ]
    },
    {
      "module": "module.unity_catalog",
      "mode": "managed",
      "type": "aws_s3_bucket_public_access_block",
      "name": "metastore",
      "provider": "provider[\"registry.terraform.io/hashicorp/aws\"]",
      "instances": [
        {
          "schema_version": 0,
          "attributes": {
            "block_public_acls": true,
            "block_public_policy": true,
            "bucket": "demo-e7jks7-metastore",
            "id": "demo-e7jks7-metastore",
            "ignore_public_acls": true,
            "restrict_public_buckets": true
          },
          "sensitive_attributes": [],
          "private": "bnVsbA==",
          "dependencies": [
            "module.unity_catalog.aws_s3_bucket.metastore",
            "random_string.naming"
          ]
        }
      ]
    },
    {
      "module": "module.unity_catalog",
      "mode": "managed",
      "type": "aws_s3_bucket_server_side_encryption_configuration",
      "name": "root_storage_bucket",
      "provider": "provider[\"registry.terraform.io/hashicorp/aws\"]",
      "instances": [
        {
          "schema_version": 0,
          "attributes": {
            "bucket": "demo-e7jks7-metastore",
            "expected_bucket_owner": "",
            "id": "demo-e7jks7-metastore",
            "rule": [
              {
                "apply_server_side_encryption_by_default": [
                  {
                    "kms_master_key_id": "",
                    "sse_algorithm": "AES256"
                  }
                ],
                "bucket_key_enabled": false
              }
            ]
          },
          "sensitive_attributes": [],
          "private": "bnVsbA==",
          "dependencies": [
            "module.unity_catalog.aws_s3_bucket.metastore",
            "random_string.naming"
          ]
        }
      ]
    },
    {
      "module": "module.unity_catalog",
      "mode": "managed",
      "type": "aws_s3_bucket_versioning",
      "name": "versioning_example",
      "provider": "provider[\"registry.terraform.io/hashicorp/aws\"]",
      "instances": [
        {
          "schema_version": 0,
          "attributes": {
            "bucket": "demo-e7jks7-metastore",
            "expected_bucket_owner": "",
            "id": "demo-e7jks7-metastore",
            "mfa": null,
            "versioning_configuration": [
              {
                "mfa_delete": "",
                "status": "Disabled"
              }
            ]
          },
          "sensitive_attributes": [],
          "private": "bnVsbA==",
          "dependencies": [
            "module.unity_catalog.aws_s3_bucket.metastore",
            "random_string.naming"
          ]
        }
      ]
    },
    {
      "module": "module.unity_catalog",
      "mode": "managed",
      "type": "databricks_metastore",
      "name": "this",
      "provider": "provider[\"registry.terraform.io/databricks/databricks\"].mws",
      "instances": [
        {
          "schema_version": 0,
          "attributes": {
            "cloud": "aws",
            "created_at": 1744478613383,
            "created_by": "44d20205-036a-4608-81c5-0f29c988e536",
            "default_data_access_config_id": null,
            "delta_sharing_organization_name": null,
            "delta_sharing_recipient_token_lifetime_in_seconds": 0,
            "delta_sharing_scope": "INTERNAL",
            "force_destroy": true,
            "global_metastore_id": "aws:ca-central-1:f1082e40-35fc-4ebd-9a3e-b621d6cb5896",
            "id": "f1082e40-35fc-4ebd-9a3e-b621d6cb5896",
            "metastore_id": "f1082e40-35fc-4ebd-9a3e-b621d6cb5896",
            "name": "demo-e7jks7-metastore",
            "owner": "demo-e7jks7-unity-admin-group",
            "region": "ca-central-1",
            "storage_root": "s3://demo-e7jks7-metastore/metastore/f1082e40-35fc-4ebd-9a3e-b621d6cb5896",
            "storage_root_credential_id": null,
            "updated_at": 1744478617660,
            "updated_by": "44d20205-036a-4608-81c5-0f29c988e536"
          },
          "sensitive_attributes": [],
          "private": "bnVsbA==",
          "dependencies": [
            "databricks_group.admin_group",
            "module.unity_catalog.aws_s3_bucket.metastore",
            "random_string.naming"
          ]
        }
      ]
    },
    {
      "module": "module.unity_catalog",
      "mode": "managed",
      "type": "databricks_metastore_assignment",
      "name": "default_metastore",
      "provider": "provider[\"registry.terraform.io/databricks/databricks\"].mws",
      "instances": [
        {
          "index_key": 0,
          "schema_version": 0,
          "attributes": {
            "default_catalog_name": "hive_metastore",
            "id": "2497390458405991|f1082e40-35fc-4ebd-9a3e-b621d6cb5896",
            "metastore_id": "f1082e40-35fc-4ebd-9a3e-b621d6cb5896",
            "workspace_id": 2497390458405991
          },
          "sensitive_attributes": [],
          "private": "bnVsbA==",
          "dependencies": [
            "data.aws_caller_identity.current",
            "databricks_group.admin_group",
            "module.aws_base.aws_iam_role.cross_account_role",
            "module.aws_base.aws_iam_role_policy.this",
            "module.aws_base.aws_s3_bucket.root_storage_bucket",
            "module.aws_base.aws_s3_bucket_policy.root_bucket_policy",
            "module.aws_base.aws_s3_bucket_public_access_block.root_storage_bucket",
            "module.aws_base.aws_s3_bucket_server_side_encryption_configuration.root_storage_bucket",
            "module.aws_base.aws_s3_bucket_versioning.versioning_example",
            "module.aws_base.data.aws_availability_zones.available",
            "module.aws_base.data.aws_iam_policy_document.this",
            "module.aws_base.data.databricks_aws_assume_role_policy.this",
            "module.aws_base.data.databricks_aws_bucket_policy.this",
            "module.aws_base.data.databricks_aws_crossaccount_policy.this",
            "module.aws_base.module.vpc.aws_cloudwatch_log_group.flow_log",
            "module.aws_base.module.vpc.aws_customer_gateway.this",
            "module.aws_base.module.vpc.aws_db_subnet_group.database",
            "module.aws_base.module.vpc.aws_default_network_acl.this",
            "module.aws_base.module.vpc.aws_default_route_table.default",
            "module.aws_base.module.vpc.aws_default_security_group.this",
            "module.aws_base.module.vpc.aws_default_vpc.this",
            "module.aws_base.module.vpc.aws_egress_only_internet_gateway.this",
            "module.aws_base.module.vpc.aws_eip.nat",
            "module.aws_base.module.vpc.aws_elasticache_subnet_group.elasticache",
            "module.aws_base.module.vpc.aws_flow_log.this",
            "module.aws_base.module.vpc.aws_iam_policy.vpc_flow_log_cloudwatch",
            "module.aws_base.module.vpc.aws_iam_role.vpc_flow_log_cloudwatch",
            "module.aws_base.module.vpc.aws_iam_role_policy_attachment.vpc_flow_log_cloudwatch",
            "module.aws_base.module.vpc.aws_internet_gateway.this",
            "module.aws_base.module.vpc.aws_nat_gateway.this",
            "module.aws_base.module.vpc.aws_network_acl.database",
            "module.aws_base.module.vpc.aws_network_acl.elasticache",
            "module.aws_base.module.vpc.aws_network_acl.intra",
            "module.aws_base.module.vpc.aws_network_acl.outpost",
            "module.aws_base.module.vpc.aws_network_acl.private",
            "module.aws_base.module.vpc.aws_network_acl.public",
            "module.aws_base.module.vpc.aws_network_acl.redshift",
            "module.aws_base.module.vpc.aws_network_acl_rule.database_inbound",
            "module.aws_base.module.vpc.aws_network_acl_rule.database_outbound",
            "module.aws_base.module.vpc.aws_network_acl_rule.elasticache_inbound",
            "module.aws_base.module.vpc.aws_network_acl_rule.elasticache_outbound",
            "module.aws_base.module.vpc.aws_network_acl_rule.intra_inbound",
            "module.aws_base.module.vpc.aws_network_acl_rule.intra_outbound",
            "module.aws_base.module.vpc.aws_network_acl_rule.outpost_inbound",
            "module.aws_base.module.vpc.aws_network_acl_rule.outpost_outbound",
            "module.aws_base.module.vpc.aws_network_acl_rule.private_inbound",
            "module.aws_base.module.vpc.aws_network_acl_rule.private_outbound",
            "module.aws_base.module.vpc.aws_network_acl_rule.public_inbound",
            "module.aws_base.module.vpc.aws_network_acl_rule.public_outbound",
            "module.aws_base.module.vpc.aws_network_acl_rule.redshift_inbound",
            "module.aws_base.module.vpc.aws_network_acl_rule.redshift_outbound",
            "module.aws_base.module.vpc.aws_redshift_subnet_group.redshift",
            "module.aws_base.module.vpc.aws_route.database_dns64_nat_gateway",
            "module.aws_base.module.vpc.aws_route.database_internet_gateway",
            "module.aws_base.module.vpc.aws_route.database_ipv6_egress",
            "module.aws_base.module.vpc.aws_route.database_nat_gateway",
            "module.aws_base.module.vpc.aws_route.private_dns64_nat_gateway",
            "module.aws_base.module.vpc.aws_route.private_ipv6_egress",
            "module.aws_base.module.vpc.aws_route.private_nat_gateway",
            "module.aws_base.module.vpc.aws_route.public_internet_gateway",
            "module.aws_base.module.vpc.aws_route.public_internet_gateway_ipv6",
            "module.aws_base.module.vpc.aws_route_table.database",
            "module.aws_base.module.vpc.aws_route_table.elasticache",
            "module.aws_base.module.vpc.aws_route_table.intra",
            "module.aws_base.module.vpc.aws_route_table.private",
            "module.aws_base.module.vpc.aws_route_table.public",
            "module.aws_base.module.vpc.aws_route_table.redshift",
            "module.aws_base.module.vpc.aws_route_table_association.database",
            "module.aws_base.module.vpc.aws_route_table_association.elasticache",
            "module.aws_base.module.vpc.aws_route_table_association.intra",
            "module.aws_base.module.vpc.aws_route_table_association.outpost",
            "module.aws_base.module.vpc.aws_route_table_association.private",
            "module.aws_base.module.vpc.aws_route_table_association.public",
            "module.aws_base.module.vpc.aws_route_table_association.redshift",
            "module.aws_base.module.vpc.aws_route_table_association.redshift_public",
            "module.aws_base.module.vpc.aws_subnet.database",
            "module.aws_base.module.vpc.aws_subnet.elasticache",
            "module.aws_base.module.vpc.aws_subnet.intra",
            "module.aws_base.module.vpc.aws_subnet.outpost",
            "module.aws_base.module.vpc.aws_subnet.private",
            "module.aws_base.module.vpc.aws_subnet.public",
            "module.aws_base.module.vpc.aws_subnet.redshift",
            "module.aws_base.module.vpc.aws_vpc.this",
            "module.aws_base.module.vpc.aws_vpc_dhcp_options.this",
            "module.aws_base.module.vpc.aws_vpc_dhcp_options_association.this",
            "module.aws_base.module.vpc.aws_vpc_ipv4_cidr_block_association.this",
            "module.aws_base.module.vpc.aws_vpn_gateway.this",
            "module.aws_base.module.vpc.aws_vpn_gateway_attachment.this",
            "module.aws_base.module.vpc.aws_vpn_gateway_route_propagation.intra",
            "module.aws_base.module.vpc.aws_vpn_gateway_route_propagation.private",
            "module.aws_base.module.vpc.aws_vpn_gateway_route_propagation.public",
            "module.aws_base.module.vpc.data.aws_iam_policy_document.flow_log_cloudwatch_assume_role",
            "module.aws_base.module.vpc.data.aws_iam_policy_document.vpc_flow_log_cloudwatch",
            "module.aws_base.module.vpc_endpoints.aws_security_group.this",
            "module.aws_base.module.vpc_endpoints.aws_security_group_rule.this",
            "module.aws_base.module.vpc_endpoints.aws_vpc_endpoint.this",
            "module.aws_base.module.vpc_endpoints.data.aws_vpc_endpoint_service.this",
            "module.databricks_workspace.databricks_mws_credentials.this",
            "module.databricks_workspace.databricks_mws_networks.this",
            "module.databricks_workspace.databricks_mws_storage_configurations.this",
            "module.databricks_workspace.databricks_mws_workspaces.this",
            "module.unity_catalog.aws_s3_bucket.metastore",
            "module.unity_catalog.databricks_metastore.this",
            "random_string.naming"
          ]
        }
      ]
    },
    {
      "module": "module.unity_catalog",
      "mode": "managed",
      "type": "databricks_metastore_data_access",
      "name": "this",
      "provider": "provider[\"registry.terraform.io/databricks/databricks\"].mws",
      "instances": [
        {
          "schema_version": 1,
          "attributes": {
            "aws_iam_role": [
              {
                "external_id": "0d26daa6-5e44-4c97-a497-ef015f91254a",
                "role_arn": "arn:aws:iam::332745928618:role/demo-e7jks7-unity-catalog-metastore-access",
                "unity_catalog_iam_arn": "arn:aws:iam::414351767826:role/unity-catalog-prod-UCMasterRole-14S5ZJVKOTYTL"
              }
            ],
            "azure_managed_identity": [],
            "azure_service_principal": [],
            "cloudflare_api_token": [],
            "comment": null,
            "databricks_gcp_service_account": [],
            "force_destroy": null,
            "force_update": null,
            "gcp_service_account_key": [],
            "id": "f1082e40-35fc-4ebd-9a3e-b621d6cb5896|demo-e7jks7-unity-catalog-metastore-access",
            "is_default": true,
            "isolation_mode": "ISOLATION_MODE_OPEN",
            "metastore_id": "f1082e40-35fc-4ebd-9a3e-b621d6cb5896",
            "name": "demo-e7jks7-unity-catalog-metastore-access",
            "owner": "44d20205-036a-4608-81c5-0f29c988e536",
            "read_only": false,
            "skip_validation": null
          },
          "sensitive_attributes": [],
          "private": "eyJzY2hlbWFfdmVyc2lvbiI6IjEifQ==",
          "dependencies": [
            "data.aws_caller_identity.current",
            "databricks_group.admin_group",
            "module.unity_catalog.aws_s3_bucket.metastore",
            "module.unity_catalog.databricks_metastore.this",
            "random_string.naming"
          ]
        }
      ]
    },
    {
      "module": "module.unity_catalog",
      "mode": "managed",
      "type": "time_sleep",
      "name": "wait_role_creation",
      "provider": "provider[\"registry.terraform.io/hashicorp/time\"]",
      "instances": [
        {
          "schema_version": 0,
          "attributes": {
            "create_duration": "20s",
            "destroy_duration": null,
            "id": "2025-04-12T17:23:59Z",
            "triggers": null
          },
          "sensitive_attributes": [],
          "dependencies": [
            "data.aws_caller_identity.current",
            "databricks_group.admin_group",
            "module.unity_catalog.aws_iam_policy.sample_data",
            "module.unity_catalog.aws_iam_policy.unity_metastore",
            "module.unity_catalog.aws_iam_role.metastore_data_access",
            "module.unity_catalog.aws_s3_bucket.metastore",
            "module.unity_catalog.data.aws_iam_policy_document.passrole_for_uc",
            "module.unity_catalog.databricks_metastore.this",
            "module.unity_catalog.databricks_metastore_data_access.this",
            "random_string.naming"
          ]
        }
      ]
    }
  ],
  "check_results": null
}
